Microsoft Visual Studio Solution File, Format Version 12.00
# Visual Studio 2019
Project("{8BC9CEB8-8B4A-11D0-8D11-00A0C91BC942}") = "genccode", "genccode.vcxproj", "{2E2750CF-C996-699E-81E3-CBCFC6AA81DB}"
	ProjectSection(ProjectDependencies) = postProject
		{8EF65C8F-415D-0A9B-29C4-3078FF072F96} = {8EF65C8F-415D-0A9B-29C4-3078FF072F96}
		{E5C8D5E0-6CED-8484-2876-582AD6714658} = {E5C8D5E0-6CED-8484-2876-582AD6714658}
		{07986160-269F-CD7E-1DC4-C5A45469222C} = {07986160-269F-CD7E-1DC4-C5A45469222C}
	EndProjectSection
EndProject
Project("{8BC9CEB8-8B4A-11D0-8D11-00A0C91BC942}") = "genrb", "genrb.vcxproj", "{4CAD6ED3-D565-5BA7-1AB2-823C4EB2A46D}"
	ProjectSection(ProjectDependencies) = postProject
		{8EF65C8F-415D-0A9B-29C4-3078FF072F96} = {8EF65C8F-415D-0A9B-29C4-3078FF072F96}
		{E5C8D5E0-6CED-8484-2876-582AD6714658} = {E5C8D5E0-6CED-8484-2876-582AD6714658}
		{07986160-269F-CD7E-1DC4-C5A45469222C} = {07986160-269F-CD7E-1DC4-C5A45469222C}
	EndProjectSection
EndProject
Project("{8BC9CEB8-8B4A-11D0-8D11-00A0C91BC942}") = "icu_implementation", "icu_implementation.vcxproj", "{E5C8D5E0-6CED-8484-2876-582AD6714658}"
EndProject
Project("{8BC9CEB8-8B4A-11D0-8D11-00A0C91BC942}") = "icu_uconfig", "icu_uconfig.vcxproj", "{07986160-269F-CD7E-1DC4-C5A45469222C}"
EndProject
Project("{8BC9CEB8-8B4A-11D0-8D11-00A0C91BC942}") = "icu_uconfig_target", "icu_uconfig_target.vcxproj", "{8B6E674E-DC44-DC49-8662-3A84CDC0196E}"
EndProject
Project("{8BC9CEB8-8B4A-11D0-8D11-00A0C91BC942}") = "icudata", "icudata.vcxproj", "{2CFFF42E-E6DF-861C-4535-948E8E056854}"
	ProjectSection(ProjectDependencies) = postProject
		{2E2750CF-C996-699E-81E3-CBCFC6AA81DB} = {2E2750CF-C996-699E-81E3-CBCFC6AA81DB}
	EndProjectSection
EndProject
Project("{8BC9CEB8-8B4A-11D0-8D11-00A0C91BC942}") = "icui18n", "icui18n.vcxproj", "{781D06A5-D4EF-EA5B-DEFF-6E2D7C6EB58D}"
	ProjectSection(ProjectDependencies) = postProject
		{E5C8D5E0-6CED-8484-2876-582AD6714658} = {E5C8D5E0-6CED-8484-2876-582AD6714658}
		{07986160-269F-CD7E-1DC4-C5A45469222C} = {07986160-269F-CD7E-1DC4-C5A45469222C}
		{8B6E674E-DC44-DC49-8662-3A84CDC0196E} = {8B6E674E-DC44-DC49-8662-3A84CDC0196E}
	EndProjectSection
EndProject
Project("{8BC9CEB8-8B4A-11D0-8D11-00A0C91BC942}") = "iculslocs", "iculslocs.vcxproj", "{79C25992-E713-CFD0-8550-3D07C56C2CEE}"
	ProjectSection(ProjectDependencies) = postProject
		{8EF65C8F-415D-0A9B-29C4-3078FF072F96} = {8EF65C8F-415D-0A9B-29C4-3078FF072F96}
		{E5C8D5E0-6CED-8484-2876-582AD6714658} = {E5C8D5E0-6CED-8484-2876-582AD6714658}
		{07986160-269F-CD7E-1DC4-C5A45469222C} = {07986160-269F-CD7E-1DC4-C5A45469222C}
	EndProjectSection
EndProject
Project("{8BC9CEB8-8B4A-11D0-8D11-00A0C91BC942}") = "icupkg", "icupkg.vcxproj", "{4F932C3F-C96F-F83F-2DD1-C7553A6DF67D}"
	ProjectSection(ProjectDependencies) = postProject
		{8EF65C8F-415D-0A9B-29C4-3078FF072F96} = {8EF65C8F-415D-0A9B-29C4-3078FF072F96}
		{E5C8D5E0-6CED-8484-2876-582AD6714658} = {E5C8D5E0-6CED-8484-2876-582AD6714658}
		{07986160-269F-CD7E-1DC4-C5A45469222C} = {07986160-269F-CD7E-1DC4-C5A45469222C}
	EndProjectSection
EndProject
Project("{8BC9CEB8-8B4A-11D0-8D11-00A0C91BC942}") = "icustubdata", "icustubdata.vcxproj", "{E8BE741C-C700-3295-D903-3344C8C9469C}"
	ProjectSection(ProjectDependencies) = postProject
		{E5C8D5E0-6CED-8484-2876-582AD6714658} = {E5C8D5E0-6CED-8484-2876-582AD6714658}
	EndProjectSection
EndProject
Project("{8BC9CEB8-8B4A-11D0-8D11-00A0C91BC942}") = "icutools", "icutools.vcxproj", "{8EF65C8F-415D-0A9B-29C4-3078FF072F96}"
	ProjectSection(ProjectDependencies) = postProject
		{E5C8D5E0-6CED-8484-2876-582AD6714658} = {E5C8D5E0-6CED-8484-2876-582AD6714658}
		{07986160-269F-CD7E-1DC4-C5A45469222C} = {07986160-269F-CD7E-1DC4-C5A45469222C}
	EndProjectSection
EndProject
Project("{8BC9CEB8-8B4A-11D0-8D11-00A0C91BC942}") = "icuuc", "icuuc.vcxproj", "{28BA0279-1225-0404-2324-AA7CA895201B}"
	ProjectSection(ProjectDependencies) = postProject
		{3619EE50-2940-7F83-D8DB-1A25574A6410} = {3619EE50-2940-7F83-D8DB-1A25574A6410}
		{2CFFF42E-E6DF-861C-4535-948E8E056854} = {2CFFF42E-E6DF-861C-4535-948E8E056854}
	EndProjectSection
EndProject
Project("{8BC9CEB8-8B4A-11D0-8D11-00A0C91BC942}") = "icuucx", "icuucx.vcxproj", "{3619EE50-2940-7F83-D8DB-1A25574A6410}"
	ProjectSection(ProjectDependencies) = postProject
		{E5C8D5E0-6CED-8484-2876-582AD6714658} = {E5C8D5E0-6CED-8484-2876-582AD6714658}
		{07986160-269F-CD7E-1DC4-C5A45469222C} = {07986160-269F-CD7E-1DC4-C5A45469222C}
		{8B6E674E-DC44-DC49-8662-3A84CDC0196E} = {8B6E674E-DC44-DC49-8662-3A84CDC0196E}
	EndProjectSection
EndProject
Global
	GlobalSection(SolutionConfigurationPlatforms) = preSolution
		Debug|x64 = Debug|x64
		Release|x64 = Release|x64
	EndGlobalSection
	GlobalSection(ProjectConfigurationPlatforms) = postSolution
		{07986160-269F-CD7E-1DC4-C5A45469222C}.Debug|x64.ActiveCfg = Debug|x64
		{07986160-269F-CD7E-1DC4-C5A45469222C}.Debug|x64.Build.0 = Debug|x64
		{07986160-269F-CD7E-1DC4-C5A45469222C}.Release|x64.ActiveCfg = Release|x64
		{07986160-269F-CD7E-1DC4-C5A45469222C}.Release|x64.Build.0 = Release|x64
		{28BA0279-1225-0404-2324-AA7CA895201B}.Debug|x64.ActiveCfg = Debug|x64
		{28BA0279-1225-0404-2324-AA7CA895201B}.Debug|x64.Build.0 = Debug|x64
		{28BA0279-1225-0404-2324-AA7CA895201B}.Release|x64.ActiveCfg = Release|x64
		{28BA0279-1225-0404-2324-AA7CA895201B}.Release|x64.Build.0 = Release|x64
		{2CFFF42E-E6DF-861C-4535-948E8E056854}.Debug|x64.ActiveCfg = Debug|x64
		{2CFFF42E-E6DF-861C-4535-948E8E056854}.Debug|x64.Build.0 = Debug|x64
		{2CFFF42E-E6DF-861C-4535-948E8E056854}.Release|x64.ActiveCfg = Release|x64
		{2CFFF42E-E6DF-861C-4535-948E8E056854}.Release|x64.Build.0 = Release|x64
		{2E2750CF-C996-699E-81E3-CBCFC6AA81DB}.Debug|x64.ActiveCfg = Debug|x64
		{2E2750CF-C996-699E-81E3-CBCFC6AA81DB}.Debug|x64.Build.0 = Debug|x64
		{2E2750CF-C996-699E-81E3-CBCFC6AA81DB}.Release|x64.ActiveCfg = Release|x64
		{2E2750CF-C996-699E-81E3-CBCFC6AA81DB}.Release|x64.Build.0 = Release|x64
		{3619EE50-2940-7F83-D8DB-1A25574A6410}.Debug|x64.ActiveCfg = Debug|x64
		{3619EE50-2940-7F83-D8DB-1A25574A6410}.Debug|x64.Build.0 = Debug|x64
		{3619EE50-2940-7F83-D8DB-1A25574A6410}.Release|x64.ActiveCfg = Release|x64
		{3619EE50-2940-7F83-D8DB-1A25574A6410}.Release|x64.Build.0 = Release|x64
		{4CAD6ED3-D565-5BA7-1AB2-823C4EB2A46D}.Debug|x64.ActiveCfg = Debug|x64
		{4CAD6ED3-D565-5BA7-1AB2-823C4EB2A46D}.Debug|x64.Build.0 = Debug|x64
		{4CAD6ED3-D565-5BA7-1AB2-823C4EB2A46D}.Release|x64.ActiveCfg = Release|x64
		{4CAD6ED3-D565-5BA7-1AB2-823C4EB2A46D}.Release|x64.Build.0 = Release|x64
		{4F932C3F-C96F-F83F-2DD1-C7553A6DF67D}.Debug|x64.ActiveCfg = Debug|x64
		{4F932C3F-C96F-F83F-2DD1-C7553A6DF67D}.Debug|x64.Build.0 = Debug|x64
		{4F932C3F-C96F-F83F-2DD1-C7553A6DF67D}.Release|x64.ActiveCfg = Release|x64
		{4F932C3F-C96F-F83F-2DD1-C7553A6DF67D}.Release|x64.Build.0 = Release|x64
		{781D06A5-D4EF-EA5B-DEFF-6E2D7C6EB58D}.Debug|x64.ActiveCfg = Debug|x64
		{781D06A5-D4EF-EA5B-DEFF-6E2D7C6EB58D}.Debug|x64.Build.0 = Debug|x64
		{781D06A5-D4EF-EA5B-DEFF-6E2D7C6EB58D}.Release|x64.ActiveCfg = Release|x64
		{781D06A5-D4EF-EA5B-DEFF-6E2D7C6EB58D}.Release|x64.Build.0 = Release|x64
		{79C25992-E713-CFD0-8550-3D07C56C2CEE}.Debug|x64.ActiveCfg = Debug|x64
		{79C25992-E713-CFD0-8550-3D07C56C2CEE}.Debug|x64.Build.0 = Debug|x64
		{79C25992-E713-CFD0-8550-3D07C56C2CEE}.Release|x64.ActiveCfg = Release|x64
		{79C25992-E713-CFD0-8550-3D07C56C2CEE}.Release|x64.Build.0 = Release|x64
		{8B6E674E-DC44-DC49-8662-3A84CDC0196E}.Debug|x64.ActiveCfg = Debug|x64
		{8B6E674E-DC44-DC49-8662-3A84CDC0196E}.Debug|x64.Build.0 = Debug|x64
		{8B6E674E-DC44-DC49-8662-3A84CDC0196E}.Release|x64.ActiveCfg = Release|x64
		{8B6E674E-DC44-DC49-8662-3A84CDC0196E}.Release|x64.Build.0 = Release|x64
		{8EF65C8F-415D-0A9B-29C4-3078FF072F96}.Debug|x64.ActiveCfg = Debug|x64
		{8EF65C8F-415D-0A9B-29C4-3078FF072F96}.Debug|x64.Build.0 = Debug|x64
		{8EF65C8F-415D-0A9B-29C4-3078FF072F96}.Release|x64.ActiveCfg = Release|x64
		{8EF65C8F-415D-0A9B-29C4-3078FF072F96}.Release|x64.Build.0 = Release|x64
		{E5C8D5E0-6CED-8484-2876-582AD6714658}.Debug|x64.ActiveCfg = Debug|x64
		{E5C8D5E0-6CED-8484-2876-582AD6714658}.Debug|x64.Build.0 = Debug|x64
		{E5C8D5E0-6CED-8484-2876-582AD6714658}.Release|x64.ActiveCfg = Release|x64
		{E5C8D5E0-6CED-8484-2876-582AD6714658}.Release|x64.Build.0 = Release|x64
		{E8BE741C-C700-3295-D903-3344C8C9469C}.Debug|x64.ActiveCfg = Debug|x64
		{E8BE741C-C700-3295-D903-3344C8C9469C}.Debug|x64.Build.0 = Debug|x64
		{E8BE741C-C700-3295-D903-3344C8C9469C}.Release|x64.ActiveCfg = Release|x64
		{E8BE741C-C700-3295-D903-3344C8C9469C}.Release|x64.Build.0 = Release|x64
	EndGlobalSection
	GlobalSection(SolutionProperties) = preSolution
		HideSolutionNode = FALSE
	EndGlobalSection
EndGlobal
