Microsoft Visual Studio Solution File, Format Version 12.00
# Visual Studio 2019
Project("{8BC9CEB8-8B4A-11D0-8D11-00A0C91BC942}") = "genccode", "genccode.vcxproj", "{455E9682-AF74-EDBD-57EC-A66A4CFAA4CE}"
	ProjectSection(ProjectDependencies) = postProject
		{3FFA0C71-5631-E185-B9C2-46B2A1165F54} = {3FFA0C71-5631-E185-B9C2-46B2A1165F54}
		{C2487DDB-8277-4D26-F9D2-11B03B7D2BEB} = {C2487DDB-8277-4D26-F9D2-11B03B7D2BEB}
		{03C28858-BE47-F6CF-EC6E-79A4B2B3C594} = {03C28858-BE47-F6CF-EC6E-79A4B2B3C594}
	EndProjectSection
EndProject
Project("{8BC9CEB8-8B4A-11D0-8D11-00A0C91BC942}") = "genrb", "genrb.vcxproj", "{AB204724-A906-8541-71D4-BF332D56E11A}"
	ProjectSection(ProjectDependencies) = postProject
		{3FFA0C71-5631-E185-B9C2-46B2A1165F54} = {3FFA0C71-5631-E185-B9C2-46B2A1165F54}
		{C2487DDB-8277-4D26-F9D2-11B03B7D2BEB} = {C2487DDB-8277-4D26-F9D2-11B03B7D2BEB}
		{03C28858-BE47-F6CF-EC6E-79A4B2B3C594} = {03C28858-BE47-F6CF-EC6E-79A4B2B3C594}
	EndProjectSection
EndProject
Project("{8BC9CEB8-8B4A-11D0-8D11-00A0C91BC942}") = "icu_implementation", "icu_implementation.vcxproj", "{C2487DDB-8277-4D26-F9D2-11B03B7D2BEB}"
EndProject
Project("{8BC9CEB8-8B4A-11D0-8D11-00A0C91BC942}") = "icu_uconfig", "icu_uconfig.vcxproj", "{03C28858-BE47-F6CF-EC6E-79A4B2B3C594}"
EndProject
Project("{8BC9CEB8-8B4A-11D0-8D11-00A0C91BC942}") = "icu_uconfig_target", "icu_uconfig_target.vcxproj", "{BDB52DD7-2581-1751-B251-2E852E36E05A}"
EndProject
Project("{8BC9CEB8-8B4A-11D0-8D11-00A0C91BC942}") = "icudata", "icudata.vcxproj", "{BF7627B3-BDC1-A6BF-25DD-8D127911E9BC}"
	ProjectSection(ProjectDependencies) = postProject
		{455E9682-AF74-EDBD-57EC-A66A4CFAA4CE} = {455E9682-AF74-EDBD-57EC-A66A4CFAA4CE}
	EndProjectSection
EndProject
Project("{8BC9CEB8-8B4A-11D0-8D11-00A0C91BC942}") = "icui18n", "icui18n.vcxproj", "{89BAEB62-5BFA-6BFA-ED63-DE31784147FB}"
	ProjectSection(ProjectDependencies) = postProject
		{C2487DDB-8277-4D26-F9D2-11B03B7D2BEB} = {C2487DDB-8277-4D26-F9D2-11B03B7D2BEB}
		{03C28858-BE47-F6CF-EC6E-79A4B2B3C594} = {03C28858-BE47-F6CF-EC6E-79A4B2B3C594}
		{BDB52DD7-2581-1751-B251-2E852E36E05A} = {BDB52DD7-2581-1751-B251-2E852E36E05A}
	EndProjectSection
EndProject
Project("{8BC9CEB8-8B4A-11D0-8D11-00A0C91BC942}") = "iculslocs", "iculslocs.vcxproj", "{5C2FE4B8-25B9-7A53-251D-9D60E96E0117}"
	ProjectSection(ProjectDependencies) = postProject
		{3FFA0C71-5631-E185-B9C2-46B2A1165F54} = {3FFA0C71-5631-E185-B9C2-46B2A1165F54}
		{C2487DDB-8277-4D26-F9D2-11B03B7D2BEB} = {C2487DDB-8277-4D26-F9D2-11B03B7D2BEB}
		{03C28858-BE47-F6CF-EC6E-79A4B2B3C594} = {03C28858-BE47-F6CF-EC6E-79A4B2B3C594}
	EndProjectSection
EndProject
Project("{8BC9CEB8-8B4A-11D0-8D11-00A0C91BC942}") = "icupkg", "icupkg.vcxproj", "{9621BA01-38B2-60CE-1455-9B1FB91258DC}"
	ProjectSection(ProjectDependencies) = postProject
		{3FFA0C71-5631-E185-B9C2-46B2A1165F54} = {3FFA0C71-5631-E185-B9C2-46B2A1165F54}
		{C2487DDB-8277-4D26-F9D2-11B03B7D2BEB} = {C2487DDB-8277-4D26-F9D2-11B03B7D2BEB}
		{03C28858-BE47-F6CF-EC6E-79A4B2B3C594} = {03C28858-BE47-F6CF-EC6E-79A4B2B3C594}
	EndProjectSection
EndProject
Project("{8BC9CEB8-8B4A-11D0-8D11-00A0C91BC942}") = "icustubdata", "icustubdata.vcxproj", "{ACE5E4F9-362F-BE71-3E6A-FF7847443F73}"
	ProjectSection(ProjectDependencies) = postProject
		{C2487DDB-8277-4D26-F9D2-11B03B7D2BEB} = {C2487DDB-8277-4D26-F9D2-11B03B7D2BEB}
	EndProjectSection
EndProject
Project("{8BC9CEB8-8B4A-11D0-8D11-00A0C91BC942}") = "icutools", "icutools.vcxproj", "{3FFA0C71-5631-E185-B9C2-46B2A1165F54}"
	ProjectSection(ProjectDependencies) = postProject
		{C2487DDB-8277-4D26-F9D2-11B03B7D2BEB} = {C2487DDB-8277-4D26-F9D2-11B03B7D2BEB}
		{03C28858-BE47-F6CF-EC6E-79A4B2B3C594} = {03C28858-BE47-F6CF-EC6E-79A4B2B3C594}
	EndProjectSection
EndProject
Project("{8BC9CEB8-8B4A-11D0-8D11-00A0C91BC942}") = "icuuc", "icuuc.vcxproj", "{14997363-D55B-62A6-520B-9C8504750E46}"
	ProjectSection(ProjectDependencies) = postProject
		{8B23F439-EA80-A01A-BF2A-2A9092FDD001} = {8B23F439-EA80-A01A-BF2A-2A9092FDD001}
		{BF7627B3-BDC1-A6BF-25DD-8D127911E9BC} = {BF7627B3-BDC1-A6BF-25DD-8D127911E9BC}
	EndProjectSection
EndProject
Project("{8BC9CEB8-8B4A-11D0-8D11-00A0C91BC942}") = "icuucx", "icuucx.vcxproj", "{8B23F439-EA80-A01A-BF2A-2A9092FDD001}"
	ProjectSection(ProjectDependencies) = postProject
		{C2487DDB-8277-4D26-F9D2-11B03B7D2BEB} = {C2487DDB-8277-4D26-F9D2-11B03B7D2BEB}
		{03C28858-BE47-F6CF-EC6E-79A4B2B3C594} = {03C28858-BE47-F6CF-EC6E-79A4B2B3C594}
		{BDB52DD7-2581-1751-B251-2E852E36E05A} = {BDB52DD7-2581-1751-B251-2E852E36E05A}
	EndProjectSection
EndProject
Global
	GlobalSection(SolutionConfigurationPlatforms) = preSolution
		Release|x64 = Release|x64
		Debug|x64 = Debug|x64
	EndGlobalSection
	GlobalSection(ProjectConfigurationPlatforms) = postSolution
		{03C28858-BE47-F6CF-EC6E-79A4B2B3C594}.Release|x64.ActiveCfg = Release|x64
		{03C28858-BE47-F6CF-EC6E-79A4B2B3C594}.Release|x64.Build.0 = Release|x64
		{03C28858-BE47-F6CF-EC6E-79A4B2B3C594}.Debug|x64.ActiveCfg = Debug|x64
		{03C28858-BE47-F6CF-EC6E-79A4B2B3C594}.Debug|x64.Build.0 = Debug|x64
		{14997363-D55B-62A6-520B-9C8504750E46}.Release|x64.ActiveCfg = Release|x64
		{14997363-D55B-62A6-520B-9C8504750E46}.Release|x64.Build.0 = Release|x64
		{14997363-D55B-62A6-520B-9C8504750E46}.Debug|x64.ActiveCfg = Debug|x64
		{14997363-D55B-62A6-520B-9C8504750E46}.Debug|x64.Build.0 = Debug|x64
		{3FFA0C71-5631-E185-B9C2-46B2A1165F54}.Release|x64.ActiveCfg = Release|x64
		{3FFA0C71-5631-E185-B9C2-46B2A1165F54}.Release|x64.Build.0 = Release|x64
		{3FFA0C71-5631-E185-B9C2-46B2A1165F54}.Debug|x64.ActiveCfg = Debug|x64
		{3FFA0C71-5631-E185-B9C2-46B2A1165F54}.Debug|x64.Build.0 = Debug|x64
		{455E9682-AF74-EDBD-57EC-A66A4CFAA4CE}.Release|x64.ActiveCfg = Release|x64
		{455E9682-AF74-EDBD-57EC-A66A4CFAA4CE}.Release|x64.Build.0 = Release|x64
		{455E9682-AF74-EDBD-57EC-A66A4CFAA4CE}.Debug|x64.ActiveCfg = Debug|x64
		{455E9682-AF74-EDBD-57EC-A66A4CFAA4CE}.Debug|x64.Build.0 = Debug|x64
		{5C2FE4B8-25B9-7A53-251D-9D60E96E0117}.Release|x64.ActiveCfg = Release|x64
		{5C2FE4B8-25B9-7A53-251D-9D60E96E0117}.Release|x64.Build.0 = Release|x64
		{5C2FE4B8-25B9-7A53-251D-9D60E96E0117}.Debug|x64.ActiveCfg = Debug|x64
		{5C2FE4B8-25B9-7A53-251D-9D60E96E0117}.Debug|x64.Build.0 = Debug|x64
		{89BAEB62-5BFA-6BFA-ED63-DE31784147FB}.Release|x64.ActiveCfg = Release|x64
		{89BAEB62-5BFA-6BFA-ED63-DE31784147FB}.Release|x64.Build.0 = Release|x64
		{89BAEB62-5BFA-6BFA-ED63-DE31784147FB}.Debug|x64.ActiveCfg = Debug|x64
		{89BAEB62-5BFA-6BFA-ED63-DE31784147FB}.Debug|x64.Build.0 = Debug|x64
		{8B23F439-EA80-A01A-BF2A-2A9092FDD001}.Release|x64.ActiveCfg = Release|x64
		{8B23F439-EA80-A01A-BF2A-2A9092FDD001}.Release|x64.Build.0 = Release|x64
		{8B23F439-EA80-A01A-BF2A-2A9092FDD001}.Debug|x64.ActiveCfg = Debug|x64
		{8B23F439-EA80-A01A-BF2A-2A9092FDD001}.Debug|x64.Build.0 = Debug|x64
		{9621BA01-38B2-60CE-1455-9B1FB91258DC}.Release|x64.ActiveCfg = Release|x64
		{9621BA01-38B2-60CE-1455-9B1FB91258DC}.Release|x64.Build.0 = Release|x64
		{9621BA01-38B2-60CE-1455-9B1FB91258DC}.Debug|x64.ActiveCfg = Debug|x64
		{9621BA01-38B2-60CE-1455-9B1FB91258DC}.Debug|x64.Build.0 = Debug|x64
		{AB204724-A906-8541-71D4-BF332D56E11A}.Release|x64.ActiveCfg = Release|x64
		{AB204724-A906-8541-71D4-BF332D56E11A}.Release|x64.Build.0 = Release|x64
		{AB204724-A906-8541-71D4-BF332D56E11A}.Debug|x64.ActiveCfg = Debug|x64
		{AB204724-A906-8541-71D4-BF332D56E11A}.Debug|x64.Build.0 = Debug|x64
		{ACE5E4F9-362F-BE71-3E6A-FF7847443F73}.Release|x64.ActiveCfg = Release|x64
		{ACE5E4F9-362F-BE71-3E6A-FF7847443F73}.Release|x64.Build.0 = Release|x64
		{ACE5E4F9-362F-BE71-3E6A-FF7847443F73}.Debug|x64.ActiveCfg = Debug|x64
		{ACE5E4F9-362F-BE71-3E6A-FF7847443F73}.Debug|x64.Build.0 = Debug|x64
		{BDB52DD7-2581-1751-B251-2E852E36E05A}.Release|x64.ActiveCfg = Release|x64
		{BDB52DD7-2581-1751-B251-2E852E36E05A}.Release|x64.Build.0 = Release|x64
		{BDB52DD7-2581-1751-B251-2E852E36E05A}.Debug|x64.ActiveCfg = Debug|x64
		{BDB52DD7-2581-1751-B251-2E852E36E05A}.Debug|x64.Build.0 = Debug|x64
		{BF7627B3-BDC1-A6BF-25DD-8D127911E9BC}.Release|x64.ActiveCfg = Release|x64
		{BF7627B3-BDC1-A6BF-25DD-8D127911E9BC}.Release|x64.Build.0 = Release|x64
		{BF7627B3-BDC1-A6BF-25DD-8D127911E9BC}.Debug|x64.ActiveCfg = Debug|x64
		{BF7627B3-BDC1-A6BF-25DD-8D127911E9BC}.Debug|x64.Build.0 = Debug|x64
		{C2487DDB-8277-4D26-F9D2-11B03B7D2BEB}.Release|x64.ActiveCfg = Release|x64
		{C2487DDB-8277-4D26-F9D2-11B03B7D2BEB}.Release|x64.Build.0 = Release|x64
		{C2487DDB-8277-4D26-F9D2-11B03B7D2BEB}.Debug|x64.ActiveCfg = Debug|x64
		{C2487DDB-8277-4D26-F9D2-11B03B7D2BEB}.Debug|x64.Build.0 = Debug|x64
	EndGlobalSection
	GlobalSection(SolutionProperties) = preSolution
		HideSolutionNode = FALSE
	EndGlobalSection
EndGlobal
