Microsoft Visual Studio Solution File, Format Version 12.00
# Visual Studio 2019
Project("{8BC9CEB8-8B4A-11D0-8D11-00A0C91BC942}") = "genccode", "genccode.vcxproj", "{8781000F-7E54-B083-1F85-7F7BDB604D08}"
	ProjectSection(ProjectDependencies) = postProject
		{F0999F16-5B87-D3A1-5F44-38DD20F3AC1A} = {F0999F16-5B87-D3A1-5F44-38DD20F3AC1A}
		{1EADC24E-3363-8DA7-6E36-AAC188FFF84B} = {1EADC24E-3363-8DA7-6E36-AAC188FFF84B}
		{BF77C132-C310-A25F-CDBD-BF68A88B95F8} = {BF77C132-C310-A25F-CDBD-BF68A88B95F8}
	EndProjectSection
EndProject
Project("{8BC9CEB8-8B4A-11D0-8D11-00A0C91BC942}") = "genrb", "genrb.vcxproj", "{579D7795-D305-00EB-50F6-12497ABB8125}"
	ProjectSection(ProjectDependencies) = postProject
		{F0999F16-5B87-D3A1-5F44-38DD20F3AC1A} = {F0999F16-5B87-D3A1-5F44-38DD20F3AC1A}
		{1EADC24E-3363-8DA7-6E36-AAC188FFF84B} = {1EADC24E-3363-8DA7-6E36-AAC188FFF84B}
		{BF77C132-C310-A25F-CDBD-BF68A88B95F8} = {BF77C132-C310-A25F-CDBD-BF68A88B95F8}
	EndProjectSection
EndProject
Project("{8BC9CEB8-8B4A-11D0-8D11-00A0C91BC942}") = "icu_implementation", "icu_implementation.vcxproj", "{1EADC24E-3363-8DA7-6E36-AAC188FFF84B}"
EndProject
Project("{8BC9CEB8-8B4A-11D0-8D11-00A0C91BC942}") = "icu_uconfig", "icu_uconfig.vcxproj", "{BF77C132-C310-A25F-CDBD-BF68A88B95F8}"
EndProject
Project("{8BC9CEB8-8B4A-11D0-8D11-00A0C91BC942}") = "icu_uconfig_target", "icu_uconfig_target.vcxproj", "{8430B6AC-E59D-BC1A-DAF9-69A2751F6B50}"
EndProject
Project("{8BC9CEB8-8B4A-11D0-8D11-00A0C91BC942}") = "icudata", "icudata.vcxproj", "{69130F1B-75F8-B143-C0BC-5033B619E57A}"
	ProjectSection(ProjectDependencies) = postProject
		{8781000F-7E54-B083-1F85-7F7BDB604D08} = {8781000F-7E54-B083-1F85-7F7BDB604D08}
	EndProjectSection
EndProject
Project("{8BC9CEB8-8B4A-11D0-8D11-00A0C91BC942}") = "icui18n", "icui18n.vcxproj", "{ECC48649-7C3F-1B56-1BB1-02E401505B3A}"
	ProjectSection(ProjectDependencies) = postProject
		{1EADC24E-3363-8DA7-6E36-AAC188FFF84B} = {1EADC24E-3363-8DA7-6E36-AAC188FFF84B}
		{BF77C132-C310-A25F-CDBD-BF68A88B95F8} = {BF77C132-C310-A25F-CDBD-BF68A88B95F8}
		{8430B6AC-E59D-BC1A-DAF9-69A2751F6B50} = {8430B6AC-E59D-BC1A-DAF9-69A2751F6B50}
	EndProjectSection
EndProject
Project("{8BC9CEB8-8B4A-11D0-8D11-00A0C91BC942}") = "iculslocs", "iculslocs.vcxproj", "{404C844A-F482-CF06-AA6F-8882C6F97E8A}"
	ProjectSection(ProjectDependencies) = postProject
		{F0999F16-5B87-D3A1-5F44-38DD20F3AC1A} = {F0999F16-5B87-D3A1-5F44-38DD20F3AC1A}
		{1EADC24E-3363-8DA7-6E36-AAC188FFF84B} = {1EADC24E-3363-8DA7-6E36-AAC188FFF84B}
		{BF77C132-C310-A25F-CDBD-BF68A88B95F8} = {BF77C132-C310-A25F-CDBD-BF68A88B95F8}
	EndProjectSection
EndProject
Project("{8BC9CEB8-8B4A-11D0-8D11-00A0C91BC942}") = "icupkg", "icupkg.vcxproj", "{CADE741B-F9B0-AB31-AAC3-DCDB190FB5ED}"
	ProjectSection(ProjectDependencies) = postProject
		{F0999F16-5B87-D3A1-5F44-38DD20F3AC1A} = {F0999F16-5B87-D3A1-5F44-38DD20F3AC1A}
		{1EADC24E-3363-8DA7-6E36-AAC188FFF84B} = {1EADC24E-3363-8DA7-6E36-AAC188FFF84B}
		{BF77C132-C310-A25F-CDBD-BF68A88B95F8} = {BF77C132-C310-A25F-CDBD-BF68A88B95F8}
	EndProjectSection
EndProject
Project("{8BC9CEB8-8B4A-11D0-8D11-00A0C91BC942}") = "icustubdata", "icustubdata.vcxproj", "{A3C3AC30-EB8C-DC68-9C86-71380100F77C}"
	ProjectSection(ProjectDependencies) = postProject
		{1EADC24E-3363-8DA7-6E36-AAC188FFF84B} = {1EADC24E-3363-8DA7-6E36-AAC188FFF84B}
	EndProjectSection
EndProject
Project("{8BC9CEB8-8B4A-11D0-8D11-00A0C91BC942}") = "icutools", "icutools.vcxproj", "{F0999F16-5B87-D3A1-5F44-38DD20F3AC1A}"
	ProjectSection(ProjectDependencies) = postProject
		{1EADC24E-3363-8DA7-6E36-AAC188FFF84B} = {1EADC24E-3363-8DA7-6E36-AAC188FFF84B}
		{BF77C132-C310-A25F-CDBD-BF68A88B95F8} = {BF77C132-C310-A25F-CDBD-BF68A88B95F8}
	EndProjectSection
EndProject
Project("{8BC9CEB8-8B4A-11D0-8D11-00A0C91BC942}") = "icuuc", "icuuc.vcxproj", "{96F7BB02-A9C1-D983-777E-99E93D318121}"
	ProjectSection(ProjectDependencies) = postProject
		{EC650E91-7E79-2B60-B90D-AB0D8726CD0C} = {EC650E91-7E79-2B60-B90D-AB0D8726CD0C}
		{69130F1B-75F8-B143-C0BC-5033B619E57A} = {69130F1B-75F8-B143-C0BC-5033B619E57A}
	EndProjectSection
EndProject
Project("{8BC9CEB8-8B4A-11D0-8D11-00A0C91BC942}") = "icuucx", "icuucx.vcxproj", "{EC650E91-7E79-2B60-B90D-AB0D8726CD0C}"
	ProjectSection(ProjectDependencies) = postProject
		{1EADC24E-3363-8DA7-6E36-AAC188FFF84B} = {1EADC24E-3363-8DA7-6E36-AAC188FFF84B}
		{BF77C132-C310-A25F-CDBD-BF68A88B95F8} = {BF77C132-C310-A25F-CDBD-BF68A88B95F8}
		{8430B6AC-E59D-BC1A-DAF9-69A2751F6B50} = {8430B6AC-E59D-BC1A-DAF9-69A2751F6B50}
	EndProjectSection
EndProject
Global
	GlobalSection(SolutionConfigurationPlatforms) = preSolution
		Release|x64 = Release|x64
		Debug|x64 = Debug|x64
	EndGlobalSection
	GlobalSection(ProjectConfigurationPlatforms) = postSolution
		{1EADC24E-3363-8DA7-6E36-AAC188FFF84B}.Release|x64.ActiveCfg = Release|x64
		{1EADC24E-3363-8DA7-6E36-AAC188FFF84B}.Release|x64.Build.0 = Release|x64
		{1EADC24E-3363-8DA7-6E36-AAC188FFF84B}.Debug|x64.ActiveCfg = Debug|x64
		{1EADC24E-3363-8DA7-6E36-AAC188FFF84B}.Debug|x64.Build.0 = Debug|x64
		{404C844A-F482-CF06-AA6F-8882C6F97E8A}.Release|x64.ActiveCfg = Release|x64
		{404C844A-F482-CF06-AA6F-8882C6F97E8A}.Release|x64.Build.0 = Release|x64
		{404C844A-F482-CF06-AA6F-8882C6F97E8A}.Debug|x64.ActiveCfg = Debug|x64
		{404C844A-F482-CF06-AA6F-8882C6F97E8A}.Debug|x64.Build.0 = Debug|x64
		{579D7795-D305-00EB-50F6-12497ABB8125}.Release|x64.ActiveCfg = Release|x64
		{579D7795-D305-00EB-50F6-12497ABB8125}.Release|x64.Build.0 = Release|x64
		{579D7795-D305-00EB-50F6-12497ABB8125}.Debug|x64.ActiveCfg = Debug|x64
		{579D7795-D305-00EB-50F6-12497ABB8125}.Debug|x64.Build.0 = Debug|x64
		{69130F1B-75F8-B143-C0BC-5033B619E57A}.Release|x64.ActiveCfg = Release|x64
		{69130F1B-75F8-B143-C0BC-5033B619E57A}.Release|x64.Build.0 = Release|x64
		{69130F1B-75F8-B143-C0BC-5033B619E57A}.Debug|x64.ActiveCfg = Debug|x64
		{69130F1B-75F8-B143-C0BC-5033B619E57A}.Debug|x64.Build.0 = Debug|x64
		{8430B6AC-E59D-BC1A-DAF9-69A2751F6B50}.Release|x64.ActiveCfg = Release|x64
		{8430B6AC-E59D-BC1A-DAF9-69A2751F6B50}.Release|x64.Build.0 = Release|x64
		{8430B6AC-E59D-BC1A-DAF9-69A2751F6B50}.Debug|x64.ActiveCfg = Debug|x64
		{8430B6AC-E59D-BC1A-DAF9-69A2751F6B50}.Debug|x64.Build.0 = Debug|x64
		{8781000F-7E54-B083-1F85-7F7BDB604D08}.Release|x64.ActiveCfg = Release|x64
		{8781000F-7E54-B083-1F85-7F7BDB604D08}.Release|x64.Build.0 = Release|x64
		{8781000F-7E54-B083-1F85-7F7BDB604D08}.Debug|x64.ActiveCfg = Debug|x64
		{8781000F-7E54-B083-1F85-7F7BDB604D08}.Debug|x64.Build.0 = Debug|x64
		{96F7BB02-A9C1-D983-777E-99E93D318121}.Release|x64.ActiveCfg = Release|x64
		{96F7BB02-A9C1-D983-777E-99E93D318121}.Release|x64.Build.0 = Release|x64
		{96F7BB02-A9C1-D983-777E-99E93D318121}.Debug|x64.ActiveCfg = Debug|x64
		{96F7BB02-A9C1-D983-777E-99E93D318121}.Debug|x64.Build.0 = Debug|x64
		{A3C3AC30-EB8C-DC68-9C86-71380100F77C}.Release|x64.ActiveCfg = Release|x64
		{A3C3AC30-EB8C-DC68-9C86-71380100F77C}.Release|x64.Build.0 = Release|x64
		{A3C3AC30-EB8C-DC68-9C86-71380100F77C}.Debug|x64.ActiveCfg = Debug|x64
		{A3C3AC30-EB8C-DC68-9C86-71380100F77C}.Debug|x64.Build.0 = Debug|x64
		{BF77C132-C310-A25F-CDBD-BF68A88B95F8}.Release|x64.ActiveCfg = Release|x64
		{BF77C132-C310-A25F-CDBD-BF68A88B95F8}.Release|x64.Build.0 = Release|x64
		{BF77C132-C310-A25F-CDBD-BF68A88B95F8}.Debug|x64.ActiveCfg = Debug|x64
		{BF77C132-C310-A25F-CDBD-BF68A88B95F8}.Debug|x64.Build.0 = Debug|x64
		{CADE741B-F9B0-AB31-AAC3-DCDB190FB5ED}.Release|x64.ActiveCfg = Release|x64
		{CADE741B-F9B0-AB31-AAC3-DCDB190FB5ED}.Release|x64.Build.0 = Release|x64
		{CADE741B-F9B0-AB31-AAC3-DCDB190FB5ED}.Debug|x64.ActiveCfg = Debug|x64
		{CADE741B-F9B0-AB31-AAC3-DCDB190FB5ED}.Debug|x64.Build.0 = Debug|x64
		{EC650E91-7E79-2B60-B90D-AB0D8726CD0C}.Release|x64.ActiveCfg = Release|x64
		{EC650E91-7E79-2B60-B90D-AB0D8726CD0C}.Release|x64.Build.0 = Release|x64
		{EC650E91-7E79-2B60-B90D-AB0D8726CD0C}.Debug|x64.ActiveCfg = Debug|x64
		{EC650E91-7E79-2B60-B90D-AB0D8726CD0C}.Debug|x64.Build.0 = Debug|x64
		{ECC48649-7C3F-1B56-1BB1-02E401505B3A}.Release|x64.ActiveCfg = Release|x64
		{ECC48649-7C3F-1B56-1BB1-02E401505B3A}.Release|x64.Build.0 = Release|x64
		{ECC48649-7C3F-1B56-1BB1-02E401505B3A}.Debug|x64.ActiveCfg = Debug|x64
		{ECC48649-7C3F-1B56-1BB1-02E401505B3A}.Debug|x64.Build.0 = Debug|x64
		{F0999F16-5B87-D3A1-5F44-38DD20F3AC1A}.Release|x64.ActiveCfg = Release|x64
		{F0999F16-5B87-D3A1-5F44-38DD20F3AC1A}.Release|x64.Build.0 = Release|x64
		{F0999F16-5B87-D3A1-5F44-38DD20F3AC1A}.Debug|x64.ActiveCfg = Debug|x64
		{F0999F16-5B87-D3A1-5F44-38DD20F3AC1A}.Debug|x64.Build.0 = Debug|x64
	EndGlobalSection
	GlobalSection(SolutionProperties) = preSolution
		HideSolutionNode = FALSE
	EndGlobalSection
EndGlobal
