Microsoft Visual Studio Solution File, Format Version 12.00
# Visual Studio 2022
Project("{8BC9CEB8-8B4A-11D0-8D11-00A0C91BC942}") = "cctest", "cctest.vcxproj", "{2599546A-EFFA-3D5D-3998-C24B04916DEF}"
	ProjectSection(ProjectDependencies) = postProject
		{3886F25B-938C-02ED-6B79-960097BA450F} = {3886F25B-938C-02ED-6B79-960097BA450F}
		{1D29E745-BAE2-2AD6-A473-FD1FC84A518B} = {1D29E745-BAE2-2AD6-A473-FD1FC84A518B}
		{9CF9F41F-BF17-1C8F-A9DC-AAC0A7D89B30} = {9CF9F41F-BF17-1C8F-A9DC-AAC0A7D89B30}
		{C7E48C75-7123-ACC1-C912-2946FC2FE0A4} = {C7E48C75-7123-ACC1-C912-2946FC2FE0A4}
		{76A9C2A4-98F0-4890-8E87-4C5D5E49D3CB} = {76A9C2A4-98F0-4890-8E87-4C5D5E49D3CB}
		{24D4DDC5-4C54-9E0E-0ADC-F80D096054F4} = {24D4DDC5-4C54-9E0E-0ADC-F80D096054F4}
		{CE2CE9CA-3582-61D7-4829-894BF30959E7} = {CE2CE9CA-3582-61D7-4829-894BF30959E7}
		{62A6BCC3-65F6-CE33-A915-6BC45E1B3ABA} = {62A6BCC3-65F6-CE33-A915-6BC45E1B3ABA}
		{BB567EB1-E285-1955-6925-6B62FABCA467} = {BB567EB1-E285-1955-6925-6B62FABCA467}
		{8B8AFD97-A01B-D5B2-55C9-D0CC4CAAAF60} = {8B8AFD97-A01B-D5B2-55C9-D0CC4CAAAF60}
		{36C505E6-B295-2503-C0D0-4E505EF04DEA} = {36C505E6-B295-2503-C0D0-4E505EF04DEA}
		{D57FD43E-C452-A090-0411-9D63329364A0} = {D57FD43E-C452-A090-0411-9D63329364A0}
		{CA9B1DC7-3C68-73D2-661A-7E53ACCBBBE1} = {CA9B1DC7-3C68-73D2-661A-7E53ACCBBBE1}
		{5B0A64E7-F80C-AA26-26C1-6AC6337D1EF1} = {5B0A64E7-F80C-AA26-26C1-6AC6337D1EF1}
		{089716EB-D3FA-4D3A-D63F-3AF1E0124E5F} = {089716EB-D3FA-4D3A-D63F-3AF1E0124E5F}
		{94A0B653-D24B-9636-6F27-AA523484788C} = {94A0B653-D24B-9636-6F27-AA523484788C}
		{8956133E-2FE2-A4EE-22C3-C254F77B79A9} = {8956133E-2FE2-A4EE-22C3-C254F77B79A9}
		{C570583D-B890-90FF-2456-57A127A318AD} = {C570583D-B890-90FF-2456-57A127A318AD}
		{BBF1F0C4-9E5B-38CC-E24E-D3B0213E1C0B} = {BBF1F0C4-9E5B-38CC-E24E-D3B0213E1C0B}
		{735090E6-5476-BD5D-D4A8-D6201DED40CF} = {735090E6-5476-BD5D-D4A8-D6201DED40CF}
		{5864B41D-2CAB-A8BC-E588-DE810657B7AB} = {5864B41D-2CAB-A8BC-E588-DE810657B7AB}
		{49E340A8-950B-B75D-F5D7-33511D9070A5} = {49E340A8-950B-B75D-F5D7-33511D9070A5}
		{9CCAA572-9528-9983-BF8C-FC0E88D0C753} = {9CCAA572-9528-9983-BF8C-FC0E88D0C753}
		{2F8E8C24-6070-43FD-76A6-18BC3BE679EA} = {2F8E8C24-6070-43FD-76A6-18BC3BE679EA}
		{DD7B168F-EECB-838F-F72C-33CE1D4525DC} = {DD7B168F-EECB-838F-F72C-33CE1D4525DC}
		{5A289F81-3D3F-5D26-713A-08B1B78C3880} = {5A289F81-3D3F-5D26-713A-08B1B78C3880}
		{6DEBDE6F-D563-FBFF-1735-C98D12ACED3F} = {6DEBDE6F-D563-FBFF-1735-C98D12ACED3F}
		{193B58AC-9A78-4495-900B-C946F5AC0BF7} = {193B58AC-9A78-4495-900B-C946F5AC0BF7}
		{FCBCD68C-48DD-1945-213A-74C9CA67FC74} = {FCBCD68C-48DD-1945-213A-74C9CA67FC74}
		{AC7F8AB1-24A4-7BE5-D3CC-39903C4F0141} = {AC7F8AB1-24A4-7BE5-D3CC-39903C4F0141}
		{06C59990-6CCF-8D18-6192-84A6076E5C9A} = {06C59990-6CCF-8D18-6192-84A6076E5C9A}
		{64C87B1F-B29A-27F3-E75D-681014A3BF63} = {64C87B1F-B29A-27F3-E75D-681014A3BF63}
		{D3184ACE-740C-BC57-EE22-77DD039C09E1} = {D3184ACE-740C-BC57-EE22-77DD039C09E1}
		{52A6542C-D343-2FD1-9E74-0BA165271031} = {52A6542C-D343-2FD1-9E74-0BA165271031}
		{58DE5A95-9562-F378-6751-F9A2DD9BFBBE} = {58DE5A95-9562-F378-6751-F9A2DD9BFBBE}
		{C0E2DEF6-09B5-AA92-8362-356B8573FE9D} = {C0E2DEF6-09B5-AA92-8362-356B8573FE9D}
		{63CD302B-83DB-E9BC-51B2-CBF5CBE8D4E5} = {63CD302B-83DB-E9BC-51B2-CBF5CBE8D4E5}
		{2FAEA8D4-CE88-A358-52BA-2BA93484DBC7} = {2FAEA8D4-CE88-A358-52BA-2BA93484DBC7}
		{1059E2F9-0945-B751-9874-11FFFAB71052} = {1059E2F9-0945-B751-9874-11FFFAB71052}
		{0319B3BD-4C97-ABBE-0416-BADCB98B860A} = {0319B3BD-4C97-ABBE-0416-BADCB98B860A}
		{1ABF9622-9A4D-F1EB-6F5D-BBF24852132D} = {1ABF9622-9A4D-F1EB-6F5D-BBF24852132D}
		{5365732C-EE4A-0A17-79D7-F105DB768675} = {5365732C-EE4A-0A17-79D7-F105DB768675}
		{3388304B-F6AF-86D8-4EC1-02DC1BDCD2EA} = {3388304B-F6AF-86D8-4EC1-02DC1BDCD2EA}
		{7133C391-4B06-F209-1999-FE7EA8CF7FBA} = {7133C391-4B06-F209-1999-FE7EA8CF7FBA}
		{48C18E91-79DE-C07D-668C-B8417F4A42EE} = {48C18E91-79DE-C07D-668C-B8417F4A42EE}
		{8DBFD52A-F534-D0C1-6DF6-0B6CB731376C} = {8DBFD52A-F534-D0C1-6DF6-0B6CB731376C}
		{0C339B98-124A-A7C3-24ED-4C5B21AF6386} = {0C339B98-124A-A7C3-24ED-4C5B21AF6386}
		{C2AB1FED-2A27-072C-3BCD-A2ED209D89A6} = {C2AB1FED-2A27-072C-3BCD-A2ED209D89A6}
		{B2DDB743-B888-FD2D-5D06-D436B4B79AED} = {B2DDB743-B888-FD2D-5D06-D436B4B79AED}
		{EA64CF27-BD8F-00D4-726E-18F0DA51A9C4} = {EA64CF27-BD8F-00D4-726E-18F0DA51A9C4}
		{6B2BA495-B9E4-49F4-DF0C-1CD824B17DD4} = {6B2BA495-B9E4-49F4-DF0C-1CD824B17DD4}
		{66231656-7004-41AC-3D3C-E0FDEE363EFF} = {66231656-7004-41AC-3D3C-E0FDEE363EFF}
		{BAF63706-5488-7FD2-B0E5-6D164C5DD08C} = {BAF63706-5488-7FD2-B0E5-6D164C5DD08C}
		{A9A6B4D5-F66E-0914-D592-467522338755} = {A9A6B4D5-F66E-0914-D592-467522338755}
		{D9029356-F98A-8CC8-6903-982F74EF77EE} = {D9029356-F98A-8CC8-6903-982F74EF77EE}
		{057D306C-4B42-4B13-C88A-5040339EBF1B} = {057D306C-4B42-4B13-C88A-5040339EBF1B}
		{E0A7E51C-F611-66A0-E596-490E07579FB8} = {E0A7E51C-F611-66A0-E596-490E07579FB8}
		{03FC00DB-3600-32CD-0C81-C5E1499A5300} = {03FC00DB-3600-32CD-0C81-C5E1499A5300}
		{B0900193-025A-F34A-A892-748200919D0C} = {B0900193-025A-F34A-A892-748200919D0C}
		{B85ED412-42A2-014A-D7FF-F10C926A89A6} = {B85ED412-42A2-014A-D7FF-F10C926A89A6}
		{995C1E2C-934D-3CF8-2E3A-CC1B06905D23} = {995C1E2C-934D-3CF8-2E3A-CC1B06905D23}
		{1FC409DE-3DCA-B8DA-C52C-5399041DBCDE} = {1FC409DE-3DCA-B8DA-C52C-5399041DBCDE}
	EndProjectSection
EndProject
Project("{8BC9CEB8-8B4A-11D0-8D11-00A0C91BC942}") = "ada", "deps\ada\ada.vcxproj", "{36C505E6-B295-2503-C0D0-4E505EF04DEA}"
EndProject
Project("{8BC9CEB8-8B4A-11D0-8D11-00A0C91BC942}") = "brotli", "deps\brotli\brotli.vcxproj", "{5864B41D-2CAB-A8BC-E588-DE810657B7AB}"
EndProject
Project("{8BC9CEB8-8B4A-11D0-8D11-00A0C91BC942}") = "cares", "deps\cares\cares.vcxproj", "{C570583D-B890-90FF-2456-57A127A318AD}"
EndProject
Project("{8BC9CEB8-8B4A-11D0-8D11-00A0C91BC942}") = "gtest", "deps\googletest\gtest.vcxproj", "{1D29E745-BAE2-2AD6-A473-FD1FC84A518B}"
	ProjectSection(ProjectDependencies) = postProject
		{5A289F81-3D3F-5D26-713A-08B1B78C3880} = {5A289F81-3D3F-5D26-713A-08B1B78C3880}
	EndProjectSection
EndProject
Project("{8BC9CEB8-8B4A-11D0-8D11-00A0C91BC942}") = "gtest_main", "deps\googletest\gtest_main.vcxproj", "{9CF9F41F-BF17-1C8F-A9DC-AAC0A7D89B30}"
EndProject
Project("{8BC9CEB8-8B4A-11D0-8D11-00A0C91BC942}") = "gtest_prod", "deps\googletest\gtest_prod.vcxproj", "{5A289F81-3D3F-5D26-713A-08B1B78C3880}"
EndProject
Project("{8BC9CEB8-8B4A-11D0-8D11-00A0C91BC942}") = "histogram", "deps\histogram\histogram.vcxproj", "{C7E48C75-7123-ACC1-C912-2946FC2FE0A4}"
EndProject
Project("{8BC9CEB8-8B4A-11D0-8D11-00A0C91BC942}") = "llhttp", "deps\llhttp\llhttp.vcxproj", "{8956133E-2FE2-A4EE-22C3-C254F77B79A9}"
EndProject
Project("{8BC9CEB8-8B4A-11D0-8D11-00A0C91BC942}") = "nbytes", "deps\nbytes\nbytes.vcxproj", "{BB567EB1-E285-1955-6925-6B62FABCA467}"
EndProject
Project("{8BC9CEB8-8B4A-11D0-8D11-00A0C91BC942}") = "ncrypto", "deps\ncrypto\ncrypto.vcxproj", "{8B8AFD97-A01B-D5B2-55C9-D0CC4CAAAF60}"
EndProject
Project("{8BC9CEB8-8B4A-11D0-8D11-00A0C91BC942}") = "nghttp2", "deps\nghttp2\nghttp2.vcxproj", "{735090E6-5476-BD5D-D4A8-D6201DED40CF}"
EndProject
Project("{8BC9CEB8-8B4A-11D0-8D11-00A0C91BC942}") = "nghttp3", "deps\ngtcp2\nghttp3.vcxproj", "{DD7B168F-EECB-838F-F72C-33CE1D4525DC}"
EndProject
Project("{8BC9CEB8-8B4A-11D0-8D11-00A0C91BC942}") = "ngtcp2", "deps\ngtcp2\ngtcp2.vcxproj", "{2F8E8C24-6070-43FD-76A6-18BC3BE679EA}"
EndProject
Project("{8BC9CEB8-8B4A-11D0-8D11-00A0C91BC942}") = "openssl-cli", "deps\openssl\openssl-cli.vcxproj", "{9CCAA572-9528-9983-BF8C-FC0E88D0C753}"
	ProjectSection(ProjectDependencies) = postProject
		{49E340A8-950B-B75D-F5D7-33511D9070A5} = {49E340A8-950B-B75D-F5D7-33511D9070A5}
	EndProjectSection
EndProject
Project("{8BC9CEB8-8B4A-11D0-8D11-00A0C91BC942}") = "openssl", "deps\openssl\openssl.vcxproj", "{49E340A8-950B-B75D-F5D7-33511D9070A5}"
EndProject
Project("{8BC9CEB8-8B4A-11D0-8D11-00A0C91BC942}") = "simdjson", "deps\simdjson\simdjson.vcxproj", "{CE2CE9CA-3582-61D7-4829-894BF30959E7}"
EndProject
Project("{8BC9CEB8-8B4A-11D0-8D11-00A0C91BC942}") = "simdutf", "deps\simdutf\simdutf.vcxproj", "{62A6BCC3-65F6-CE33-A915-6BC45E1B3ABA}"
EndProject
Project("{8BC9CEB8-8B4A-11D0-8D11-00A0C91BC942}") = "sqlite", "deps\sqlite\sqlite.vcxproj", "{76A9C2A4-98F0-4890-8E87-4C5D5E49D3CB}"
EndProject
Project("{8BC9CEB8-8B4A-11D0-8D11-00A0C91BC942}") = "libuv", "deps\uv\libuv.vcxproj", "{BBF1F0C4-9E5B-38CC-E24E-D3B0213E1C0B}"
EndProject
Project("{8BC9CEB8-8B4A-11D0-8D11-00A0C91BC942}") = "uvwasi", "deps\uvwasi\uvwasi.vcxproj", "{24D4DDC5-4C54-9E0E-0ADC-F80D096054F4}"
EndProject
Project("{8BC9CEB8-8B4A-11D0-8D11-00A0C91BC942}") = "zlib", "deps\zlib\zlib.vcxproj", "{94A0B653-D24B-9636-6F27-AA523484788C}"
EndProject
Project("{8BC9CEB8-8B4A-11D0-8D11-00A0C91BC942}") = "zlib_adler32_simd", "deps\zlib\zlib_adler32_simd.vcxproj", "{1FC409DE-3DCA-B8DA-C52C-5399041DBCDE}"
EndProject
Project("{8BC9CEB8-8B4A-11D0-8D11-00A0C91BC942}") = "zlib_inflate_chunk_simd", "deps\zlib\zlib_inflate_chunk_simd.vcxproj", "{995C1E2C-934D-3CF8-2E3A-CC1B06905D23}"
EndProject
Project("{8BC9CEB8-8B4A-11D0-8D11-00A0C91BC942}") = "embedtest", "embedtest.vcxproj", "{0ADEECF8-4B86-E99B-7AF9-2B348F43044E}"
	ProjectSection(ProjectDependencies) = postProject
		{3886F25B-938C-02ED-6B79-960097BA450F} = {3886F25B-938C-02ED-6B79-960097BA450F}
		{C7E48C75-7123-ACC1-C912-2946FC2FE0A4} = {C7E48C75-7123-ACC1-C912-2946FC2FE0A4}
		{76A9C2A4-98F0-4890-8E87-4C5D5E49D3CB} = {76A9C2A4-98F0-4890-8E87-4C5D5E49D3CB}
		{24D4DDC5-4C54-9E0E-0ADC-F80D096054F4} = {24D4DDC5-4C54-9E0E-0ADC-F80D096054F4}
		{BB567EB1-E285-1955-6925-6B62FABCA467} = {BB567EB1-E285-1955-6925-6B62FABCA467}
		{36C505E6-B295-2503-C0D0-4E505EF04DEA} = {36C505E6-B295-2503-C0D0-4E505EF04DEA}
		{D57FD43E-C452-A090-0411-9D63329364A0} = {D57FD43E-C452-A090-0411-9D63329364A0}
		{CA9B1DC7-3C68-73D2-661A-7E53ACCBBBE1} = {CA9B1DC7-3C68-73D2-661A-7E53ACCBBBE1}
		{5B0A64E7-F80C-AA26-26C1-6AC6337D1EF1} = {5B0A64E7-F80C-AA26-26C1-6AC6337D1EF1}
		{089716EB-D3FA-4D3A-D63F-3AF1E0124E5F} = {089716EB-D3FA-4D3A-D63F-3AF1E0124E5F}
		{94A0B653-D24B-9636-6F27-AA523484788C} = {94A0B653-D24B-9636-6F27-AA523484788C}
		{8956133E-2FE2-A4EE-22C3-C254F77B79A9} = {8956133E-2FE2-A4EE-22C3-C254F77B79A9}
		{C570583D-B890-90FF-2456-57A127A318AD} = {C570583D-B890-90FF-2456-57A127A318AD}
		{BBF1F0C4-9E5B-38CC-E24E-D3B0213E1C0B} = {BBF1F0C4-9E5B-38CC-E24E-D3B0213E1C0B}
		{735090E6-5476-BD5D-D4A8-D6201DED40CF} = {735090E6-5476-BD5D-D4A8-D6201DED40CF}
		{5864B41D-2CAB-A8BC-E588-DE810657B7AB} = {5864B41D-2CAB-A8BC-E588-DE810657B7AB}
		{49E340A8-950B-B75D-F5D7-33511D9070A5} = {49E340A8-950B-B75D-F5D7-33511D9070A5}
		{9CCAA572-9528-9983-BF8C-FC0E88D0C753} = {9CCAA572-9528-9983-BF8C-FC0E88D0C753}
		{2F8E8C24-6070-43FD-76A6-18BC3BE679EA} = {2F8E8C24-6070-43FD-76A6-18BC3BE679EA}
		{DD7B168F-EECB-838F-F72C-33CE1D4525DC} = {DD7B168F-EECB-838F-F72C-33CE1D4525DC}
		{5A289F81-3D3F-5D26-713A-08B1B78C3880} = {5A289F81-3D3F-5D26-713A-08B1B78C3880}
		{CE2CE9CA-3582-61D7-4829-894BF30959E7} = {CE2CE9CA-3582-61D7-4829-894BF30959E7}
		{62A6BCC3-65F6-CE33-A915-6BC45E1B3ABA} = {62A6BCC3-65F6-CE33-A915-6BC45E1B3ABA}
		{8B8AFD97-A01B-D5B2-55C9-D0CC4CAAAF60} = {8B8AFD97-A01B-D5B2-55C9-D0CC4CAAAF60}
		{6DEBDE6F-D563-FBFF-1735-C98D12ACED3F} = {6DEBDE6F-D563-FBFF-1735-C98D12ACED3F}
		{193B58AC-9A78-4495-900B-C946F5AC0BF7} = {193B58AC-9A78-4495-900B-C946F5AC0BF7}
		{FCBCD68C-48DD-1945-213A-74C9CA67FC74} = {FCBCD68C-48DD-1945-213A-74C9CA67FC74}
		{AC7F8AB1-24A4-7BE5-D3CC-39903C4F0141} = {AC7F8AB1-24A4-7BE5-D3CC-39903C4F0141}
		{06C59990-6CCF-8D18-6192-84A6076E5C9A} = {06C59990-6CCF-8D18-6192-84A6076E5C9A}
		{64C87B1F-B29A-27F3-E75D-681014A3BF63} = {64C87B1F-B29A-27F3-E75D-681014A3BF63}
		{D3184ACE-740C-BC57-EE22-77DD039C09E1} = {D3184ACE-740C-BC57-EE22-77DD039C09E1}
		{52A6542C-D343-2FD1-9E74-0BA165271031} = {52A6542C-D343-2FD1-9E74-0BA165271031}
		{58DE5A95-9562-F378-6751-F9A2DD9BFBBE} = {58DE5A95-9562-F378-6751-F9A2DD9BFBBE}
		{C0E2DEF6-09B5-AA92-8362-356B8573FE9D} = {C0E2DEF6-09B5-AA92-8362-356B8573FE9D}
		{63CD302B-83DB-E9BC-51B2-CBF5CBE8D4E5} = {63CD302B-83DB-E9BC-51B2-CBF5CBE8D4E5}
		{2FAEA8D4-CE88-A358-52BA-2BA93484DBC7} = {2FAEA8D4-CE88-A358-52BA-2BA93484DBC7}
		{1059E2F9-0945-B751-9874-11FFFAB71052} = {1059E2F9-0945-B751-9874-11FFFAB71052}
		{0319B3BD-4C97-ABBE-0416-BADCB98B860A} = {0319B3BD-4C97-ABBE-0416-BADCB98B860A}
		{1ABF9622-9A4D-F1EB-6F5D-BBF24852132D} = {1ABF9622-9A4D-F1EB-6F5D-BBF24852132D}
		{5365732C-EE4A-0A17-79D7-F105DB768675} = {5365732C-EE4A-0A17-79D7-F105DB768675}
		{3388304B-F6AF-86D8-4EC1-02DC1BDCD2EA} = {3388304B-F6AF-86D8-4EC1-02DC1BDCD2EA}
		{7133C391-4B06-F209-1999-FE7EA8CF7FBA} = {7133C391-4B06-F209-1999-FE7EA8CF7FBA}
		{48C18E91-79DE-C07D-668C-B8417F4A42EE} = {48C18E91-79DE-C07D-668C-B8417F4A42EE}
		{8DBFD52A-F534-D0C1-6DF6-0B6CB731376C} = {8DBFD52A-F534-D0C1-6DF6-0B6CB731376C}
		{0C339B98-124A-A7C3-24ED-4C5B21AF6386} = {0C339B98-124A-A7C3-24ED-4C5B21AF6386}
		{C2AB1FED-2A27-072C-3BCD-A2ED209D89A6} = {C2AB1FED-2A27-072C-3BCD-A2ED209D89A6}
		{B2DDB743-B888-FD2D-5D06-D436B4B79AED} = {B2DDB743-B888-FD2D-5D06-D436B4B79AED}
		{EA64CF27-BD8F-00D4-726E-18F0DA51A9C4} = {EA64CF27-BD8F-00D4-726E-18F0DA51A9C4}
		{6B2BA495-B9E4-49F4-DF0C-1CD824B17DD4} = {6B2BA495-B9E4-49F4-DF0C-1CD824B17DD4}
		{66231656-7004-41AC-3D3C-E0FDEE363EFF} = {66231656-7004-41AC-3D3C-E0FDEE363EFF}
		{BAF63706-5488-7FD2-B0E5-6D164C5DD08C} = {BAF63706-5488-7FD2-B0E5-6D164C5DD08C}
		{A9A6B4D5-F66E-0914-D592-467522338755} = {A9A6B4D5-F66E-0914-D592-467522338755}
		{D9029356-F98A-8CC8-6903-982F74EF77EE} = {D9029356-F98A-8CC8-6903-982F74EF77EE}
		{057D306C-4B42-4B13-C88A-5040339EBF1B} = {057D306C-4B42-4B13-C88A-5040339EBF1B}
		{E0A7E51C-F611-66A0-E596-490E07579FB8} = {E0A7E51C-F611-66A0-E596-490E07579FB8}
		{03FC00DB-3600-32CD-0C81-C5E1499A5300} = {03FC00DB-3600-32CD-0C81-C5E1499A5300}
		{B0900193-025A-F34A-A892-748200919D0C} = {B0900193-025A-F34A-A892-748200919D0C}
		{B85ED412-42A2-014A-D7FF-F10C926A89A6} = {B85ED412-42A2-014A-D7FF-F10C926A89A6}
		{995C1E2C-934D-3CF8-2E3A-CC1B06905D23} = {995C1E2C-934D-3CF8-2E3A-CC1B06905D23}
		{1FC409DE-3DCA-B8DA-C52C-5399041DBCDE} = {1FC409DE-3DCA-B8DA-C52C-5399041DBCDE}
	EndProjectSection
EndProject
Project("{8BC9CEB8-8B4A-11D0-8D11-00A0C91BC942}") = "fuzz_ClientHelloParser", "fuzz_ClientHelloParser.vcxproj", "{AD88F529-2D75-6AD6-499B-36BDFA39D798}"
	ProjectSection(ProjectDependencies) = postProject
		{10CFAE97-DF15-AF5F-55DF-C109B3474DBD} = {10CFAE97-DF15-AF5F-55DF-C109B3474DBD}
		{10CE47E6-671B-E333-99A0-ABE4CEB34209} = {10CE47E6-671B-E333-99A0-ABE4CEB34209}
		{76A9C2A4-98F0-4890-8E87-4C5D5E49D3CB} = {76A9C2A4-98F0-4890-8E87-4C5D5E49D3CB}
		{A4FF51A3-0DFE-7D47-9545-CB68E12FFA2C} = {A4FF51A3-0DFE-7D47-9545-CB68E12FFA2C}
		{FE5C3820-C482-DF57-F821-02D3C434C768} = {FE5C3820-C482-DF57-F821-02D3C434C768}
		{760ED7EF-5BF7-30CC-636F-8DB37F29AC47} = {760ED7EF-5BF7-30CC-636F-8DB37F29AC47}
		{D8AB3069-E5D9-F630-BCF3-E92EA79BF1C8} = {D8AB3069-E5D9-F630-BCF3-E92EA79BF1C8}
		{1E86DB01-D34B-770C-E5B6-E306F2D1F234} = {1E86DB01-D34B-770C-E5B6-E306F2D1F234}
		{9AFFB6E3-0B7F-18A8-97CD-6E5A8EAD032F} = {9AFFB6E3-0B7F-18A8-97CD-6E5A8EAD032F}
		{A0101C57-5400-B3F8-12ED-3FC106B85412} = {A0101C57-5400-B3F8-12ED-3FC106B85412}
		{3ED2C85C-35A7-0B62-1D6F-4257F1E5B65C} = {3ED2C85C-35A7-0B62-1D6F-4257F1E5B65C}
		{F4630D3A-36AF-FA3C-50D2-F948943D90B8} = {F4630D3A-36AF-FA3C-50D2-F948943D90B8}
		{8CEC0054-2AA7-965D-3A30-995DA08986E2} = {8CEC0054-2AA7-965D-3A30-995DA08986E2}
		{262C6774-31D5-1136-1517-EE9473636509} = {262C6774-31D5-1136-1517-EE9473636509}
		{AC21CDB6-499E-0BFD-9119-2D5E6345ADB1} = {AC21CDB6-499E-0BFD-9119-2D5E6345ADB1}
		{72A60E0D-7CF1-93A7-80BA-5B7C0C4C8CB8} = {72A60E0D-7CF1-93A7-80BA-5B7C0C4C8CB8}
		{83094BD5-ED75-68B8-78F0-2C3BF225F3F9} = {83094BD5-ED75-68B8-78F0-2C3BF225F3F9}
		{C95DD5C6-BE97-33B1-4842-0966C8BFA0F1} = {C95DD5C6-BE97-33B1-4842-0966C8BFA0F1}
	EndProjectSection
EndProject
Project("{8BC9CEB8-8B4A-11D0-8D11-00A0C91BC942}") = "fuzz_env", "fuzz_env.vcxproj", "{5F2B3E2B-CDCC-D301-65D4-C1A8FCF1C916}"
	ProjectSection(ProjectDependencies) = postProject
		{3886F25B-938C-02ED-6B79-960097BA450F} = {3886F25B-938C-02ED-6B79-960097BA450F}
		{C7E48C75-7123-ACC1-C912-2946FC2FE0A4} = {C7E48C75-7123-ACC1-C912-2946FC2FE0A4}
		{76A9C2A4-98F0-4890-8E87-4C5D5E49D3CB} = {76A9C2A4-98F0-4890-8E87-4C5D5E49D3CB}
		{24D4DDC5-4C54-9E0E-0ADC-F80D096054F4} = {24D4DDC5-4C54-9E0E-0ADC-F80D096054F4}
		{D57FD43E-C452-A090-0411-9D63329364A0} = {D57FD43E-C452-A090-0411-9D63329364A0}
		{CA9B1DC7-3C68-73D2-661A-7E53ACCBBBE1} = {CA9B1DC7-3C68-73D2-661A-7E53ACCBBBE1}
		{5B0A64E7-F80C-AA26-26C1-6AC6337D1EF1} = {5B0A64E7-F80C-AA26-26C1-6AC6337D1EF1}
		{089716EB-D3FA-4D3A-D63F-3AF1E0124E5F} = {089716EB-D3FA-4D3A-D63F-3AF1E0124E5F}
		{94A0B653-D24B-9636-6F27-AA523484788C} = {94A0B653-D24B-9636-6F27-AA523484788C}
		{8956133E-2FE2-A4EE-22C3-C254F77B79A9} = {8956133E-2FE2-A4EE-22C3-C254F77B79A9}
		{C570583D-B890-90FF-2456-57A127A318AD} = {C570583D-B890-90FF-2456-57A127A318AD}
		{BBF1F0C4-9E5B-38CC-E24E-D3B0213E1C0B} = {BBF1F0C4-9E5B-38CC-E24E-D3B0213E1C0B}
		{735090E6-5476-BD5D-D4A8-D6201DED40CF} = {735090E6-5476-BD5D-D4A8-D6201DED40CF}
		{5864B41D-2CAB-A8BC-E588-DE810657B7AB} = {5864B41D-2CAB-A8BC-E588-DE810657B7AB}
		{49E340A8-950B-B75D-F5D7-33511D9070A5} = {49E340A8-950B-B75D-F5D7-33511D9070A5}
		{9CCAA572-9528-9983-BF8C-FC0E88D0C753} = {9CCAA572-9528-9983-BF8C-FC0E88D0C753}
		{2F8E8C24-6070-43FD-76A6-18BC3BE679EA} = {2F8E8C24-6070-43FD-76A6-18BC3BE679EA}
		{DD7B168F-EECB-838F-F72C-33CE1D4525DC} = {DD7B168F-EECB-838F-F72C-33CE1D4525DC}
	EndProjectSection
EndProject
Project("{8BC9CEB8-8B4A-11D0-8D11-00A0C91BC942}") = "fuzz_strings", "fuzz_strings.vcxproj", "{6FB1CA44-9171-3FC6-B7E5-359301F53E32}"
	ProjectSection(ProjectDependencies) = postProject
		{10CFAE97-DF15-AF5F-55DF-C109B3474DBD} = {10CFAE97-DF15-AF5F-55DF-C109B3474DBD}
		{7B0DEFAD-059F-708A-6382-598348F722DA} = {7B0DEFAD-059F-708A-6382-598348F722DA}
		{10CE47E6-671B-E333-99A0-ABE4CEB34209} = {10CE47E6-671B-E333-99A0-ABE4CEB34209}
		{76A9C2A4-98F0-4890-8E87-4C5D5E49D3CB} = {76A9C2A4-98F0-4890-8E87-4C5D5E49D3CB}
		{A4FF51A3-0DFE-7D47-9545-CB68E12FFA2C} = {A4FF51A3-0DFE-7D47-9545-CB68E12FFA2C}
		{CA95529A-309D-E6C5-58FA-B49AB968B0B4} = {CA95529A-309D-E6C5-58FA-B49AB968B0B4}
		{BB567EB1-E285-1955-6925-6B62FABCA467} = {BB567EB1-E285-1955-6925-6B62FABCA467}
		{FE5C3820-C482-DF57-F821-02D3C434C768} = {FE5C3820-C482-DF57-F821-02D3C434C768}
		{760ED7EF-5BF7-30CC-636F-8DB37F29AC47} = {760ED7EF-5BF7-30CC-636F-8DB37F29AC47}
		{D8AB3069-E5D9-F630-BCF3-E92EA79BF1C8} = {D8AB3069-E5D9-F630-BCF3-E92EA79BF1C8}
		{1E86DB01-D34B-770C-E5B6-E306F2D1F234} = {1E86DB01-D34B-770C-E5B6-E306F2D1F234}
		{9AFFB6E3-0B7F-18A8-97CD-6E5A8EAD032F} = {9AFFB6E3-0B7F-18A8-97CD-6E5A8EAD032F}
		{A0101C57-5400-B3F8-12ED-3FC106B85412} = {A0101C57-5400-B3F8-12ED-3FC106B85412}
		{3ED2C85C-35A7-0B62-1D6F-4257F1E5B65C} = {3ED2C85C-35A7-0B62-1D6F-4257F1E5B65C}
		{F4630D3A-36AF-FA3C-50D2-F948943D90B8} = {F4630D3A-36AF-FA3C-50D2-F948943D90B8}
		{8CEC0054-2AA7-965D-3A30-995DA08986E2} = {8CEC0054-2AA7-965D-3A30-995DA08986E2}
		{262C6774-31D5-1136-1517-EE9473636509} = {262C6774-31D5-1136-1517-EE9473636509}
		{AC21CDB6-499E-0BFD-9119-2D5E6345ADB1} = {AC21CDB6-499E-0BFD-9119-2D5E6345ADB1}
		{72A60E0D-7CF1-93A7-80BA-5B7C0C4C8CB8} = {72A60E0D-7CF1-93A7-80BA-5B7C0C4C8CB8}
		{83094BD5-ED75-68B8-78F0-2C3BF225F3F9} = {83094BD5-ED75-68B8-78F0-2C3BF225F3F9}
		{C95DD5C6-BE97-33B1-4842-0966C8BFA0F1} = {C95DD5C6-BE97-33B1-4842-0966C8BFA0F1}
	EndProjectSection
EndProject
Project("{8BC9CEB8-8B4A-11D0-8D11-00A0C91BC942}") = "libnode", "libnode.vcxproj", "{3886F25B-938C-02ED-6B79-960097BA450F}"
	ProjectSection(ProjectDependencies) = postProject
		{5A289F81-3D3F-5D26-713A-08B1B78C3880} = {5A289F81-3D3F-5D26-713A-08B1B78C3880}
		{73A3131A-4C25-183E-FC7E-1A24EC0949B5} = {73A3131A-4C25-183E-FC7E-1A24EC0949B5}
		{089716EB-D3FA-4D3A-D63F-3AF1E0124E5F} = {089716EB-D3FA-4D3A-D63F-3AF1E0124E5F}
		{9CCAA572-9528-9983-BF8C-FC0E88D0C753} = {9CCAA572-9528-9983-BF8C-FC0E88D0C753}
	EndProjectSection
EndProject
Project("{8BC9CEB8-8B4A-11D0-8D11-00A0C91BC942}") = "node", "node.vcxproj", "{08AC84AD-FDC5-C0E1-DB77-D8DDB220E616}"
	ProjectSection(ProjectDependencies) = postProject
		{C7E48C75-7123-ACC1-C912-2946FC2FE0A4} = {C7E48C75-7123-ACC1-C912-2946FC2FE0A4}
		{24D4DDC5-4C54-9E0E-0ADC-F80D096054F4} = {24D4DDC5-4C54-9E0E-0ADC-F80D096054F4}
		{3886F25B-938C-02ED-6B79-960097BA450F} = {3886F25B-938C-02ED-6B79-960097BA450F}
		{BF720534-824D-49CF-0B91-728F775AA37B} = {BF720534-824D-49CF-0B91-728F775AA37B}
		{D57FD43E-C452-A090-0411-9D63329364A0} = {D57FD43E-C452-A090-0411-9D63329364A0}
		{CA9B1DC7-3C68-73D2-661A-7E53ACCBBBE1} = {CA9B1DC7-3C68-73D2-661A-7E53ACCBBBE1}
		{5B0A64E7-F80C-AA26-26C1-6AC6337D1EF1} = {5B0A64E7-F80C-AA26-26C1-6AC6337D1EF1}
		{089716EB-D3FA-4D3A-D63F-3AF1E0124E5F} = {089716EB-D3FA-4D3A-D63F-3AF1E0124E5F}
		{94A0B653-D24B-9636-6F27-AA523484788C} = {94A0B653-D24B-9636-6F27-AA523484788C}
		{8956133E-2FE2-A4EE-22C3-C254F77B79A9} = {8956133E-2FE2-A4EE-22C3-C254F77B79A9}
		{C570583D-B890-90FF-2456-57A127A318AD} = {C570583D-B890-90FF-2456-57A127A318AD}
		{BBF1F0C4-9E5B-38CC-E24E-D3B0213E1C0B} = {BBF1F0C4-9E5B-38CC-E24E-D3B0213E1C0B}
		{735090E6-5476-BD5D-D4A8-D6201DED40CF} = {735090E6-5476-BD5D-D4A8-D6201DED40CF}
		{5864B41D-2CAB-A8BC-E588-DE810657B7AB} = {5864B41D-2CAB-A8BC-E588-DE810657B7AB}
		{76A9C2A4-98F0-4890-8E87-4C5D5E49D3CB} = {76A9C2A4-98F0-4890-8E87-4C5D5E49D3CB}
		{49E340A8-950B-B75D-F5D7-33511D9070A5} = {49E340A8-950B-B75D-F5D7-33511D9070A5}
		{9CCAA572-9528-9983-BF8C-FC0E88D0C753} = {9CCAA572-9528-9983-BF8C-FC0E88D0C753}
		{2F8E8C24-6070-43FD-76A6-18BC3BE679EA} = {2F8E8C24-6070-43FD-76A6-18BC3BE679EA}
		{DD7B168F-EECB-838F-F72C-33CE1D4525DC} = {DD7B168F-EECB-838F-F72C-33CE1D4525DC}
		{5A289F81-3D3F-5D26-713A-08B1B78C3880} = {5A289F81-3D3F-5D26-713A-08B1B78C3880}
		{CE2CE9CA-3582-61D7-4829-894BF30959E7} = {CE2CE9CA-3582-61D7-4829-894BF30959E7}
		{62A6BCC3-65F6-CE33-A915-6BC45E1B3ABA} = {62A6BCC3-65F6-CE33-A915-6BC45E1B3ABA}
		{36C505E6-B295-2503-C0D0-4E505EF04DEA} = {36C505E6-B295-2503-C0D0-4E505EF04DEA}
		{BB567EB1-E285-1955-6925-6B62FABCA467} = {BB567EB1-E285-1955-6925-6B62FABCA467}
		{8B8AFD97-A01B-D5B2-55C9-D0CC4CAAAF60} = {8B8AFD97-A01B-D5B2-55C9-D0CC4CAAAF60}
		{6DEBDE6F-D563-FBFF-1735-C98D12ACED3F} = {6DEBDE6F-D563-FBFF-1735-C98D12ACED3F}
		{193B58AC-9A78-4495-900B-C946F5AC0BF7} = {193B58AC-9A78-4495-900B-C946F5AC0BF7}
		{FCBCD68C-48DD-1945-213A-74C9CA67FC74} = {FCBCD68C-48DD-1945-213A-74C9CA67FC74}
		{AC7F8AB1-24A4-7BE5-D3CC-39903C4F0141} = {AC7F8AB1-24A4-7BE5-D3CC-39903C4F0141}
		{06C59990-6CCF-8D18-6192-84A6076E5C9A} = {06C59990-6CCF-8D18-6192-84A6076E5C9A}
		{64C87B1F-B29A-27F3-E75D-681014A3BF63} = {64C87B1F-B29A-27F3-E75D-681014A3BF63}
		{D3184ACE-740C-BC57-EE22-77DD039C09E1} = {D3184ACE-740C-BC57-EE22-77DD039C09E1}
		{52A6542C-D343-2FD1-9E74-0BA165271031} = {52A6542C-D343-2FD1-9E74-0BA165271031}
		{58DE5A95-9562-F378-6751-F9A2DD9BFBBE} = {58DE5A95-9562-F378-6751-F9A2DD9BFBBE}
		{C0E2DEF6-09B5-AA92-8362-356B8573FE9D} = {C0E2DEF6-09B5-AA92-8362-356B8573FE9D}
		{63CD302B-83DB-E9BC-51B2-CBF5CBE8D4E5} = {63CD302B-83DB-E9BC-51B2-CBF5CBE8D4E5}
		{2FAEA8D4-CE88-A358-52BA-2BA93484DBC7} = {2FAEA8D4-CE88-A358-52BA-2BA93484DBC7}
		{1059E2F9-0945-B751-9874-11FFFAB71052} = {1059E2F9-0945-B751-9874-11FFFAB71052}
		{0319B3BD-4C97-ABBE-0416-BADCB98B860A} = {0319B3BD-4C97-ABBE-0416-BADCB98B860A}
		{1ABF9622-9A4D-F1EB-6F5D-BBF24852132D} = {1ABF9622-9A4D-F1EB-6F5D-BBF24852132D}
		{5365732C-EE4A-0A17-79D7-F105DB768675} = {5365732C-EE4A-0A17-79D7-F105DB768675}
		{3388304B-F6AF-86D8-4EC1-02DC1BDCD2EA} = {3388304B-F6AF-86D8-4EC1-02DC1BDCD2EA}
		{7133C391-4B06-F209-1999-FE7EA8CF7FBA} = {7133C391-4B06-F209-1999-FE7EA8CF7FBA}
		{48C18E91-79DE-C07D-668C-B8417F4A42EE} = {48C18E91-79DE-C07D-668C-B8417F4A42EE}
		{8DBFD52A-F534-D0C1-6DF6-0B6CB731376C} = {8DBFD52A-F534-D0C1-6DF6-0B6CB731376C}
		{0C339B98-124A-A7C3-24ED-4C5B21AF6386} = {0C339B98-124A-A7C3-24ED-4C5B21AF6386}
		{C2AB1FED-2A27-072C-3BCD-A2ED209D89A6} = {C2AB1FED-2A27-072C-3BCD-A2ED209D89A6}
		{B2DDB743-B888-FD2D-5D06-D436B4B79AED} = {B2DDB743-B888-FD2D-5D06-D436B4B79AED}
		{EA64CF27-BD8F-00D4-726E-18F0DA51A9C4} = {EA64CF27-BD8F-00D4-726E-18F0DA51A9C4}
		{6B2BA495-B9E4-49F4-DF0C-1CD824B17DD4} = {6B2BA495-B9E4-49F4-DF0C-1CD824B17DD4}
		{66231656-7004-41AC-3D3C-E0FDEE363EFF} = {66231656-7004-41AC-3D3C-E0FDEE363EFF}
		{BAF63706-5488-7FD2-B0E5-6D164C5DD08C} = {BAF63706-5488-7FD2-B0E5-6D164C5DD08C}
		{A9A6B4D5-F66E-0914-D592-467522338755} = {A9A6B4D5-F66E-0914-D592-467522338755}
		{D9029356-F98A-8CC8-6903-982F74EF77EE} = {D9029356-F98A-8CC8-6903-982F74EF77EE}
		{057D306C-4B42-4B13-C88A-5040339EBF1B} = {057D306C-4B42-4B13-C88A-5040339EBF1B}
		{E0A7E51C-F611-66A0-E596-490E07579FB8} = {E0A7E51C-F611-66A0-E596-490E07579FB8}
		{03FC00DB-3600-32CD-0C81-C5E1499A5300} = {03FC00DB-3600-32CD-0C81-C5E1499A5300}
		{B0900193-025A-F34A-A892-748200919D0C} = {B0900193-025A-F34A-A892-748200919D0C}
		{B85ED412-42A2-014A-D7FF-F10C926A89A6} = {B85ED412-42A2-014A-D7FF-F10C926A89A6}
		{995C1E2C-934D-3CF8-2E3A-CC1B06905D23} = {995C1E2C-934D-3CF8-2E3A-CC1B06905D23}
		{1FC409DE-3DCA-B8DA-C52C-5399041DBCDE} = {1FC409DE-3DCA-B8DA-C52C-5399041DBCDE}
	EndProjectSection
EndProject
Project("{8BC9CEB8-8B4A-11D0-8D11-00A0C91BC942}") = "node_js2c", "node_js2c.vcxproj", "{73A3131A-4C25-183E-FC7E-1A24EC0949B5}"
	ProjectSection(ProjectDependencies) = postProject
		{62A6BCC3-65F6-CE33-A915-6BC45E1B3ABA} = {62A6BCC3-65F6-CE33-A915-6BC45E1B3ABA}
		{BBF1F0C4-9E5B-38CC-E24E-D3B0213E1C0B} = {BBF1F0C4-9E5B-38CC-E24E-D3B0213E1C0B}
	EndProjectSection
EndProject
Project("{8BC9CEB8-8B4A-11D0-8D11-00A0C91BC942}") = "node_mksnapshot", "node_mksnapshot.vcxproj", "{BF720534-824D-49CF-0B91-728F775AA37B}"
	ProjectSection(ProjectDependencies) = postProject
		{3886F25B-938C-02ED-6B79-960097BA450F} = {3886F25B-938C-02ED-6B79-960097BA450F}
		{C7E48C75-7123-ACC1-C912-2946FC2FE0A4} = {C7E48C75-7123-ACC1-C912-2946FC2FE0A4}
		{76A9C2A4-98F0-4890-8E87-4C5D5E49D3CB} = {76A9C2A4-98F0-4890-8E87-4C5D5E49D3CB}
		{24D4DDC5-4C54-9E0E-0ADC-F80D096054F4} = {24D4DDC5-4C54-9E0E-0ADC-F80D096054F4}
		{BB567EB1-E285-1955-6925-6B62FABCA467} = {BB567EB1-E285-1955-6925-6B62FABCA467}
		{36C505E6-B295-2503-C0D0-4E505EF04DEA} = {36C505E6-B295-2503-C0D0-4E505EF04DEA}
		{CE2CE9CA-3582-61D7-4829-894BF30959E7} = {CE2CE9CA-3582-61D7-4829-894BF30959E7}
		{8B8AFD97-A01B-D5B2-55C9-D0CC4CAAAF60} = {8B8AFD97-A01B-D5B2-55C9-D0CC4CAAAF60}
		{62A6BCC3-65F6-CE33-A915-6BC45E1B3ABA} = {62A6BCC3-65F6-CE33-A915-6BC45E1B3ABA}
		{D57FD43E-C452-A090-0411-9D63329364A0} = {D57FD43E-C452-A090-0411-9D63329364A0}
		{CA9B1DC7-3C68-73D2-661A-7E53ACCBBBE1} = {CA9B1DC7-3C68-73D2-661A-7E53ACCBBBE1}
		{5B0A64E7-F80C-AA26-26C1-6AC6337D1EF1} = {5B0A64E7-F80C-AA26-26C1-6AC6337D1EF1}
		{089716EB-D3FA-4D3A-D63F-3AF1E0124E5F} = {089716EB-D3FA-4D3A-D63F-3AF1E0124E5F}
		{94A0B653-D24B-9636-6F27-AA523484788C} = {94A0B653-D24B-9636-6F27-AA523484788C}
		{8956133E-2FE2-A4EE-22C3-C254F77B79A9} = {8956133E-2FE2-A4EE-22C3-C254F77B79A9}
		{C570583D-B890-90FF-2456-57A127A318AD} = {C570583D-B890-90FF-2456-57A127A318AD}
		{BBF1F0C4-9E5B-38CC-E24E-D3B0213E1C0B} = {BBF1F0C4-9E5B-38CC-E24E-D3B0213E1C0B}
		{735090E6-5476-BD5D-D4A8-D6201DED40CF} = {735090E6-5476-BD5D-D4A8-D6201DED40CF}
		{5864B41D-2CAB-A8BC-E588-DE810657B7AB} = {5864B41D-2CAB-A8BC-E588-DE810657B7AB}
		{49E340A8-950B-B75D-F5D7-33511D9070A5} = {49E340A8-950B-B75D-F5D7-33511D9070A5}
		{9CCAA572-9528-9983-BF8C-FC0E88D0C753} = {9CCAA572-9528-9983-BF8C-FC0E88D0C753}
		{2F8E8C24-6070-43FD-76A6-18BC3BE679EA} = {2F8E8C24-6070-43FD-76A6-18BC3BE679EA}
		{DD7B168F-EECB-838F-F72C-33CE1D4525DC} = {DD7B168F-EECB-838F-F72C-33CE1D4525DC}
		{5A289F81-3D3F-5D26-713A-08B1B78C3880} = {5A289F81-3D3F-5D26-713A-08B1B78C3880}
		{6DEBDE6F-D563-FBFF-1735-C98D12ACED3F} = {6DEBDE6F-D563-FBFF-1735-C98D12ACED3F}
		{193B58AC-9A78-4495-900B-C946F5AC0BF7} = {193B58AC-9A78-4495-900B-C946F5AC0BF7}
		{FCBCD68C-48DD-1945-213A-74C9CA67FC74} = {FCBCD68C-48DD-1945-213A-74C9CA67FC74}
		{AC7F8AB1-24A4-7BE5-D3CC-39903C4F0141} = {AC7F8AB1-24A4-7BE5-D3CC-39903C4F0141}
		{06C59990-6CCF-8D18-6192-84A6076E5C9A} = {06C59990-6CCF-8D18-6192-84A6076E5C9A}
		{64C87B1F-B29A-27F3-E75D-681014A3BF63} = {64C87B1F-B29A-27F3-E75D-681014A3BF63}
		{D3184ACE-740C-BC57-EE22-77DD039C09E1} = {D3184ACE-740C-BC57-EE22-77DD039C09E1}
		{52A6542C-D343-2FD1-9E74-0BA165271031} = {52A6542C-D343-2FD1-9E74-0BA165271031}
		{58DE5A95-9562-F378-6751-F9A2DD9BFBBE} = {58DE5A95-9562-F378-6751-F9A2DD9BFBBE}
		{C0E2DEF6-09B5-AA92-8362-356B8573FE9D} = {C0E2DEF6-09B5-AA92-8362-356B8573FE9D}
		{63CD302B-83DB-E9BC-51B2-CBF5CBE8D4E5} = {63CD302B-83DB-E9BC-51B2-CBF5CBE8D4E5}
		{2FAEA8D4-CE88-A358-52BA-2BA93484DBC7} = {2FAEA8D4-CE88-A358-52BA-2BA93484DBC7}
		{1059E2F9-0945-B751-9874-11FFFAB71052} = {1059E2F9-0945-B751-9874-11FFFAB71052}
		{0319B3BD-4C97-ABBE-0416-BADCB98B860A} = {0319B3BD-4C97-ABBE-0416-BADCB98B860A}
		{1ABF9622-9A4D-F1EB-6F5D-BBF24852132D} = {1ABF9622-9A4D-F1EB-6F5D-BBF24852132D}
		{5365732C-EE4A-0A17-79D7-F105DB768675} = {5365732C-EE4A-0A17-79D7-F105DB768675}
		{3388304B-F6AF-86D8-4EC1-02DC1BDCD2EA} = {3388304B-F6AF-86D8-4EC1-02DC1BDCD2EA}
		{7133C391-4B06-F209-1999-FE7EA8CF7FBA} = {7133C391-4B06-F209-1999-FE7EA8CF7FBA}
		{48C18E91-79DE-C07D-668C-B8417F4A42EE} = {48C18E91-79DE-C07D-668C-B8417F4A42EE}
		{8DBFD52A-F534-D0C1-6DF6-0B6CB731376C} = {8DBFD52A-F534-D0C1-6DF6-0B6CB731376C}
		{0C339B98-124A-A7C3-24ED-4C5B21AF6386} = {0C339B98-124A-A7C3-24ED-4C5B21AF6386}
		{C2AB1FED-2A27-072C-3BCD-A2ED209D89A6} = {C2AB1FED-2A27-072C-3BCD-A2ED209D89A6}
		{B2DDB743-B888-FD2D-5D06-D436B4B79AED} = {B2DDB743-B888-FD2D-5D06-D436B4B79AED}
		{EA64CF27-BD8F-00D4-726E-18F0DA51A9C4} = {EA64CF27-BD8F-00D4-726E-18F0DA51A9C4}
		{6B2BA495-B9E4-49F4-DF0C-1CD824B17DD4} = {6B2BA495-B9E4-49F4-DF0C-1CD824B17DD4}
		{66231656-7004-41AC-3D3C-E0FDEE363EFF} = {66231656-7004-41AC-3D3C-E0FDEE363EFF}
		{BAF63706-5488-7FD2-B0E5-6D164C5DD08C} = {BAF63706-5488-7FD2-B0E5-6D164C5DD08C}
		{A9A6B4D5-F66E-0914-D592-467522338755} = {A9A6B4D5-F66E-0914-D592-467522338755}
		{D9029356-F98A-8CC8-6903-982F74EF77EE} = {D9029356-F98A-8CC8-6903-982F74EF77EE}
		{057D306C-4B42-4B13-C88A-5040339EBF1B} = {057D306C-4B42-4B13-C88A-5040339EBF1B}
		{E0A7E51C-F611-66A0-E596-490E07579FB8} = {E0A7E51C-F611-66A0-E596-490E07579FB8}
		{03FC00DB-3600-32CD-0C81-C5E1499A5300} = {03FC00DB-3600-32CD-0C81-C5E1499A5300}
		{B0900193-025A-F34A-A892-748200919D0C} = {B0900193-025A-F34A-A892-748200919D0C}
		{B85ED412-42A2-014A-D7FF-F10C926A89A6} = {B85ED412-42A2-014A-D7FF-F10C926A89A6}
		{995C1E2C-934D-3CF8-2E3A-CC1B06905D23} = {995C1E2C-934D-3CF8-2E3A-CC1B06905D23}
		{1FC409DE-3DCA-B8DA-C52C-5399041DBCDE} = {1FC409DE-3DCA-B8DA-C52C-5399041DBCDE}
	EndProjectSection
EndProject
Project("{8BC9CEB8-8B4A-11D0-8D11-00A0C91BC942}") = "node_text_start", "node_text_start.vcxproj", "{D12ABB88-4627-5BE3-EA65-2C8A2F04F9B1}"
EndProject
Project("{8BC9CEB8-8B4A-11D0-8D11-00A0C91BC942}") = "overlapped-checker", "overlapped-checker.vcxproj", "{E8B0A6E7-0A91-2B5E-DF48-F7E241583786}"
EndProject
Project("{8BC9CEB8-8B4A-11D0-8D11-00A0C91BC942}") = "genccode", "tools\icu\genccode.vcxproj", "{926C8691-09E7-25FF-D1EB-7CC915CA894C}"
	ProjectSection(ProjectDependencies) = postProject
		{61EBEABD-3744-E725-627A-350C53E4198D} = {61EBEABD-3744-E725-627A-350C53E4198D}
		{06C59990-6CCF-8D18-6192-84A6076E5C9A} = {06C59990-6CCF-8D18-6192-84A6076E5C9A}
		{64C87B1F-B29A-27F3-E75D-681014A3BF63} = {64C87B1F-B29A-27F3-E75D-681014A3BF63}
	EndProjectSection
EndProject
Project("{8BC9CEB8-8B4A-11D0-8D11-00A0C91BC942}") = "icu_implementation", "tools\icu\icu_implementation.vcxproj", "{06C59990-6CCF-8D18-6192-84A6076E5C9A}"
EndProject
Project("{8BC9CEB8-8B4A-11D0-8D11-00A0C91BC942}") = "icu_uconfig", "tools\icu\icu_uconfig.vcxproj", "{64C87B1F-B29A-27F3-E75D-681014A3BF63}"
EndProject
Project("{8BC9CEB8-8B4A-11D0-8D11-00A0C91BC942}") = "icu_uconfig_target", "tools\icu\icu_uconfig_target.vcxproj", "{D3184ACE-740C-BC57-EE22-77DD039C09E1}"
EndProject
Project("{8BC9CEB8-8B4A-11D0-8D11-00A0C91BC942}") = "icudata", "tools\icu\icudata.vcxproj", "{52A6542C-D343-2FD1-9E74-0BA165271031}"
	ProjectSection(ProjectDependencies) = postProject
		{926C8691-09E7-25FF-D1EB-7CC915CA894C} = {926C8691-09E7-25FF-D1EB-7CC915CA894C}
	EndProjectSection
EndProject
Project("{8BC9CEB8-8B4A-11D0-8D11-00A0C91BC942}") = "icui18n", "tools\icu\icui18n.vcxproj", "{5B0A64E7-F80C-AA26-26C1-6AC6337D1EF1}"
	ProjectSection(ProjectDependencies) = postProject
		{06C59990-6CCF-8D18-6192-84A6076E5C9A} = {06C59990-6CCF-8D18-6192-84A6076E5C9A}
		{64C87B1F-B29A-27F3-E75D-681014A3BF63} = {64C87B1F-B29A-27F3-E75D-681014A3BF63}
		{D3184ACE-740C-BC57-EE22-77DD039C09E1} = {D3184ACE-740C-BC57-EE22-77DD039C09E1}
	EndProjectSection
EndProject
Project("{8BC9CEB8-8B4A-11D0-8D11-00A0C91BC942}") = "icutools", "tools\icu\icutools.vcxproj", "{61EBEABD-3744-E725-627A-350C53E4198D}"
	ProjectSection(ProjectDependencies) = postProject
		{06C59990-6CCF-8D18-6192-84A6076E5C9A} = {06C59990-6CCF-8D18-6192-84A6076E5C9A}
		{64C87B1F-B29A-27F3-E75D-681014A3BF63} = {64C87B1F-B29A-27F3-E75D-681014A3BF63}
	EndProjectSection
EndProject
Project("{8BC9CEB8-8B4A-11D0-8D11-00A0C91BC942}") = "icuuc", "tools\icu\icuuc.vcxproj", "{089716EB-D3FA-4D3A-D63F-3AF1E0124E5F}"
	ProjectSection(ProjectDependencies) = postProject
		{AC7F8AB1-24A4-7BE5-D3CC-39903C4F0141} = {AC7F8AB1-24A4-7BE5-D3CC-39903C4F0141}
		{52A6542C-D343-2FD1-9E74-0BA165271031} = {52A6542C-D343-2FD1-9E74-0BA165271031}
	EndProjectSection
EndProject
Project("{8BC9CEB8-8B4A-11D0-8D11-00A0C91BC942}") = "icuucx", "tools\icu\icuucx.vcxproj", "{AC7F8AB1-24A4-7BE5-D3CC-39903C4F0141}"
	ProjectSection(ProjectDependencies) = postProject
		{06C59990-6CCF-8D18-6192-84A6076E5C9A} = {06C59990-6CCF-8D18-6192-84A6076E5C9A}
		{64C87B1F-B29A-27F3-E75D-681014A3BF63} = {64C87B1F-B29A-27F3-E75D-681014A3BF63}
		{D3184ACE-740C-BC57-EE22-77DD039C09E1} = {D3184ACE-740C-BC57-EE22-77DD039C09E1}
	EndProjectSection
EndProject
Project("{8BC9CEB8-8B4A-11D0-8D11-00A0C91BC942}") = "bytecode_builtins_list_generator", "tools\v8_gypfiles\bytecode_builtins_list_generator.vcxproj", "{8AAD49DE-63FE-4D8C-CE3B-2D457B533674}"
	ProjectSection(ProjectDependencies) = postProject
		{0319B3BD-4C97-ABBE-0416-BADCB98B860A} = {0319B3BD-4C97-ABBE-0416-BADCB98B860A}
		{1ABF9622-9A4D-F1EB-6F5D-BBF24852132D} = {1ABF9622-9A4D-F1EB-6F5D-BBF24852132D}
		{5365732C-EE4A-0A17-79D7-F105DB768675} = {5365732C-EE4A-0A17-79D7-F105DB768675}
		{3388304B-F6AF-86D8-4EC1-02DC1BDCD2EA} = {3388304B-F6AF-86D8-4EC1-02DC1BDCD2EA}
		{7133C391-4B06-F209-1999-FE7EA8CF7FBA} = {7133C391-4B06-F209-1999-FE7EA8CF7FBA}
	EndProjectSection
EndProject
Project("{8BC9CEB8-8B4A-11D0-8D11-00A0C91BC942}") = "cppgc_base", "tools\v8_gypfiles\cppgc_base.vcxproj", "{EA64CF27-BD8F-00D4-726E-18F0DA51A9C4}"
EndProject
Project("{8BC9CEB8-8B4A-11D0-8D11-00A0C91BC942}") = "fp16", "tools\v8_gypfiles\fp16.vcxproj", "{0C339B98-124A-A7C3-24ED-4C5B21AF6386}"
EndProject
Project("{8BC9CEB8-8B4A-11D0-8D11-00A0C91BC942}") = "gen-regexp-special-case", "tools\v8_gypfiles\gen-regexp-special-case.vcxproj", "{B8427434-AB1B-1116-A580-CCBE68577671}"
	ProjectSection(ProjectDependencies) = postProject
		{0319B3BD-4C97-ABBE-0416-BADCB98B860A} = {0319B3BD-4C97-ABBE-0416-BADCB98B860A}
		{FCBCD68C-48DD-1945-213A-74C9CA67FC74} = {FCBCD68C-48DD-1945-213A-74C9CA67FC74}
		{1ABF9622-9A4D-F1EB-6F5D-BBF24852132D} = {1ABF9622-9A4D-F1EB-6F5D-BBF24852132D}
		{5365732C-EE4A-0A17-79D7-F105DB768675} = {5365732C-EE4A-0A17-79D7-F105DB768675}
		{3388304B-F6AF-86D8-4EC1-02DC1BDCD2EA} = {3388304B-F6AF-86D8-4EC1-02DC1BDCD2EA}
		{7133C391-4B06-F209-1999-FE7EA8CF7FBA} = {7133C391-4B06-F209-1999-FE7EA8CF7FBA}
		{5B0A64E7-F80C-AA26-26C1-6AC6337D1EF1} = {5B0A64E7-F80C-AA26-26C1-6AC6337D1EF1}
		{AC7F8AB1-24A4-7BE5-D3CC-39903C4F0141} = {AC7F8AB1-24A4-7BE5-D3CC-39903C4F0141}
		{06C59990-6CCF-8D18-6192-84A6076E5C9A} = {06C59990-6CCF-8D18-6192-84A6076E5C9A}
		{64C87B1F-B29A-27F3-E75D-681014A3BF63} = {64C87B1F-B29A-27F3-E75D-681014A3BF63}
		{D3184ACE-740C-BC57-EE22-77DD039C09E1} = {D3184ACE-740C-BC57-EE22-77DD039C09E1}
		{089716EB-D3FA-4D3A-D63F-3AF1E0124E5F} = {089716EB-D3FA-4D3A-D63F-3AF1E0124E5F}
		{52A6542C-D343-2FD1-9E74-0BA165271031} = {52A6542C-D343-2FD1-9E74-0BA165271031}
	EndProjectSection
EndProject
Project("{8BC9CEB8-8B4A-11D0-8D11-00A0C91BC942}") = "generate_bytecode_builtins_list", "tools\v8_gypfiles\generate_bytecode_builtins_list.vcxproj", "{6DEBDE6F-D563-FBFF-1735-C98D12ACED3F}"
	ProjectSection(ProjectDependencies) = postProject
		{8AAD49DE-63FE-4D8C-CE3B-2D457B533674} = {8AAD49DE-63FE-4D8C-CE3B-2D457B533674}
	EndProjectSection
EndProject
Project("{8BC9CEB8-8B4A-11D0-8D11-00A0C91BC942}") = "mksnapshot", "tools\v8_gypfiles\mksnapshot.vcxproj", "{8E73EDAE-BF3C-3350-F3CA-BF51EDF35F22}"
	ProjectSection(ProjectDependencies) = postProject
		{58DE5A95-9562-F378-6751-F9A2DD9BFBBE} = {58DE5A95-9562-F378-6751-F9A2DD9BFBBE}
		{A9A6B4D5-F66E-0914-D592-467522338755} = {A9A6B4D5-F66E-0914-D592-467522338755}
		{5A65C91F-5061-5D9C-CB05-7CD54D6E1969} = {5A65C91F-5061-5D9C-CB05-7CD54D6E1969}
		{0319B3BD-4C97-ABBE-0416-BADCB98B860A} = {0319B3BD-4C97-ABBE-0416-BADCB98B860A}
		{CA9B1DC7-3C68-73D2-661A-7E53ACCBBBE1} = {CA9B1DC7-3C68-73D2-661A-7E53ACCBBBE1}
		{FCBCD68C-48DD-1945-213A-74C9CA67FC74} = {FCBCD68C-48DD-1945-213A-74C9CA67FC74}
		{057D306C-4B42-4B13-C88A-5040339EBF1B} = {057D306C-4B42-4B13-C88A-5040339EBF1B}
		{66231656-7004-41AC-3D3C-E0FDEE363EFF} = {66231656-7004-41AC-3D3C-E0FDEE363EFF}
		{8DBFD52A-F534-D0C1-6DF6-0B6CB731376C} = {8DBFD52A-F534-D0C1-6DF6-0B6CB731376C}
		{C0E2DEF6-09B5-AA92-8362-356B8573FE9D} = {C0E2DEF6-09B5-AA92-8362-356B8573FE9D}
		{6DEBDE6F-D563-FBFF-1735-C98D12ACED3F} = {6DEBDE6F-D563-FBFF-1735-C98D12ACED3F}
		{193B58AC-9A78-4495-900B-C946F5AC0BF7} = {193B58AC-9A78-4495-900B-C946F5AC0BF7}
		{63CD302B-83DB-E9BC-51B2-CBF5CBE8D4E5} = {63CD302B-83DB-E9BC-51B2-CBF5CBE8D4E5}
		{2FAEA8D4-CE88-A358-52BA-2BA93484DBC7} = {2FAEA8D4-CE88-A358-52BA-2BA93484DBC7}
		{1059E2F9-0945-B751-9874-11FFFAB71052} = {1059E2F9-0945-B751-9874-11FFFAB71052}
		{1ABF9622-9A4D-F1EB-6F5D-BBF24852132D} = {1ABF9622-9A4D-F1EB-6F5D-BBF24852132D}
		{5365732C-EE4A-0A17-79D7-F105DB768675} = {5365732C-EE4A-0A17-79D7-F105DB768675}
		{3388304B-F6AF-86D8-4EC1-02DC1BDCD2EA} = {3388304B-F6AF-86D8-4EC1-02DC1BDCD2EA}
		{7133C391-4B06-F209-1999-FE7EA8CF7FBA} = {7133C391-4B06-F209-1999-FE7EA8CF7FBA}
		{48C18E91-79DE-C07D-668C-B8417F4A42EE} = {48C18E91-79DE-C07D-668C-B8417F4A42EE}
		{5B0A64E7-F80C-AA26-26C1-6AC6337D1EF1} = {5B0A64E7-F80C-AA26-26C1-6AC6337D1EF1}
		{AC7F8AB1-24A4-7BE5-D3CC-39903C4F0141} = {AC7F8AB1-24A4-7BE5-D3CC-39903C4F0141}
		{06C59990-6CCF-8D18-6192-84A6076E5C9A} = {06C59990-6CCF-8D18-6192-84A6076E5C9A}
		{64C87B1F-B29A-27F3-E75D-681014A3BF63} = {64C87B1F-B29A-27F3-E75D-681014A3BF63}
		{D3184ACE-740C-BC57-EE22-77DD039C09E1} = {D3184ACE-740C-BC57-EE22-77DD039C09E1}
		{089716EB-D3FA-4D3A-D63F-3AF1E0124E5F} = {089716EB-D3FA-4D3A-D63F-3AF1E0124E5F}
		{52A6542C-D343-2FD1-9E74-0BA165271031} = {52A6542C-D343-2FD1-9E74-0BA165271031}
		{0C339B98-124A-A7C3-24ED-4C5B21AF6386} = {0C339B98-124A-A7C3-24ED-4C5B21AF6386}
		{C2AB1FED-2A27-072C-3BCD-A2ED209D89A6} = {C2AB1FED-2A27-072C-3BCD-A2ED209D89A6}
		{B2DDB743-B888-FD2D-5D06-D436B4B79AED} = {B2DDB743-B888-FD2D-5D06-D436B4B79AED}
		{EA64CF27-BD8F-00D4-726E-18F0DA51A9C4} = {EA64CF27-BD8F-00D4-726E-18F0DA51A9C4}
		{6B2BA495-B9E4-49F4-DF0C-1CD824B17DD4} = {6B2BA495-B9E4-49F4-DF0C-1CD824B17DD4}
		{BAF63706-5488-7FD2-B0E5-6D164C5DD08C} = {BAF63706-5488-7FD2-B0E5-6D164C5DD08C}
		{D9029356-F98A-8CC8-6903-982F74EF77EE} = {D9029356-F98A-8CC8-6903-982F74EF77EE}
		{E0A7E51C-F611-66A0-E596-490E07579FB8} = {E0A7E51C-F611-66A0-E596-490E07579FB8}
		{03FC00DB-3600-32CD-0C81-C5E1499A5300} = {03FC00DB-3600-32CD-0C81-C5E1499A5300}
		{B0900193-025A-F34A-A892-748200919D0C} = {B0900193-025A-F34A-A892-748200919D0C}
		{B85ED412-42A2-014A-D7FF-F10C926A89A6} = {B85ED412-42A2-014A-D7FF-F10C926A89A6}
	EndProjectSection
EndProject
Project("{8BC9CEB8-8B4A-11D0-8D11-00A0C91BC942}") = "run_gen-regexp-special-case", "tools\v8_gypfiles\run_gen-regexp-special-case.vcxproj", "{BAF63706-5488-7FD2-B0E5-6D164C5DD08C}"
	ProjectSection(ProjectDependencies) = postProject
		{B8427434-AB1B-1116-A580-CCBE68577671} = {B8427434-AB1B-1116-A580-CCBE68577671}
	EndProjectSection
EndProject
Project("{8BC9CEB8-8B4A-11D0-8D11-00A0C91BC942}") = "run_torque", "tools\v8_gypfiles\run_torque.vcxproj", "{193B58AC-9A78-4495-900B-C946F5AC0BF7}"
	ProjectSection(ProjectDependencies) = postProject
		{225BFE33-D936-068B-5405-6F34F4C47B50} = {225BFE33-D936-068B-5405-6F34F4C47B50}
	EndProjectSection
EndProject
Project("{8BC9CEB8-8B4A-11D0-8D11-00A0C91BC942}") = "torque", "tools\v8_gypfiles\torque.vcxproj", "{225BFE33-D936-068B-5405-6F34F4C47B50}"
	ProjectSection(ProjectDependencies) = postProject
		{EA5578DF-FA1A-39B0-DDCE-84AAACDDF6B5} = {EA5578DF-FA1A-39B0-DDCE-84AAACDDF6B5}
		{48C18E91-79DE-C07D-668C-B8417F4A42EE} = {48C18E91-79DE-C07D-668C-B8417F4A42EE}
		{1ABF9622-9A4D-F1EB-6F5D-BBF24852132D} = {1ABF9622-9A4D-F1EB-6F5D-BBF24852132D}
		{5365732C-EE4A-0A17-79D7-F105DB768675} = {5365732C-EE4A-0A17-79D7-F105DB768675}
		{3388304B-F6AF-86D8-4EC1-02DC1BDCD2EA} = {3388304B-F6AF-86D8-4EC1-02DC1BDCD2EA}
		{7133C391-4B06-F209-1999-FE7EA8CF7FBA} = {7133C391-4B06-F209-1999-FE7EA8CF7FBA}
		{0319B3BD-4C97-ABBE-0416-BADCB98B860A} = {0319B3BD-4C97-ABBE-0416-BADCB98B860A}
	EndProjectSection
EndProject
Project("{8BC9CEB8-8B4A-11D0-8D11-00A0C91BC942}") = "torque_base", "tools\v8_gypfiles\torque_base.vcxproj", "{EA5578DF-FA1A-39B0-DDCE-84AAACDDF6B5}"
	ProjectSection(ProjectDependencies) = postProject
		{48C18E91-79DE-C07D-668C-B8417F4A42EE} = {48C18E91-79DE-C07D-668C-B8417F4A42EE}
	EndProjectSection
EndProject
Project("{8BC9CEB8-8B4A-11D0-8D11-00A0C91BC942}") = "torque_generated_definitions", "tools\v8_gypfiles\torque_generated_definitions.vcxproj", "{C0E2DEF6-09B5-AA92-8362-356B8573FE9D}"
	ProjectSection(ProjectDependencies) = postProject
		{6DEBDE6F-D563-FBFF-1735-C98D12ACED3F} = {6DEBDE6F-D563-FBFF-1735-C98D12ACED3F}
		{193B58AC-9A78-4495-900B-C946F5AC0BF7} = {193B58AC-9A78-4495-900B-C946F5AC0BF7}
		{63CD302B-83DB-E9BC-51B2-CBF5CBE8D4E5} = {63CD302B-83DB-E9BC-51B2-CBF5CBE8D4E5}
		{0319B3BD-4C97-ABBE-0416-BADCB98B860A} = {0319B3BD-4C97-ABBE-0416-BADCB98B860A}
		{FCBCD68C-48DD-1945-213A-74C9CA67FC74} = {FCBCD68C-48DD-1945-213A-74C9CA67FC74}
	EndProjectSection
EndProject
Project("{8BC9CEB8-8B4A-11D0-8D11-00A0C91BC942}") = "torque_generated_initializers", "tools\v8_gypfiles\torque_generated_initializers.vcxproj", "{B0900193-025A-F34A-A892-748200919D0C}"
	ProjectSection(ProjectDependencies) = postProject
		{6DEBDE6F-D563-FBFF-1735-C98D12ACED3F} = {6DEBDE6F-D563-FBFF-1735-C98D12ACED3F}
		{193B58AC-9A78-4495-900B-C946F5AC0BF7} = {193B58AC-9A78-4495-900B-C946F5AC0BF7}
		{58DE5A95-9562-F378-6751-F9A2DD9BFBBE} = {58DE5A95-9562-F378-6751-F9A2DD9BFBBE}
		{2FAEA8D4-CE88-A358-52BA-2BA93484DBC7} = {2FAEA8D4-CE88-A358-52BA-2BA93484DBC7}
		{FCBCD68C-48DD-1945-213A-74C9CA67FC74} = {FCBCD68C-48DD-1945-213A-74C9CA67FC74}
	EndProjectSection
EndProject
Project("{8BC9CEB8-8B4A-11D0-8D11-00A0C91BC942}") = "torque_runtime_support", "tools\v8_gypfiles\torque_runtime_support.vcxproj", "{2FAEA8D4-CE88-A358-52BA-2BA93484DBC7}"
EndProject
Project("{8BC9CEB8-8B4A-11D0-8D11-00A0C91BC942}") = "v8_abseil", "tools\v8_gypfiles\v8_abseil.vcxproj", "{8DBFD52A-F534-D0C1-6DF6-0B6CB731376C}"
EndProject
Project("{8BC9CEB8-8B4A-11D0-8D11-00A0C91BC942}") = "v8_base_without_compiler", "tools\v8_gypfiles\v8_base_without_compiler.vcxproj", "{58DE5A95-9562-F378-6751-F9A2DD9BFBBE}"
	ProjectSection(ProjectDependencies) = postProject
		{C0E2DEF6-09B5-AA92-8362-356B8573FE9D} = {C0E2DEF6-09B5-AA92-8362-356B8573FE9D}
		{C2AB1FED-2A27-072C-3BCD-A2ED209D89A6} = {C2AB1FED-2A27-072C-3BCD-A2ED209D89A6}
		{1ABF9622-9A4D-F1EB-6F5D-BBF24852132D} = {1ABF9622-9A4D-F1EB-6F5D-BBF24852132D}
		{B2DDB743-B888-FD2D-5D06-D436B4B79AED} = {B2DDB743-B888-FD2D-5D06-D436B4B79AED}
		{48C18E91-79DE-C07D-668C-B8417F4A42EE} = {48C18E91-79DE-C07D-668C-B8417F4A42EE}
		{7133C391-4B06-F209-1999-FE7EA8CF7FBA} = {7133C391-4B06-F209-1999-FE7EA8CF7FBA}
		{EA64CF27-BD8F-00D4-726E-18F0DA51A9C4} = {EA64CF27-BD8F-00D4-726E-18F0DA51A9C4}
		{6DEBDE6F-D563-FBFF-1735-C98D12ACED3F} = {6DEBDE6F-D563-FBFF-1735-C98D12ACED3F}
		{193B58AC-9A78-4495-900B-C946F5AC0BF7} = {193B58AC-9A78-4495-900B-C946F5AC0BF7}
		{63CD302B-83DB-E9BC-51B2-CBF5CBE8D4E5} = {63CD302B-83DB-E9BC-51B2-CBF5CBE8D4E5}
		{FCBCD68C-48DD-1945-213A-74C9CA67FC74} = {FCBCD68C-48DD-1945-213A-74C9CA67FC74}
		{66231656-7004-41AC-3D3C-E0FDEE363EFF} = {66231656-7004-41AC-3D3C-E0FDEE363EFF}
		{0C339B98-124A-A7C3-24ED-4C5B21AF6386} = {0C339B98-124A-A7C3-24ED-4C5B21AF6386}
		{BAF63706-5488-7FD2-B0E5-6D164C5DD08C} = {BAF63706-5488-7FD2-B0E5-6D164C5DD08C}
	EndProjectSection
EndProject
Project("{8BC9CEB8-8B4A-11D0-8D11-00A0C91BC942}") = "v8_bigint", "tools\v8_gypfiles\v8_bigint.vcxproj", "{C2AB1FED-2A27-072C-3BCD-A2ED209D89A6}"
EndProject
Project("{8BC9CEB8-8B4A-11D0-8D11-00A0C91BC942}") = "v8_compiler", "tools\v8_gypfiles\v8_compiler.vcxproj", "{D9029356-F98A-8CC8-6903-982F74EF77EE}"
	ProjectSection(ProjectDependencies) = postProject
		{6DEBDE6F-D563-FBFF-1735-C98D12ACED3F} = {6DEBDE6F-D563-FBFF-1735-C98D12ACED3F}
		{193B58AC-9A78-4495-900B-C946F5AC0BF7} = {193B58AC-9A78-4495-900B-C946F5AC0BF7}
		{63CD302B-83DB-E9BC-51B2-CBF5CBE8D4E5} = {63CD302B-83DB-E9BC-51B2-CBF5CBE8D4E5}
		{FCBCD68C-48DD-1945-213A-74C9CA67FC74} = {FCBCD68C-48DD-1945-213A-74C9CA67FC74}
		{48C18E91-79DE-C07D-668C-B8417F4A42EE} = {48C18E91-79DE-C07D-668C-B8417F4A42EE}
		{66231656-7004-41AC-3D3C-E0FDEE363EFF} = {66231656-7004-41AC-3D3C-E0FDEE363EFF}
		{E0A7E51C-F611-66A0-E596-490E07579FB8} = {E0A7E51C-F611-66A0-E596-490E07579FB8}
	EndProjectSection
EndProject
Project("{8BC9CEB8-8B4A-11D0-8D11-00A0C91BC942}") = "v8_compiler_for_mksnapshot", "tools\v8_gypfiles\v8_compiler_for_mksnapshot.vcxproj", "{A9A6B4D5-F66E-0914-D592-467522338755}"
	ProjectSection(ProjectDependencies) = postProject
		{6DEBDE6F-D563-FBFF-1735-C98D12ACED3F} = {6DEBDE6F-D563-FBFF-1735-C98D12ACED3F}
		{193B58AC-9A78-4495-900B-C946F5AC0BF7} = {193B58AC-9A78-4495-900B-C946F5AC0BF7}
		{FCBCD68C-48DD-1945-213A-74C9CA67FC74} = {FCBCD68C-48DD-1945-213A-74C9CA67FC74}
		{D9029356-F98A-8CC8-6903-982F74EF77EE} = {D9029356-F98A-8CC8-6903-982F74EF77EE}
	EndProjectSection
EndProject
Project("{8BC9CEB8-8B4A-11D0-8D11-00A0C91BC942}") = "v8_compiler_sources", "tools\v8_gypfiles\v8_compiler_sources.vcxproj", "{E0A7E51C-F611-66A0-E596-490E07579FB8}"
EndProject
Project("{8BC9CEB8-8B4A-11D0-8D11-00A0C91BC942}") = "v8_config_headers", "tools\v8_gypfiles\v8_config_headers.vcxproj", "{5365732C-EE4A-0A17-79D7-F105DB768675}"
EndProject
Project("{8BC9CEB8-8B4A-11D0-8D11-00A0C91BC942}") = "v8_flags", "tools\v8_gypfiles\v8_flags.vcxproj", "{1059E2F9-0945-B751-9874-11FFFAB71052}"
	ProjectSection(ProjectDependencies) = postProject
		{0319B3BD-4C97-ABBE-0416-BADCB98B860A} = {0319B3BD-4C97-ABBE-0416-BADCB98B860A}
		{48C18E91-79DE-C07D-668C-B8417F4A42EE} = {48C18E91-79DE-C07D-668C-B8417F4A42EE}
	EndProjectSection
EndProject
Project("{8BC9CEB8-8B4A-11D0-8D11-00A0C91BC942}") = "v8_headers", "tools\v8_gypfiles\v8_headers.vcxproj", "{1ABF9622-9A4D-F1EB-6F5D-BBF24852132D}"
	ProjectSection(ProjectDependencies) = postProject
		{5365732C-EE4A-0A17-79D7-F105DB768675} = {5365732C-EE4A-0A17-79D7-F105DB768675}
		{3388304B-F6AF-86D8-4EC1-02DC1BDCD2EA} = {3388304B-F6AF-86D8-4EC1-02DC1BDCD2EA}
		{7133C391-4B06-F209-1999-FE7EA8CF7FBA} = {7133C391-4B06-F209-1999-FE7EA8CF7FBA}
	EndProjectSection
EndProject
Project("{8BC9CEB8-8B4A-11D0-8D11-00A0C91BC942}") = "v8_heap_base", "tools\v8_gypfiles\v8_heap_base.vcxproj", "{B2DDB743-B888-FD2D-5D06-D436B4B79AED}"
EndProject
Project("{8BC9CEB8-8B4A-11D0-8D11-00A0C91BC942}") = "v8_heap_base_headers", "tools\v8_gypfiles\v8_heap_base_headers.vcxproj", "{3388304B-F6AF-86D8-4EC1-02DC1BDCD2EA}"
EndProject
Project("{8BC9CEB8-8B4A-11D0-8D11-00A0C91BC942}") = "v8_init", "tools\v8_gypfiles\v8_init.vcxproj", "{5A65C91F-5061-5D9C-CB05-7CD54D6E1969}"
	ProjectSection(ProjectDependencies) = postProject
		{6DEBDE6F-D563-FBFF-1735-C98D12ACED3F} = {6DEBDE6F-D563-FBFF-1735-C98D12ACED3F}
		{193B58AC-9A78-4495-900B-C946F5AC0BF7} = {193B58AC-9A78-4495-900B-C946F5AC0BF7}
		{FCBCD68C-48DD-1945-213A-74C9CA67FC74} = {FCBCD68C-48DD-1945-213A-74C9CA67FC74}
	EndProjectSection
EndProject
Project("{8BC9CEB8-8B4A-11D0-8D11-00A0C91BC942}") = "v8_initializers", "tools\v8_gypfiles\v8_initializers.vcxproj", "{03FC00DB-3600-32CD-0C81-C5E1499A5300}"
	ProjectSection(ProjectDependencies) = postProject
		{B0900193-025A-F34A-A892-748200919D0C} = {B0900193-025A-F34A-A892-748200919D0C}
		{48C18E91-79DE-C07D-668C-B8417F4A42EE} = {48C18E91-79DE-C07D-668C-B8417F4A42EE}
		{66231656-7004-41AC-3D3C-E0FDEE363EFF} = {66231656-7004-41AC-3D3C-E0FDEE363EFF}
		{089716EB-D3FA-4D3A-D63F-3AF1E0124E5F} = {089716EB-D3FA-4D3A-D63F-3AF1E0124E5F}
	EndProjectSection
EndProject
Project("{8BC9CEB8-8B4A-11D0-8D11-00A0C91BC942}") = "v8_initializers_slow", "tools\v8_gypfiles\v8_initializers_slow.vcxproj", "{B85ED412-42A2-014A-D7FF-F10C926A89A6}"
	ProjectSection(ProjectDependencies) = postProject
		{6DEBDE6F-D563-FBFF-1735-C98D12ACED3F} = {6DEBDE6F-D563-FBFF-1735-C98D12ACED3F}
		{193B58AC-9A78-4495-900B-C946F5AC0BF7} = {193B58AC-9A78-4495-900B-C946F5AC0BF7}
		{089716EB-D3FA-4D3A-D63F-3AF1E0124E5F} = {089716EB-D3FA-4D3A-D63F-3AF1E0124E5F}
	EndProjectSection
EndProject
Project("{8BC9CEB8-8B4A-11D0-8D11-00A0C91BC942}") = "v8_internal_headers", "tools\v8_gypfiles\v8_internal_headers.vcxproj", "{63CD302B-83DB-E9BC-51B2-CBF5CBE8D4E5}"
	ProjectSection(ProjectDependencies) = postProject
		{2FAEA8D4-CE88-A358-52BA-2BA93484DBC7} = {2FAEA8D4-CE88-A358-52BA-2BA93484DBC7}
		{1059E2F9-0945-B751-9874-11FFFAB71052} = {1059E2F9-0945-B751-9874-11FFFAB71052}
		{1ABF9622-9A4D-F1EB-6F5D-BBF24852132D} = {1ABF9622-9A4D-F1EB-6F5D-BBF24852132D}
		{FCBCD68C-48DD-1945-213A-74C9CA67FC74} = {FCBCD68C-48DD-1945-213A-74C9CA67FC74}
		{48C18E91-79DE-C07D-668C-B8417F4A42EE} = {48C18E91-79DE-C07D-668C-B8417F4A42EE}
		{3388304B-F6AF-86D8-4EC1-02DC1BDCD2EA} = {3388304B-F6AF-86D8-4EC1-02DC1BDCD2EA}
		{6DEBDE6F-D563-FBFF-1735-C98D12ACED3F} = {6DEBDE6F-D563-FBFF-1735-C98D12ACED3F}
		{193B58AC-9A78-4495-900B-C946F5AC0BF7} = {193B58AC-9A78-4495-900B-C946F5AC0BF7}
		{8DBFD52A-F534-D0C1-6DF6-0B6CB731376C} = {8DBFD52A-F534-D0C1-6DF6-0B6CB731376C}
		{0319B3BD-4C97-ABBE-0416-BADCB98B860A} = {0319B3BD-4C97-ABBE-0416-BADCB98B860A}
		{0C339B98-124A-A7C3-24ED-4C5B21AF6386} = {0C339B98-124A-A7C3-24ED-4C5B21AF6386}
	EndProjectSection
EndProject
Project("{8BC9CEB8-8B4A-11D0-8D11-00A0C91BC942}") = "v8_libbase", "tools\v8_gypfiles\v8_libbase.vcxproj", "{0319B3BD-4C97-ABBE-0416-BADCB98B860A}"
	ProjectSection(ProjectDependencies) = postProject
		{1ABF9622-9A4D-F1EB-6F5D-BBF24852132D} = {1ABF9622-9A4D-F1EB-6F5D-BBF24852132D}
	EndProjectSection
EndProject
Project("{8BC9CEB8-8B4A-11D0-8D11-00A0C91BC942}") = "v8_libplatform", "tools\v8_gypfiles\v8_libplatform.vcxproj", "{CA9B1DC7-3C68-73D2-661A-7E53ACCBBBE1}"
EndProject
Project("{8BC9CEB8-8B4A-11D0-8D11-00A0C91BC942}") = "v8_maybe_icu", "tools\v8_gypfiles\v8_maybe_icu.vcxproj", "{FCBCD68C-48DD-1945-213A-74C9CA67FC74}"
	ProjectSection(ProjectDependencies) = postProject
		{5B0A64E7-F80C-AA26-26C1-6AC6337D1EF1} = {5B0A64E7-F80C-AA26-26C1-6AC6337D1EF1}
		{089716EB-D3FA-4D3A-D63F-3AF1E0124E5F} = {089716EB-D3FA-4D3A-D63F-3AF1E0124E5F}
	EndProjectSection
EndProject
Project("{8BC9CEB8-8B4A-11D0-8D11-00A0C91BC942}") = "v8_pch", "tools\v8_gypfiles\v8_pch.vcxproj", "{66231656-7004-41AC-3D3C-E0FDEE363EFF}"
EndProject
Project("{8BC9CEB8-8B4A-11D0-8D11-00A0C91BC942}") = "v8_shared_internal_headers", "tools\v8_gypfiles\v8_shared_internal_headers.vcxproj", "{48C18E91-79DE-C07D-668C-B8417F4A42EE}"
	ProjectSection(ProjectDependencies) = postProject
		{1ABF9622-9A4D-F1EB-6F5D-BBF24852132D} = {1ABF9622-9A4D-F1EB-6F5D-BBF24852132D}
		{0319B3BD-4C97-ABBE-0416-BADCB98B860A} = {0319B3BD-4C97-ABBE-0416-BADCB98B860A}
	EndProjectSection
EndProject
Project("{8BC9CEB8-8B4A-11D0-8D11-00A0C91BC942}") = "v8_snapshot", "tools\v8_gypfiles\v8_snapshot.vcxproj", "{D57FD43E-C452-A090-0411-9D63329364A0}"
	ProjectSection(ProjectDependencies) = postProject
		{6DEBDE6F-D563-FBFF-1735-C98D12ACED3F} = {6DEBDE6F-D563-FBFF-1735-C98D12ACED3F}
		{193B58AC-9A78-4495-900B-C946F5AC0BF7} = {193B58AC-9A78-4495-900B-C946F5AC0BF7}
		{8E73EDAE-BF3C-3350-F3CA-BF51EDF35F22} = {8E73EDAE-BF3C-3350-F3CA-BF51EDF35F22}
		{FCBCD68C-48DD-1945-213A-74C9CA67FC74} = {FCBCD68C-48DD-1945-213A-74C9CA67FC74}
		{A9A6B4D5-F66E-0914-D592-467522338755} = {A9A6B4D5-F66E-0914-D592-467522338755}
	EndProjectSection
EndProject
Project("{8BC9CEB8-8B4A-11D0-8D11-00A0C91BC942}") = "v8_turboshaft", "tools\v8_gypfiles\v8_turboshaft.vcxproj", "{057D306C-4B42-4B13-C88A-5040339EBF1B}"
	ProjectSection(ProjectDependencies) = postProject
		{6DEBDE6F-D563-FBFF-1735-C98D12ACED3F} = {6DEBDE6F-D563-FBFF-1735-C98D12ACED3F}
		{193B58AC-9A78-4495-900B-C946F5AC0BF7} = {193B58AC-9A78-4495-900B-C946F5AC0BF7}
		{63CD302B-83DB-E9BC-51B2-CBF5CBE8D4E5} = {63CD302B-83DB-E9BC-51B2-CBF5CBE8D4E5}
		{FCBCD68C-48DD-1945-213A-74C9CA67FC74} = {FCBCD68C-48DD-1945-213A-74C9CA67FC74}
		{48C18E91-79DE-C07D-668C-B8417F4A42EE} = {48C18E91-79DE-C07D-668C-B8417F4A42EE}
		{66231656-7004-41AC-3D3C-E0FDEE363EFF} = {66231656-7004-41AC-3D3C-E0FDEE363EFF}
	EndProjectSection
EndProject
Project("{8BC9CEB8-8B4A-11D0-8D11-00A0C91BC942}") = "v8_version", "tools\v8_gypfiles\v8_version.vcxproj", "{7133C391-4B06-F209-1999-FE7EA8CF7FBA}"
EndProject
Project("{8BC9CEB8-8B4A-11D0-8D11-00A0C91BC942}") = "v8_zlib", "tools\v8_gypfiles\v8_zlib.vcxproj", "{6B2BA495-B9E4-49F4-DF0C-1CD824B17DD4}"
EndProject
Project("{2150E333-8FDC-42A3-9474-1A3956D46DE8}") = "(deps)", "deps", "{01DF18E8-89C6-A25E-0006-40F7C4BCED1B}"
EndProject
Project("{2150E333-8FDC-42A3-9474-1A3956D46DE8}") = "(googletest)", "deps\googletest", "{AF9AF452-E5B3-3A82-D510-89C085BBA95E}"
EndProject
Project("{2150E333-8FDC-42A3-9474-1A3956D46DE8}") = "(ngtcp2)", "deps\ngtcp2", "{0E0BAA7F-AAC5-66B0-F6D6-256C2000D1BD}"
EndProject
Project("{2150E333-8FDC-42A3-9474-1A3956D46DE8}") = "(openssl)", "deps\openssl", "{690DB498-73B5-99C3-6F35-0E34C4E3167D}"
EndProject
Project("{2150E333-8FDC-42A3-9474-1A3956D46DE8}") = "(uv)", "deps\uv", "{D5BF94E0-63A0-F682-FBE7-55B17AA44195}"
EndProject
Project("{2150E333-8FDC-42A3-9474-1A3956D46DE8}") = "(zlib)", "deps\zlib", "{79C151E3-61F3-BB17-F7E8-5BD6424E256B}"
EndProject
Project("{2150E333-8FDC-42A3-9474-1A3956D46DE8}") = "(tools)", "tools", "{0078455D-77D3-142E-F1F4-B78FB0A8B454}"
EndProject
Project("{2150E333-8FDC-42A3-9474-1A3956D46DE8}") = "(icu)", "tools\icu", "{C1645D5C-9D42-3AE6-DF22-178F8F320A60}"
EndProject
Project("{2150E333-8FDC-42A3-9474-1A3956D46DE8}") = "(v8_gypfiles)", "tools\v8_gypfiles", "{FFB77400-6E65-F749-6A7F-CCA8C5C9008E}"
EndProject
Global
	GlobalSection(SolutionConfigurationPlatforms) = preSolution
		Debug|x64 = Debug|x64
		Release|x64 = Release|x64
	EndGlobalSection
	GlobalSection(ProjectConfigurationPlatforms) = postSolution
		{0319B3BD-4C97-ABBE-0416-BADCB98B860A}.Debug|x64.ActiveCfg = Debug|x64
		{0319B3BD-4C97-ABBE-0416-BADCB98B860A}.Debug|x64.Build.0 = Debug|x64
		{0319B3BD-4C97-ABBE-0416-BADCB98B860A}.Release|x64.ActiveCfg = Release|x64
		{0319B3BD-4C97-ABBE-0416-BADCB98B860A}.Release|x64.Build.0 = Release|x64
		{03FC00DB-3600-32CD-0C81-C5E1499A5300}.Debug|x64.ActiveCfg = Debug|x64
		{03FC00DB-3600-32CD-0C81-C5E1499A5300}.Debug|x64.Build.0 = Debug|x64
		{03FC00DB-3600-32CD-0C81-C5E1499A5300}.Release|x64.ActiveCfg = Release|x64
		{03FC00DB-3600-32CD-0C81-C5E1499A5300}.Release|x64.Build.0 = Release|x64
		{057D306C-4B42-4B13-C88A-5040339EBF1B}.Debug|x64.ActiveCfg = Debug|x64
		{057D306C-4B42-4B13-C88A-5040339EBF1B}.Debug|x64.Build.0 = Debug|x64
		{057D306C-4B42-4B13-C88A-5040339EBF1B}.Release|x64.ActiveCfg = Release|x64
		{057D306C-4B42-4B13-C88A-5040339EBF1B}.Release|x64.Build.0 = Release|x64
		{06C59990-6CCF-8D18-6192-84A6076E5C9A}.Debug|x64.ActiveCfg = Debug|x64
		{06C59990-6CCF-8D18-6192-84A6076E5C9A}.Debug|x64.Build.0 = Debug|x64
		{06C59990-6CCF-8D18-6192-84A6076E5C9A}.Release|x64.ActiveCfg = Release|x64
		{06C59990-6CCF-8D18-6192-84A6076E5C9A}.Release|x64.Build.0 = Release|x64
		{089716EB-D3FA-4D3A-D63F-3AF1E0124E5F}.Debug|x64.ActiveCfg = Debug|x64
		{089716EB-D3FA-4D3A-D63F-3AF1E0124E5F}.Debug|x64.Build.0 = Debug|x64
		{089716EB-D3FA-4D3A-D63F-3AF1E0124E5F}.Release|x64.ActiveCfg = Release|x64
		{089716EB-D3FA-4D3A-D63F-3AF1E0124E5F}.Release|x64.Build.0 = Release|x64
		{08AC84AD-FDC5-C0E1-DB77-D8DDB220E616}.Debug|x64.ActiveCfg = Debug|x64
		{08AC84AD-FDC5-C0E1-DB77-D8DDB220E616}.Debug|x64.Build.0 = Debug|x64
		{08AC84AD-FDC5-C0E1-DB77-D8DDB220E616}.Release|x64.ActiveCfg = Release|x64
		{08AC84AD-FDC5-C0E1-DB77-D8DDB220E616}.Release|x64.Build.0 = Release|x64
		{0ADEECF8-4B86-E99B-7AF9-2B348F43044E}.Debug|x64.ActiveCfg = Debug|x64
		{0ADEECF8-4B86-E99B-7AF9-2B348F43044E}.Debug|x64.Build.0 = Debug|x64
		{0ADEECF8-4B86-E99B-7AF9-2B348F43044E}.Release|x64.ActiveCfg = Release|x64
		{0ADEECF8-4B86-E99B-7AF9-2B348F43044E}.Release|x64.Build.0 = Release|x64
		{0C339B98-124A-A7C3-24ED-4C5B21AF6386}.Debug|x64.ActiveCfg = Debug|x64
		{0C339B98-124A-A7C3-24ED-4C5B21AF6386}.Debug|x64.Build.0 = Debug|x64
		{0C339B98-124A-A7C3-24ED-4C5B21AF6386}.Release|x64.ActiveCfg = Release|x64
		{0C339B98-124A-A7C3-24ED-4C5B21AF6386}.Release|x64.Build.0 = Release|x64
		{1059E2F9-0945-B751-9874-11FFFAB71052}.Debug|x64.ActiveCfg = Debug|x64
		{1059E2F9-0945-B751-9874-11FFFAB71052}.Debug|x64.Build.0 = Debug|x64
		{1059E2F9-0945-B751-9874-11FFFAB71052}.Release|x64.ActiveCfg = Release|x64
		{1059E2F9-0945-B751-9874-11FFFAB71052}.Release|x64.Build.0 = Release|x64
		{193B58AC-9A78-4495-900B-C946F5AC0BF7}.Debug|x64.ActiveCfg = Debug|x64
		{193B58AC-9A78-4495-900B-C946F5AC0BF7}.Debug|x64.Build.0 = Debug|x64
		{193B58AC-9A78-4495-900B-C946F5AC0BF7}.Release|x64.ActiveCfg = Release|x64
		{193B58AC-9A78-4495-900B-C946F5AC0BF7}.Release|x64.Build.0 = Release|x64
		{1ABF9622-9A4D-F1EB-6F5D-BBF24852132D}.Debug|x64.ActiveCfg = Debug|x64
		{1ABF9622-9A4D-F1EB-6F5D-BBF24852132D}.Debug|x64.Build.0 = Debug|x64
		{1ABF9622-9A4D-F1EB-6F5D-BBF24852132D}.Release|x64.ActiveCfg = Release|x64
		{1ABF9622-9A4D-F1EB-6F5D-BBF24852132D}.Release|x64.Build.0 = Release|x64
		{1D29E745-BAE2-2AD6-A473-FD1FC84A518B}.Debug|x64.ActiveCfg = Debug|x64
		{1D29E745-BAE2-2AD6-A473-FD1FC84A518B}.Debug|x64.Build.0 = Debug|x64
		{1D29E745-BAE2-2AD6-A473-FD1FC84A518B}.Release|x64.ActiveCfg = Release|x64
		{1D29E745-BAE2-2AD6-A473-FD1FC84A518B}.Release|x64.Build.0 = Release|x64
		{1FC409DE-3DCA-B8DA-C52C-5399041DBCDE}.Debug|x64.ActiveCfg = Debug|x64
		{1FC409DE-3DCA-B8DA-C52C-5399041DBCDE}.Debug|x64.Build.0 = Debug|x64
		{1FC409DE-3DCA-B8DA-C52C-5399041DBCDE}.Release|x64.ActiveCfg = Release|x64
		{1FC409DE-3DCA-B8DA-C52C-5399041DBCDE}.Release|x64.Build.0 = Release|x64
		{225BFE33-D936-068B-5405-6F34F4C47B50}.Debug|x64.ActiveCfg = Debug|x64
		{225BFE33-D936-068B-5405-6F34F4C47B50}.Debug|x64.Build.0 = Debug|x64
		{225BFE33-D936-068B-5405-6F34F4C47B50}.Release|x64.ActiveCfg = Release|x64
		{225BFE33-D936-068B-5405-6F34F4C47B50}.Release|x64.Build.0 = Release|x64
		{24D4DDC5-4C54-9E0E-0ADC-F80D096054F4}.Debug|x64.ActiveCfg = Debug|x64
		{24D4DDC5-4C54-9E0E-0ADC-F80D096054F4}.Debug|x64.Build.0 = Debug|x64
		{24D4DDC5-4C54-9E0E-0ADC-F80D096054F4}.Release|x64.ActiveCfg = Release|x64
		{24D4DDC5-4C54-9E0E-0ADC-F80D096054F4}.Release|x64.Build.0 = Release|x64
		{2599546A-EFFA-3D5D-3998-C24B04916DEF}.Debug|x64.ActiveCfg = Debug|x64
		{2599546A-EFFA-3D5D-3998-C24B04916DEF}.Debug|x64.Build.0 = Debug|x64
		{2599546A-EFFA-3D5D-3998-C24B04916DEF}.Release|x64.ActiveCfg = Release|x64
		{2599546A-EFFA-3D5D-3998-C24B04916DEF}.Release|x64.Build.0 = Release|x64
		{2F8E8C24-6070-43FD-76A6-18BC3BE679EA}.Debug|x64.ActiveCfg = Debug|x64
		{2F8E8C24-6070-43FD-76A6-18BC3BE679EA}.Debug|x64.Build.0 = Debug|x64
		{2F8E8C24-6070-43FD-76A6-18BC3BE679EA}.Release|x64.ActiveCfg = Release|x64
		{2F8E8C24-6070-43FD-76A6-18BC3BE679EA}.Release|x64.Build.0 = Release|x64
		{2FAEA8D4-CE88-A358-52BA-2BA93484DBC7}.Debug|x64.ActiveCfg = Debug|x64
		{2FAEA8D4-CE88-A358-52BA-2BA93484DBC7}.Debug|x64.Build.0 = Debug|x64
		{2FAEA8D4-CE88-A358-52BA-2BA93484DBC7}.Release|x64.ActiveCfg = Release|x64
		{2FAEA8D4-CE88-A358-52BA-2BA93484DBC7}.Release|x64.Build.0 = Release|x64
		{3388304B-F6AF-86D8-4EC1-02DC1BDCD2EA}.Debug|x64.ActiveCfg = Debug|x64
		{3388304B-F6AF-86D8-4EC1-02DC1BDCD2EA}.Debug|x64.Build.0 = Debug|x64
		{3388304B-F6AF-86D8-4EC1-02DC1BDCD2EA}.Release|x64.ActiveCfg = Release|x64
		{3388304B-F6AF-86D8-4EC1-02DC1BDCD2EA}.Release|x64.Build.0 = Release|x64
		{36C505E6-B295-2503-C0D0-4E505EF04DEA}.Debug|x64.ActiveCfg = Debug|x64
		{36C505E6-B295-2503-C0D0-4E505EF04DEA}.Debug|x64.Build.0 = Debug|x64
		{36C505E6-B295-2503-C0D0-4E505EF04DEA}.Release|x64.ActiveCfg = Release|x64
		{36C505E6-B295-2503-C0D0-4E505EF04DEA}.Release|x64.Build.0 = Release|x64
		{3886F25B-938C-02ED-6B79-960097BA450F}.Debug|x64.ActiveCfg = Debug|x64
		{3886F25B-938C-02ED-6B79-960097BA450F}.Debug|x64.Build.0 = Debug|x64
		{3886F25B-938C-02ED-6B79-960097BA450F}.Release|x64.ActiveCfg = Release|x64
		{3886F25B-938C-02ED-6B79-960097BA450F}.Release|x64.Build.0 = Release|x64
		{48C18E91-79DE-C07D-668C-B8417F4A42EE}.Debug|x64.ActiveCfg = Debug|x64
		{48C18E91-79DE-C07D-668C-B8417F4A42EE}.Debug|x64.Build.0 = Debug|x64
		{48C18E91-79DE-C07D-668C-B8417F4A42EE}.Release|x64.ActiveCfg = Release|x64
		{48C18E91-79DE-C07D-668C-B8417F4A42EE}.Release|x64.Build.0 = Release|x64
		{49E340A8-950B-B75D-F5D7-33511D9070A5}.Debug|x64.ActiveCfg = Debug|x64
		{49E340A8-950B-B75D-F5D7-33511D9070A5}.Debug|x64.Build.0 = Debug|x64
		{49E340A8-950B-B75D-F5D7-33511D9070A5}.Release|x64.ActiveCfg = Release|x64
		{49E340A8-950B-B75D-F5D7-33511D9070A5}.Release|x64.Build.0 = Release|x64
		{52A6542C-D343-2FD1-9E74-0BA165271031}.Debug|x64.ActiveCfg = Debug|x64
		{52A6542C-D343-2FD1-9E74-0BA165271031}.Debug|x64.Build.0 = Debug|x64
		{52A6542C-D343-2FD1-9E74-0BA165271031}.Release|x64.ActiveCfg = Release|x64
		{52A6542C-D343-2FD1-9E74-0BA165271031}.Release|x64.Build.0 = Release|x64
		{5365732C-EE4A-0A17-79D7-F105DB768675}.Debug|x64.ActiveCfg = Debug|x64
		{5365732C-EE4A-0A17-79D7-F105DB768675}.Debug|x64.Build.0 = Debug|x64
		{5365732C-EE4A-0A17-79D7-F105DB768675}.Release|x64.ActiveCfg = Release|x64
		{5365732C-EE4A-0A17-79D7-F105DB768675}.Release|x64.Build.0 = Release|x64
		{5864B41D-2CAB-A8BC-E588-DE810657B7AB}.Debug|x64.ActiveCfg = Debug|x64
		{5864B41D-2CAB-A8BC-E588-DE810657B7AB}.Debug|x64.Build.0 = Debug|x64
		{5864B41D-2CAB-A8BC-E588-DE810657B7AB}.Release|x64.ActiveCfg = Release|x64
		{5864B41D-2CAB-A8BC-E588-DE810657B7AB}.Release|x64.Build.0 = Release|x64
		{6FB1CA44-9171-3FC6-B7E5-359301F53E32}.Debug|x64.ActiveCfg = Debug|x64
		{6FB1CA44-9171-3FC6-B7E5-359301F53E32}.Debug|x64.Build.0 = Debug|x64
		{6FB1CA44-9171-3FC6-B7E5-359301F53E32}.Release|x64.ActiveCfg = Release|x64
		{6FB1CA44-9171-3FC6-B7E5-359301F53E32}.Release|x64.Build.0 = Release|x64
		{58DE5A95-9562-F378-6751-F9A2DD9BFBBE}.Debug|x64.ActiveCfg = Debug|x64
		{58DE5A95-9562-F378-6751-F9A2DD9BFBBE}.Debug|x64.Build.0 = Debug|x64
		{58DE5A95-9562-F378-6751-F9A2DD9BFBBE}.Release|x64.ActiveCfg = Release|x64
		{58DE5A95-9562-F378-6751-F9A2DD9BFBBE}.Release|x64.Build.0 = Release|x64
		{5A289F81-3D3F-5D26-713A-08B1B78C3880}.Debug|x64.ActiveCfg = Debug|x64
		{5A289F81-3D3F-5D26-713A-08B1B78C3880}.Debug|x64.Build.0 = Debug|x64
		{5A289F81-3D3F-5D26-713A-08B1B78C3880}.Release|x64.ActiveCfg = Release|x64
		{5A289F81-3D3F-5D26-713A-08B1B78C3880}.Release|x64.Build.0 = Release|x64
		{5A65C91F-5061-5D9C-CB05-7CD54D6E1969}.Debug|x64.ActiveCfg = Debug|x64
		{5A65C91F-5061-5D9C-CB05-7CD54D6E1969}.Debug|x64.Build.0 = Debug|x64
		{5A65C91F-5061-5D9C-CB05-7CD54D6E1969}.Release|x64.ActiveCfg = Release|x64
		{5A65C91F-5061-5D9C-CB05-7CD54D6E1969}.Release|x64.Build.0 = Release|x64
		{5B0A64E7-F80C-AA26-26C1-6AC6337D1EF1}.Debug|x64.ActiveCfg = Debug|x64
		{5B0A64E7-F80C-AA26-26C1-6AC6337D1EF1}.Debug|x64.Build.0 = Debug|x64
		{5B0A64E7-F80C-AA26-26C1-6AC6337D1EF1}.Release|x64.ActiveCfg = Release|x64
		{5B0A64E7-F80C-AA26-26C1-6AC6337D1EF1}.Release|x64.Build.0 = Release|x64
		{5F2B3E2B-CDCC-D301-65D4-C1A8FCF1C916}.Debug|x64.ActiveCfg = Debug|x64
		{5F2B3E2B-CDCC-D301-65D4-C1A8FCF1C916}.Debug|x64.Build.0 = Debug|x64
		{5F2B3E2B-CDCC-D301-65D4-C1A8FCF1C916}.Release|x64.ActiveCfg = Release|x64
		{5F2B3E2B-CDCC-D301-65D4-C1A8FCF1C916}.Release|x64.Build.0 = Release|x64
		{61EBEABD-3744-E725-627A-350C53E4198D}.Debug|x64.ActiveCfg = Debug|x64
		{61EBEABD-3744-E725-627A-350C53E4198D}.Debug|x64.Build.0 = Debug|x64
		{61EBEABD-3744-E725-627A-350C53E4198D}.Release|x64.ActiveCfg = Release|x64
		{61EBEABD-3744-E725-627A-350C53E4198D}.Release|x64.Build.0 = Release|x64
		{76A9C2A4-98F0-4890-8E87-4C5D5E49D3CB}.Debug|x64.ActiveCfg = Debug|x64
		{76A9C2A4-98F0-4890-8E87-4C5D5E49D3CB}.Debug|x64.Build.0 = Debug|x64
		{76A9C2A4-98F0-4890-8E87-4C5D5E49D3CB}.Release|x64.ActiveCfg = Release|x64
		{76A9C2A4-98F0-4890-8E87-4C5D5E49D3CB}.Release|x64.Build.0 = Release|x64
		{62A6BCC3-65F6-CE33-A915-6BC45E1B3ABA}.Debug|x64.ActiveCfg = Debug|x64
		{62A6BCC3-65F6-CE33-A915-6BC45E1B3ABA}.Debug|x64.Build.0 = Debug|x64
		{62A6BCC3-65F6-CE33-A915-6BC45E1B3ABA}.Release|x64.ActiveCfg = Release|x64
		{62A6BCC3-65F6-CE33-A915-6BC45E1B3ABA}.Release|x64.Build.0 = Release|x64
		{8B8AFD97-A01B-D5B2-55C9-D0CC4CAAAF60}.Release|x64.ActiveCfg = Release|x64
		{8B8AFD97-A01B-D5B2-55C9-D0CC4CAAAF60}.Release|x64.Build.0 = Release|x64
		{8B8AFD97-A01B-D5B2-55C9-D0CC4CAAAF60}.Debug|x64.ActiveCfg = Debug|x64
		{8B8AFD97-A01B-D5B2-55C9-D0CC4CAAAF60}.Debug|x64.Build.0 = Debug|x64
		{63CD302B-83DB-E9BC-51B2-CBF5CBE8D4E5}.Debug|x64.ActiveCfg = Debug|x64
		{63CD302B-83DB-E9BC-51B2-CBF5CBE8D4E5}.Debug|x64.Build.0 = Debug|x64
		{63CD302B-83DB-E9BC-51B2-CBF5CBE8D4E5}.Release|x64.ActiveCfg = Release|x64
		{63CD302B-83DB-E9BC-51B2-CBF5CBE8D4E5}.Release|x64.Build.0 = Release|x64
		{64C87B1F-B29A-27F3-E75D-681014A3BF63}.Debug|x64.ActiveCfg = Debug|x64
		{64C87B1F-B29A-27F3-E75D-681014A3BF63}.Debug|x64.Build.0 = Debug|x64
		{64C87B1F-B29A-27F3-E75D-681014A3BF63}.Release|x64.ActiveCfg = Release|x64
		{64C87B1F-B29A-27F3-E75D-681014A3BF63}.Release|x64.Build.0 = Release|x64
		{66231656-7004-41AC-3D3C-E0FDEE363EFF}.Debug|x64.ActiveCfg = Debug|x64
		{66231656-7004-41AC-3D3C-E0FDEE363EFF}.Debug|x64.Build.0 = Debug|x64
		{66231656-7004-41AC-3D3C-E0FDEE363EFF}.Release|x64.ActiveCfg = Release|x64
		{66231656-7004-41AC-3D3C-E0FDEE363EFF}.Release|x64.Build.0 = Release|x64
		{6B2BA495-B9E4-49F4-DF0C-1CD824B17DD4}.Debug|x64.ActiveCfg = Debug|x64
		{6B2BA495-B9E4-49F4-DF0C-1CD824B17DD4}.Debug|x64.Build.0 = Debug|x64
		{6B2BA495-B9E4-49F4-DF0C-1CD824B17DD4}.Release|x64.ActiveCfg = Release|x64
		{6B2BA495-B9E4-49F4-DF0C-1CD824B17DD4}.Release|x64.Build.0 = Release|x64
		{6DEBDE6F-D563-FBFF-1735-C98D12ACED3F}.Debug|x64.ActiveCfg = Debug|x64
		{6DEBDE6F-D563-FBFF-1735-C98D12ACED3F}.Debug|x64.Build.0 = Debug|x64
		{6DEBDE6F-D563-FBFF-1735-C98D12ACED3F}.Release|x64.ActiveCfg = Release|x64
		{6DEBDE6F-D563-FBFF-1735-C98D12ACED3F}.Release|x64.Build.0 = Release|x64
		{7133C391-4B06-F209-1999-FE7EA8CF7FBA}.Debug|x64.ActiveCfg = Debug|x64
		{7133C391-4B06-F209-1999-FE7EA8CF7FBA}.Debug|x64.Build.0 = Debug|x64
		{7133C391-4B06-F209-1999-FE7EA8CF7FBA}.Release|x64.ActiveCfg = Release|x64
		{7133C391-4B06-F209-1999-FE7EA8CF7FBA}.Release|x64.Build.0 = Release|x64
		{735090E6-5476-BD5D-D4A8-D6201DED40CF}.Debug|x64.ActiveCfg = Debug|x64
		{735090E6-5476-BD5D-D4A8-D6201DED40CF}.Debug|x64.Build.0 = Debug|x64
		{735090E6-5476-BD5D-D4A8-D6201DED40CF}.Release|x64.ActiveCfg = Release|x64
		{735090E6-5476-BD5D-D4A8-D6201DED40CF}.Release|x64.Build.0 = Release|x64
		{73A3131A-4C25-183E-FC7E-1A24EC0949B5}.Debug|x64.ActiveCfg = Debug|x64
		{73A3131A-4C25-183E-FC7E-1A24EC0949B5}.Debug|x64.Build.0 = Debug|x64
		{73A3131A-4C25-183E-FC7E-1A24EC0949B5}.Release|x64.ActiveCfg = Release|x64
		{73A3131A-4C25-183E-FC7E-1A24EC0949B5}.Release|x64.Build.0 = Release|x64
		{8956133E-2FE2-A4EE-22C3-C254F77B79A9}.Debug|x64.ActiveCfg = Debug|x64
		{8956133E-2FE2-A4EE-22C3-C254F77B79A9}.Debug|x64.Build.0 = Debug|x64
		{8956133E-2FE2-A4EE-22C3-C254F77B79A9}.Release|x64.ActiveCfg = Release|x64
		{8956133E-2FE2-A4EE-22C3-C254F77B79A9}.Release|x64.Build.0 = Release|x64
		{8AAD49DE-63FE-4D8C-CE3B-2D457B533674}.Debug|x64.ActiveCfg = Debug|x64
		{8AAD49DE-63FE-4D8C-CE3B-2D457B533674}.Debug|x64.Build.0 = Debug|x64
		{8AAD49DE-63FE-4D8C-CE3B-2D457B533674}.Release|x64.ActiveCfg = Release|x64
		{8AAD49DE-63FE-4D8C-CE3B-2D457B533674}.Release|x64.Build.0 = Release|x64
		{8DBFD52A-F534-D0C1-6DF6-0B6CB731376C}.Debug|x64.ActiveCfg = Debug|x64
		{8DBFD52A-F534-D0C1-6DF6-0B6CB731376C}.Debug|x64.Build.0 = Debug|x64
		{8DBFD52A-F534-D0C1-6DF6-0B6CB731376C}.Release|x64.ActiveCfg = Release|x64
		{8DBFD52A-F534-D0C1-6DF6-0B6CB731376C}.Release|x64.Build.0 = Release|x64
		{8E73EDAE-BF3C-3350-F3CA-BF51EDF35F22}.Debug|x64.ActiveCfg = Debug|x64
		{8E73EDAE-BF3C-3350-F3CA-BF51EDF35F22}.Debug|x64.Build.0 = Debug|x64
		{8E73EDAE-BF3C-3350-F3CA-BF51EDF35F22}.Release|x64.ActiveCfg = Release|x64
		{8E73EDAE-BF3C-3350-F3CA-BF51EDF35F22}.Release|x64.Build.0 = Release|x64
		{926C8691-09E7-25FF-D1EB-7CC915CA894C}.Debug|x64.ActiveCfg = Debug|x64
		{926C8691-09E7-25FF-D1EB-7CC915CA894C}.Debug|x64.Build.0 = Debug|x64
		{926C8691-09E7-25FF-D1EB-7CC915CA894C}.Release|x64.ActiveCfg = Release|x64
		{926C8691-09E7-25FF-D1EB-7CC915CA894C}.Release|x64.Build.0 = Release|x64
		{94A0B653-D24B-9636-6F27-AA523484788C}.Debug|x64.ActiveCfg = Debug|x64
		{94A0B653-D24B-9636-6F27-AA523484788C}.Debug|x64.Build.0 = Debug|x64
		{94A0B653-D24B-9636-6F27-AA523484788C}.Release|x64.ActiveCfg = Release|x64
		{94A0B653-D24B-9636-6F27-AA523484788C}.Release|x64.Build.0 = Release|x64
		{995C1E2C-934D-3CF8-2E3A-CC1B06905D23}.Debug|x64.ActiveCfg = Debug|x64
		{995C1E2C-934D-3CF8-2E3A-CC1B06905D23}.Debug|x64.Build.0 = Debug|x64
		{995C1E2C-934D-3CF8-2E3A-CC1B06905D23}.Release|x64.ActiveCfg = Release|x64
		{995C1E2C-934D-3CF8-2E3A-CC1B06905D23}.Release|x64.Build.0 = Release|x64
		{9CCAA572-9528-9983-BF8C-FC0E88D0C753}.Debug|x64.ActiveCfg = Debug|x64
		{9CCAA572-9528-9983-BF8C-FC0E88D0C753}.Debug|x64.Build.0 = Debug|x64
		{9CCAA572-9528-9983-BF8C-FC0E88D0C753}.Release|x64.ActiveCfg = Release|x64
		{9CCAA572-9528-9983-BF8C-FC0E88D0C753}.Release|x64.Build.0 = Release|x64
		{9CF9F41F-BF17-1C8F-A9DC-AAC0A7D89B30}.Debug|x64.ActiveCfg = Debug|x64
		{9CF9F41F-BF17-1C8F-A9DC-AAC0A7D89B30}.Debug|x64.Build.0 = Debug|x64
		{9CF9F41F-BF17-1C8F-A9DC-AAC0A7D89B30}.Release|x64.ActiveCfg = Release|x64
		{9CF9F41F-BF17-1C8F-A9DC-AAC0A7D89B30}.Release|x64.Build.0 = Release|x64
		{A9A6B4D5-F66E-0914-D592-467522338755}.Debug|x64.ActiveCfg = Debug|x64
		{A9A6B4D5-F66E-0914-D592-467522338755}.Debug|x64.Build.0 = Debug|x64
		{A9A6B4D5-F66E-0914-D592-467522338755}.Release|x64.ActiveCfg = Release|x64
		{A9A6B4D5-F66E-0914-D592-467522338755}.Release|x64.Build.0 = Release|x64
		{AD88F529-2D75-6AD6-499B-36BDFA39D798}.Debug|x64.ActiveCfg = Debug|x64
		{AD88F529-2D75-6AD6-499B-36BDFA39D798}.Debug|x64.Build.0 = Debug|x64
		{AD88F529-2D75-6AD6-499B-36BDFA39D798}.Release|x64.ActiveCfg = Release|x64
		{AD88F529-2D75-6AD6-499B-36BDFA39D798}.Release|x64.Build.0 = Release|x64
		{AC7F8AB1-24A4-7BE5-D3CC-39903C4F0141}.Debug|x64.ActiveCfg = Debug|x64
		{AC7F8AB1-24A4-7BE5-D3CC-39903C4F0141}.Debug|x64.Build.0 = Debug|x64
		{AC7F8AB1-24A4-7BE5-D3CC-39903C4F0141}.Release|x64.ActiveCfg = Release|x64
		{AC7F8AB1-24A4-7BE5-D3CC-39903C4F0141}.Release|x64.Build.0 = Release|x64
		{B0900193-025A-F34A-A892-748200919D0C}.Debug|x64.ActiveCfg = Debug|x64
		{B0900193-025A-F34A-A892-748200919D0C}.Debug|x64.Build.0 = Debug|x64
		{B0900193-025A-F34A-A892-748200919D0C}.Release|x64.ActiveCfg = Release|x64
		{B0900193-025A-F34A-A892-748200919D0C}.Release|x64.Build.0 = Release|x64
		{B2DDB743-B888-FD2D-5D06-D436B4B79AED}.Debug|x64.ActiveCfg = Debug|x64
		{B2DDB743-B888-FD2D-5D06-D436B4B79AED}.Debug|x64.Build.0 = Debug|x64
		{B2DDB743-B888-FD2D-5D06-D436B4B79AED}.Release|x64.ActiveCfg = Release|x64
		{B2DDB743-B888-FD2D-5D06-D436B4B79AED}.Release|x64.Build.0 = Release|x64
		{B8427434-AB1B-1116-A580-CCBE68577671}.Debug|x64.ActiveCfg = Debug|x64
		{B8427434-AB1B-1116-A580-CCBE68577671}.Debug|x64.Build.0 = Debug|x64
		{B8427434-AB1B-1116-A580-CCBE68577671}.Release|x64.ActiveCfg = Release|x64
		{B8427434-AB1B-1116-A580-CCBE68577671}.Release|x64.Build.0 = Release|x64
		{BB567EB1-E285-1955-6925-6B62FABCA467}.Debug|x64.ActiveCfg = Debug|x64
		{BB567EB1-E285-1955-6925-6B62FABCA467}.Debug|x64.Build.0 = Debug|x64
		{BB567EB1-E285-1955-6925-6B62FABCA467}.Release|x64.ActiveCfg = Release|x64
		{BB567EB1-E285-1955-6925-6B62FABCA467}.Release|x64.Build.0 = Release|x64
		{B85ED412-42A2-014A-D7FF-F10C926A89A6}.Debug|x64.ActiveCfg = Debug|x64
		{B85ED412-42A2-014A-D7FF-F10C926A89A6}.Debug|x64.Build.0 = Debug|x64
		{B85ED412-42A2-014A-D7FF-F10C926A89A6}.Release|x64.ActiveCfg = Release|x64
		{B85ED412-42A2-014A-D7FF-F10C926A89A6}.Release|x64.Build.0 = Release|x64
		{BAF63706-5488-7FD2-B0E5-6D164C5DD08C}.Debug|x64.ActiveCfg = Debug|x64
		{BAF63706-5488-7FD2-B0E5-6D164C5DD08C}.Debug|x64.Build.0 = Debug|x64
		{BAF63706-5488-7FD2-B0E5-6D164C5DD08C}.Release|x64.ActiveCfg = Release|x64
		{BAF63706-5488-7FD2-B0E5-6D164C5DD08C}.Release|x64.Build.0 = Release|x64
		{BBF1F0C4-9E5B-38CC-E24E-D3B0213E1C0B}.Debug|x64.ActiveCfg = Debug|x64
		{BBF1F0C4-9E5B-38CC-E24E-D3B0213E1C0B}.Debug|x64.Build.0 = Debug|x64
		{BBF1F0C4-9E5B-38CC-E24E-D3B0213E1C0B}.Release|x64.ActiveCfg = Release|x64
		{BBF1F0C4-9E5B-38CC-E24E-D3B0213E1C0B}.Release|x64.Build.0 = Release|x64
		{BF720534-824D-49CF-0B91-728F775AA37B}.Debug|x64.ActiveCfg = Debug|x64
		{BF720534-824D-49CF-0B91-728F775AA37B}.Debug|x64.Build.0 = Debug|x64
		{BF720534-824D-49CF-0B91-728F775AA37B}.Release|x64.ActiveCfg = Release|x64
		{BF720534-824D-49CF-0B91-728F775AA37B}.Release|x64.Build.0 = Release|x64
		{C0E2DEF6-09B5-AA92-8362-356B8573FE9D}.Debug|x64.ActiveCfg = Debug|x64
		{C0E2DEF6-09B5-AA92-8362-356B8573FE9D}.Debug|x64.Build.0 = Debug|x64
		{C0E2DEF6-09B5-AA92-8362-356B8573FE9D}.Release|x64.ActiveCfg = Release|x64
		{C0E2DEF6-09B5-AA92-8362-356B8573FE9D}.Release|x64.Build.0 = Release|x64
		{C2AB1FED-2A27-072C-3BCD-A2ED209D89A6}.Debug|x64.ActiveCfg = Debug|x64
		{C2AB1FED-2A27-072C-3BCD-A2ED209D89A6}.Debug|x64.Build.0 = Debug|x64
		{C2AB1FED-2A27-072C-3BCD-A2ED209D89A6}.Release|x64.ActiveCfg = Release|x64
		{C2AB1FED-2A27-072C-3BCD-A2ED209D89A6}.Release|x64.Build.0 = Release|x64
		{C570583D-B890-90FF-2456-57A127A318AD}.Debug|x64.ActiveCfg = Debug|x64
		{C570583D-B890-90FF-2456-57A127A318AD}.Debug|x64.Build.0 = Debug|x64
		{C570583D-B890-90FF-2456-57A127A318AD}.Release|x64.ActiveCfg = Release|x64
		{C570583D-B890-90FF-2456-57A127A318AD}.Release|x64.Build.0 = Release|x64
		{C7E48C75-7123-ACC1-C912-2946FC2FE0A4}.Debug|x64.ActiveCfg = Debug|x64
		{C7E48C75-7123-ACC1-C912-2946FC2FE0A4}.Debug|x64.Build.0 = Debug|x64
		{C7E48C75-7123-ACC1-C912-2946FC2FE0A4}.Release|x64.ActiveCfg = Release|x64
		{C7E48C75-7123-ACC1-C912-2946FC2FE0A4}.Release|x64.Build.0 = Release|x64
		{CA9B1DC7-3C68-73D2-661A-7E53ACCBBBE1}.Debug|x64.ActiveCfg = Debug|x64
		{CA9B1DC7-3C68-73D2-661A-7E53ACCBBBE1}.Debug|x64.Build.0 = Debug|x64
		{CA9B1DC7-3C68-73D2-661A-7E53ACCBBBE1}.Release|x64.ActiveCfg = Release|x64
		{CA9B1DC7-3C68-73D2-661A-7E53ACCBBBE1}.Release|x64.Build.0 = Release|x64
		{CE2CE9CA-3582-61D7-4829-894BF30959E7}.Debug|x64.ActiveCfg = Debug|x64
		{CE2CE9CA-3582-61D7-4829-894BF30959E7}.Debug|x64.Build.0 = Debug|x64
		{CE2CE9CA-3582-61D7-4829-894BF30959E7}.Release|x64.ActiveCfg = Release|x64
		{CE2CE9CA-3582-61D7-4829-894BF30959E7}.Release|x64.Build.0 = Release|x64
		{D12ABB88-4627-5BE3-EA65-2C8A2F04F9B1}.Debug|x64.ActiveCfg = Debug|x64
		{D12ABB88-4627-5BE3-EA65-2C8A2F04F9B1}.Debug|x64.Build.0 = Debug|x64
		{D12ABB88-4627-5BE3-EA65-2C8A2F04F9B1}.Release|x64.ActiveCfg = Release|x64
		{D12ABB88-4627-5BE3-EA65-2C8A2F04F9B1}.Release|x64.Build.0 = Release|x64
		{D3184ACE-740C-BC57-EE22-77DD039C09E1}.Debug|x64.ActiveCfg = Debug|x64
		{D3184ACE-740C-BC57-EE22-77DD039C09E1}.Debug|x64.Build.0 = Debug|x64
		{D3184ACE-740C-BC57-EE22-77DD039C09E1}.Release|x64.ActiveCfg = Release|x64
		{D3184ACE-740C-BC57-EE22-77DD039C09E1}.Release|x64.Build.0 = Release|x64
		{D57FD43E-C452-A090-0411-9D63329364A0}.Debug|x64.ActiveCfg = Debug|x64
		{D57FD43E-C452-A090-0411-9D63329364A0}.Debug|x64.Build.0 = Debug|x64
		{D57FD43E-C452-A090-0411-9D63329364A0}.Release|x64.ActiveCfg = Release|x64
		{D57FD43E-C452-A090-0411-9D63329364A0}.Release|x64.Build.0 = Release|x64
		{D9029356-F98A-8CC8-6903-982F74EF77EE}.Debug|x64.ActiveCfg = Debug|x64
		{D9029356-F98A-8CC8-6903-982F74EF77EE}.Debug|x64.Build.0 = Debug|x64
		{D9029356-F98A-8CC8-6903-982F74EF77EE}.Release|x64.ActiveCfg = Release|x64
		{D9029356-F98A-8CC8-6903-982F74EF77EE}.Release|x64.Build.0 = Release|x64
		{DD7B168F-EECB-838F-F72C-33CE1D4525DC}.Debug|x64.ActiveCfg = Debug|x64
		{DD7B168F-EECB-838F-F72C-33CE1D4525DC}.Debug|x64.Build.0 = Debug|x64
		{DD7B168F-EECB-838F-F72C-33CE1D4525DC}.Release|x64.ActiveCfg = Release|x64
		{DD7B168F-EECB-838F-F72C-33CE1D4525DC}.Release|x64.Build.0 = Release|x64
		{E0A7E51C-F611-66A0-E596-490E07579FB8}.Debug|x64.ActiveCfg = Debug|x64
		{E0A7E51C-F611-66A0-E596-490E07579FB8}.Debug|x64.Build.0 = Debug|x64
		{E0A7E51C-F611-66A0-E596-490E07579FB8}.Release|x64.ActiveCfg = Release|x64
		{E0A7E51C-F611-66A0-E596-490E07579FB8}.Release|x64.Build.0 = Release|x64
		{E8B0A6E7-0A91-2B5E-DF48-F7E241583786}.Debug|x64.ActiveCfg = Debug|x64
		{E8B0A6E7-0A91-2B5E-DF48-F7E241583786}.Debug|x64.Build.0 = Debug|x64
		{E8B0A6E7-0A91-2B5E-DF48-F7E241583786}.Release|x64.ActiveCfg = Release|x64
		{E8B0A6E7-0A91-2B5E-DF48-F7E241583786}.Release|x64.Build.0 = Release|x64
		{EA5578DF-FA1A-39B0-DDCE-84AAACDDF6B5}.Debug|x64.ActiveCfg = Debug|x64
		{EA5578DF-FA1A-39B0-DDCE-84AAACDDF6B5}.Debug|x64.Build.0 = Debug|x64
		{EA5578DF-FA1A-39B0-DDCE-84AAACDDF6B5}.Release|x64.ActiveCfg = Release|x64
		{EA5578DF-FA1A-39B0-DDCE-84AAACDDF6B5}.Release|x64.Build.0 = Release|x64
		{EA64CF27-BD8F-00D4-726E-18F0DA51A9C4}.Debug|x64.ActiveCfg = Debug|x64
		{EA64CF27-BD8F-00D4-726E-18F0DA51A9C4}.Debug|x64.Build.0 = Debug|x64
		{EA64CF27-BD8F-00D4-726E-18F0DA51A9C4}.Release|x64.ActiveCfg = Release|x64
		{EA64CF27-BD8F-00D4-726E-18F0DA51A9C4}.Release|x64.Build.0 = Release|x64
		{FCBCD68C-48DD-1945-213A-74C9CA67FC74}.Debug|x64.ActiveCfg = Debug|x64
		{FCBCD68C-48DD-1945-213A-74C9CA67FC74}.Debug|x64.Build.0 = Debug|x64
		{FCBCD68C-48DD-1945-213A-74C9CA67FC74}.Release|x64.ActiveCfg = Release|x64
		{FCBCD68C-48DD-1945-213A-74C9CA67FC74}.Release|x64.Build.0 = Release|x64
	EndGlobalSection
	GlobalSection(SolutionProperties) = preSolution
		HideSolutionNode = FALSE
	EndGlobalSection
	GlobalSection(NestedProjects) = preSolution
		{36C505E6-B295-2503-C0D0-4E505EF04DEA} = {01DF18E8-89C6-A25E-0006-40F7C4BCED1B}
		{5864B41D-2CAB-A8BC-E588-DE810657B7AB} = {01DF18E8-89C6-A25E-0006-40F7C4BCED1B}
		{C570583D-B890-90FF-2456-57A127A318AD} = {01DF18E8-89C6-A25E-0006-40F7C4BCED1B}
		{C7E48C75-7123-ACC1-C912-2946FC2FE0A4} = {01DF18E8-89C6-A25E-0006-40F7C4BCED1B}
		{8956133E-2FE2-A4EE-22C3-C254F77B79A9} = {01DF18E8-89C6-A25E-0006-40F7C4BCED1B}
		{BB567EB1-E285-1955-6925-6B62FABCA467} = {01DF18E8-89C6-A25E-0006-40F7C4BCED1B}
		{8B8AFD97-A01B-D5B2-55C9-D0CC4CAAAF60} = {01DF18E8-89C6-A25E-0006-40F7C4BCED1B}
		{735090E6-5476-BD5D-D4A8-D6201DED40CF} = {01DF18E8-89C6-A25E-0006-40F7C4BCED1B}
		{CE2CE9CA-3582-61D7-4829-894BF30959E7} = {01DF18E8-89C6-A25E-0006-40F7C4BCED1B}
		{62A6BCC3-65F6-CE33-A915-6BC45E1B3ABA} = {01DF18E8-89C6-A25E-0006-40F7C4BCED1B}
		{24D4DDC5-4C54-9E0E-0ADC-F80D096054F4} = {01DF18E8-89C6-A25E-0006-40F7C4BCED1B}
		{76A9C2A4-98F0-4890-8E87-4C5D5E49D3CB} = {01DF18E8-89C6-A25E-0006-40F7C4BCED1B}
		{AF9AF452-E5B3-3A82-D510-89C085BBA95E} = {01DF18E8-89C6-A25E-0006-40F7C4BCED1B}
		{0E0BAA7F-AAC5-66B0-F6D6-256C2000D1BD} = {01DF18E8-89C6-A25E-0006-40F7C4BCED1B}
		{690DB498-73B5-99C3-6F35-0E34C4E3167D} = {01DF18E8-89C6-A25E-0006-40F7C4BCED1B}
		{D5BF94E0-63A0-F682-FBE7-55B17AA44195} = {01DF18E8-89C6-A25E-0006-40F7C4BCED1B}
		{79C151E3-61F3-BB17-F7E8-5BD6424E256B} = {01DF18E8-89C6-A25E-0006-40F7C4BCED1B}
		{1D29E745-BAE2-2AD6-A473-FD1FC84A518B} = {AF9AF452-E5B3-3A82-D510-89C085BBA95E}
		{9CF9F41F-BF17-1C8F-A9DC-AAC0A7D89B30} = {AF9AF452-E5B3-3A82-D510-89C085BBA95E}
		{5A289F81-3D3F-5D26-713A-08B1B78C3880} = {AF9AF452-E5B3-3A82-D510-89C085BBA95E}
		{DD7B168F-EECB-838F-F72C-33CE1D4525DC} = {0E0BAA7F-AAC5-66B0-F6D6-256C2000D1BD}
		{2F8E8C24-6070-43FD-76A6-18BC3BE679EA} = {0E0BAA7F-AAC5-66B0-F6D6-256C2000D1BD}
		{9CCAA572-9528-9983-BF8C-FC0E88D0C753} = {690DB498-73B5-99C3-6F35-0E34C4E3167D}
		{49E340A8-950B-B75D-F5D7-33511D9070A5} = {690DB498-73B5-99C3-6F35-0E34C4E3167D}
		{BBF1F0C4-9E5B-38CC-E24E-D3B0213E1C0B} = {D5BF94E0-63A0-F682-FBE7-55B17AA44195}
		{94A0B653-D24B-9636-6F27-AA523484788C} = {79C151E3-61F3-BB17-F7E8-5BD6424E256B}
		{1FC409DE-3DCA-B8DA-C52C-5399041DBCDE} = {79C151E3-61F3-BB17-F7E8-5BD6424E256B}
		{995C1E2C-934D-3CF8-2E3A-CC1B06905D23} = {79C151E3-61F3-BB17-F7E8-5BD6424E256B}
		{C1645D5C-9D42-3AE6-DF22-178F8F320A60} = {0078455D-77D3-142E-F1F4-B78FB0A8B454}
		{FFB77400-6E65-F749-6A7F-CCA8C5C9008E} = {0078455D-77D3-142E-F1F4-B78FB0A8B454}
		{926C8691-09E7-25FF-D1EB-7CC915CA894C} = {C1645D5C-9D42-3AE6-DF22-178F8F320A60}
		{06C59990-6CCF-8D18-6192-84A6076E5C9A} = {C1645D5C-9D42-3AE6-DF22-178F8F320A60}
		{64C87B1F-B29A-27F3-E75D-681014A3BF63} = {C1645D5C-9D42-3AE6-DF22-178F8F320A60}
		{D3184ACE-740C-BC57-EE22-77DD039C09E1} = {C1645D5C-9D42-3AE6-DF22-178F8F320A60}
		{52A6542C-D343-2FD1-9E74-0BA165271031} = {C1645D5C-9D42-3AE6-DF22-178F8F320A60}
		{5B0A64E7-F80C-AA26-26C1-6AC6337D1EF1} = {C1645D5C-9D42-3AE6-DF22-178F8F320A60}
		{61EBEABD-3744-E725-627A-350C53E4198D} = {C1645D5C-9D42-3AE6-DF22-178F8F320A60}
		{089716EB-D3FA-4D3A-D63F-3AF1E0124E5F} = {C1645D5C-9D42-3AE6-DF22-178F8F320A60}
		{AC7F8AB1-24A4-7BE5-D3CC-39903C4F0141} = {C1645D5C-9D42-3AE6-DF22-178F8F320A60}
		{8AAD49DE-63FE-4D8C-CE3B-2D457B533674} = {FFB77400-6E65-F749-6A7F-CCA8C5C9008E}
		{EA64CF27-BD8F-00D4-726E-18F0DA51A9C4} = {FFB77400-6E65-F749-6A7F-CCA8C5C9008E}
		{0C339B98-124A-A7C3-24ED-4C5B21AF6386} = {FFB77400-6E65-F749-6A7F-CCA8C5C9008E}
		{B8427434-AB1B-1116-A580-CCBE68577671} = {FFB77400-6E65-F749-6A7F-CCA8C5C9008E}
		{6DEBDE6F-D563-FBFF-1735-C98D12ACED3F} = {FFB77400-6E65-F749-6A7F-CCA8C5C9008E}
		{8E73EDAE-BF3C-3350-F3CA-BF51EDF35F22} = {FFB77400-6E65-F749-6A7F-CCA8C5C9008E}
		{BAF63706-5488-7FD2-B0E5-6D164C5DD08C} = {FFB77400-6E65-F749-6A7F-CCA8C5C9008E}
		{193B58AC-9A78-4495-900B-C946F5AC0BF7} = {FFB77400-6E65-F749-6A7F-CCA8C5C9008E}
		{225BFE33-D936-068B-5405-6F34F4C47B50} = {FFB77400-6E65-F749-6A7F-CCA8C5C9008E}
		{EA5578DF-FA1A-39B0-DDCE-84AAACDDF6B5} = {FFB77400-6E65-F749-6A7F-CCA8C5C9008E}
		{C0E2DEF6-09B5-AA92-8362-356B8573FE9D} = {FFB77400-6E65-F749-6A7F-CCA8C5C9008E}
		{B0900193-025A-F34A-A892-748200919D0C} = {FFB77400-6E65-F749-6A7F-CCA8C5C9008E}
		{2FAEA8D4-CE88-A358-52BA-2BA93484DBC7} = {FFB77400-6E65-F749-6A7F-CCA8C5C9008E}
		{8DBFD52A-F534-D0C1-6DF6-0B6CB731376C} = {FFB77400-6E65-F749-6A7F-CCA8C5C9008E}
		{58DE5A95-9562-F378-6751-F9A2DD9BFBBE} = {FFB77400-6E65-F749-6A7F-CCA8C5C9008E}
		{C2AB1FED-2A27-072C-3BCD-A2ED209D89A6} = {FFB77400-6E65-F749-6A7F-CCA8C5C9008E}
		{D9029356-F98A-8CC8-6903-982F74EF77EE} = {FFB77400-6E65-F749-6A7F-CCA8C5C9008E}
		{A9A6B4D5-F66E-0914-D592-467522338755} = {FFB77400-6E65-F749-6A7F-CCA8C5C9008E}
		{E0A7E51C-F611-66A0-E596-490E07579FB8} = {FFB77400-6E65-F749-6A7F-CCA8C5C9008E}
		{5365732C-EE4A-0A17-79D7-F105DB768675} = {FFB77400-6E65-F749-6A7F-CCA8C5C9008E}
		{1059E2F9-0945-B751-9874-11FFFAB71052} = {FFB77400-6E65-F749-6A7F-CCA8C5C9008E}
		{1ABF9622-9A4D-F1EB-6F5D-BBF24852132D} = {FFB77400-6E65-F749-6A7F-CCA8C5C9008E}
		{B2DDB743-B888-FD2D-5D06-D436B4B79AED} = {FFB77400-6E65-F749-6A7F-CCA8C5C9008E}
		{3388304B-F6AF-86D8-4EC1-02DC1BDCD2EA} = {FFB77400-6E65-F749-6A7F-CCA8C5C9008E}
		{5A65C91F-5061-5D9C-CB05-7CD54D6E1969} = {FFB77400-6E65-F749-6A7F-CCA8C5C9008E}
		{03FC00DB-3600-32CD-0C81-C5E1499A5300} = {FFB77400-6E65-F749-6A7F-CCA8C5C9008E}
		{B85ED412-42A2-014A-D7FF-F10C926A89A6} = {FFB77400-6E65-F749-6A7F-CCA8C5C9008E}
		{63CD302B-83DB-E9BC-51B2-CBF5CBE8D4E5} = {FFB77400-6E65-F749-6A7F-CCA8C5C9008E}
		{0319B3BD-4C97-ABBE-0416-BADCB98B860A} = {FFB77400-6E65-F749-6A7F-CCA8C5C9008E}
		{CA9B1DC7-3C68-73D2-661A-7E53ACCBBBE1} = {FFB77400-6E65-F749-6A7F-CCA8C5C9008E}
		{FCBCD68C-48DD-1945-213A-74C9CA67FC74} = {FFB77400-6E65-F749-6A7F-CCA8C5C9008E}
		{66231656-7004-41AC-3D3C-E0FDEE363EFF} = {FFB77400-6E65-F749-6A7F-CCA8C5C9008E}
		{48C18E91-79DE-C07D-668C-B8417F4A42EE} = {FFB77400-6E65-F749-6A7F-CCA8C5C9008E}
		{D57FD43E-C452-A090-0411-9D63329364A0} = {FFB77400-6E65-F749-6A7F-CCA8C5C9008E}
		{057D306C-4B42-4B13-C88A-5040339EBF1B} = {FFB77400-6E65-F749-6A7F-CCA8C5C9008E}
		{7133C391-4B06-F209-1999-FE7EA8CF7FBA} = {FFB77400-6E65-F749-6A7F-CCA8C5C9008E}
		{6B2BA495-B9E4-49F4-DF0C-1CD824B17DD4} = {FFB77400-6E65-F749-6A7F-CCA8C5C9008E}
	EndGlobalSection
EndGlobal
