<?xml version="1.0" encoding="utf-8"?>
<Project ToolsVersion="4.0" xmlns="http://schemas.microsoft.com/developer/msbuild/2003">
  <ItemGroup>
    <Filter Include="test">
      <UniqueIdentifier>{5763B17F-46DA-9ED7-179F-9C9F273B791C}</UniqueIdentifier>
    </Filter>
    <Filter Include="test\nop">
      <UniqueIdentifier>{4A1CE54D-7435-A79D-4385-023B58A0E7BA}</UniqueIdentifier>
    </Filter>
  </ItemGroup>
  <ItemGroup>
    <ClCompile Include="test\nop\nop.c">
      <Filter>test\nop</Filter>
    </ClCompile>
    <None Include="node.gyp"/>
  </ItemGroup>
</Project>
