Microsoft Visual Studio Solution File, Format Version 12.00
# Visual Studio 2019
Project("{8BC9CEB8-8B4A-11D0-8D11-00A0C91BC942}") = "genccode", "..\icu\genccode.vcxproj", "{BAE74896-70BF-338B-736B-D943ACD3AB93}"
	ProjectSection(ProjectDependencies) = postProject
		{2607E373-C1C2-BE23-4F9C-8DEBC75B9CAD} = {2607E373-C1C2-BE23-4F9C-8DEBC75B9CAD}
		{D3B9CAC0-9DA4-3099-82C4-6118B3A6EF61} = {D3B9CAC0-9DA4-3099-82C4-6118B3A6EF61}
		{84EA0A60-5FF1-9923-4063-C255F6C9FDCD} = {84EA0A60-5FF1-9923-4063-C255F6C9FDCD}
	EndProjectSection
EndProject
Project("{8BC9CEB8-8B4A-11D0-8D11-00A0C91BC942}") = "icu_implementation", "..\icu\icu_implementation.vcxproj", "{D3B9CAC0-9DA4-3099-82C4-6118B3A6EF61}"
EndProject
Project("{8BC9CEB8-8B4A-11D0-8D11-00A0C91BC942}") = "icu_uconfig", "..\icu\icu_uconfig.vcxproj", "{84EA0A60-5FF1-9923-4063-C255F6C9FDCD}"
EndProject
Project("{8BC9CEB8-8B4A-11D0-8D11-00A0C91BC942}") = "icu_uconfig_target", "..\icu\icu_uconfig_target.vcxproj", "{459EC422-031A-21EF-7444-24D20FB1CD3E}"
EndProject
Project("{8BC9CEB8-8B4A-11D0-8D11-00A0C91BC942}") = "icudata", "..\icu\icudata.vcxproj", "{86C86610-14CD-262D-9E2D-CB3FEAC929FE}"
	ProjectSection(ProjectDependencies) = postProject
		{BAE74896-70BF-338B-736B-D943ACD3AB93} = {BAE74896-70BF-338B-736B-D943ACD3AB93}
	EndProjectSection
EndProject
Project("{8BC9CEB8-8B4A-11D0-8D11-00A0C91BC942}") = "icui18n", "..\icu\icui18n.vcxproj", "{BBB21150-F7DD-A5D7-ED15-9D15C7390CA5}"
	ProjectSection(ProjectDependencies) = postProject
		{D3B9CAC0-9DA4-3099-82C4-6118B3A6EF61} = {D3B9CAC0-9DA4-3099-82C4-6118B3A6EF61}
		{84EA0A60-5FF1-9923-4063-C255F6C9FDCD} = {84EA0A60-5FF1-9923-4063-C255F6C9FDCD}
		{459EC422-031A-21EF-7444-24D20FB1CD3E} = {459EC422-031A-21EF-7444-24D20FB1CD3E}
	EndProjectSection
EndProject
Project("{8BC9CEB8-8B4A-11D0-8D11-00A0C91BC942}") = "icutools", "..\icu\icutools.vcxproj", "{2607E373-C1C2-BE23-4F9C-8DEBC75B9CAD}"
	ProjectSection(ProjectDependencies) = postProject
		{D3B9CAC0-9DA4-3099-82C4-6118B3A6EF61} = {D3B9CAC0-9DA4-3099-82C4-6118B3A6EF61}
		{84EA0A60-5FF1-9923-4063-C255F6C9FDCD} = {84EA0A60-5FF1-9923-4063-C255F6C9FDCD}
	EndProjectSection
EndProject
Project("{8BC9CEB8-8B4A-11D0-8D11-00A0C91BC942}") = "icuuc", "..\icu\icuuc.vcxproj", "{4C6EF4C4-F8D1-63C7-6838-B632D8F64814}"
	ProjectSection(ProjectDependencies) = postProject
		{900613F6-89C2-C031-7519-493DB4DF39EB} = {900613F6-89C2-C031-7519-493DB4DF39EB}
		{86C86610-14CD-262D-9E2D-CB3FEAC929FE} = {86C86610-14CD-262D-9E2D-CB3FEAC929FE}
	EndProjectSection
EndProject
Project("{8BC9CEB8-8B4A-11D0-8D11-00A0C91BC942}") = "icuucx", "..\icu\icuucx.vcxproj", "{900613F6-89C2-C031-7519-493DB4DF39EB}"
	ProjectSection(ProjectDependencies) = postProject
		{D3B9CAC0-9DA4-3099-82C4-6118B3A6EF61} = {D3B9CAC0-9DA4-3099-82C4-6118B3A6EF61}
		{84EA0A60-5FF1-9923-4063-C255F6C9FDCD} = {84EA0A60-5FF1-9923-4063-C255F6C9FDCD}
		{459EC422-031A-21EF-7444-24D20FB1CD3E} = {459EC422-031A-21EF-7444-24D20FB1CD3E}
	EndProjectSection
EndProject
Project("{8BC9CEB8-8B4A-11D0-8D11-00A0C91BC942}") = "bytecode_builtins_list_generator", "bytecode_builtins_list_generator.vcxproj", "{D5D8B57C-F501-A7F9-7615-6CAFF4B6DE3E}"
	ProjectSection(ProjectDependencies) = postProject
		{23D354AD-F1A4-B317-39B7-970729BD7237} = {23D354AD-F1A4-B317-39B7-970729BD7237}
		{2D126C93-8182-A162-0828-7C075E288C18} = {2D126C93-8182-A162-0828-7C075E288C18}
		{A555DC50-EECC-4F83-DB0D-D50E99E781A0} = {A555DC50-EECC-4F83-DB0D-D50E99E781A0}
		{DD24A623-A4D7-3531-68B7-7AC91E518242} = {DD24A623-A4D7-3531-68B7-7AC91E518242}
		{576022AB-240E-1F49-3CE1-4CEE0A1AC91B} = {576022AB-240E-1F49-3CE1-4CEE0A1AC91B}
	EndProjectSection
EndProject
Project("{8BC9CEB8-8B4A-11D0-8D11-00A0C91BC942}") = "cppgc_base", "cppgc_base.vcxproj", "{5D15A888-D1D8-503A-C3CA-018CAFFDA643}"
EndProject
Project("{8BC9CEB8-8B4A-11D0-8D11-00A0C91BC942}") = "cppgc_headers", "cppgc_headers.vcxproj", "{DD24A623-A4D7-3531-68B7-7AC91E518242}"
EndProject
Project("{8BC9CEB8-8B4A-11D0-8D11-00A0C91BC942}") = "gen-regexp-special-case", "gen-regexp-special-case.vcxproj", "{71CE35BB-3D58-C511-41D1-FABFE934CD2D}"
	ProjectSection(ProjectDependencies) = postProject
		{23D354AD-F1A4-B317-39B7-970729BD7237} = {23D354AD-F1A4-B317-39B7-970729BD7237}
		{3492883C-9303-EF68-8E38-795C6858C1DC} = {3492883C-9303-EF68-8E38-795C6858C1DC}
		{2D126C93-8182-A162-0828-7C075E288C18} = {2D126C93-8182-A162-0828-7C075E288C18}
		{A555DC50-EECC-4F83-DB0D-D50E99E781A0} = {A555DC50-EECC-4F83-DB0D-D50E99E781A0}
		{DD24A623-A4D7-3531-68B7-7AC91E518242} = {DD24A623-A4D7-3531-68B7-7AC91E518242}
		{576022AB-240E-1F49-3CE1-4CEE0A1AC91B} = {576022AB-240E-1F49-3CE1-4CEE0A1AC91B}
		{BBB21150-F7DD-A5D7-ED15-9D15C7390CA5} = {BBB21150-F7DD-A5D7-ED15-9D15C7390CA5}
		{900613F6-89C2-C031-7519-493DB4DF39EB} = {900613F6-89C2-C031-7519-493DB4DF39EB}
		{D3B9CAC0-9DA4-3099-82C4-6118B3A6EF61} = {D3B9CAC0-9DA4-3099-82C4-6118B3A6EF61}
		{84EA0A60-5FF1-9923-4063-C255F6C9FDCD} = {84EA0A60-5FF1-9923-4063-C255F6C9FDCD}
		{459EC422-031A-21EF-7444-24D20FB1CD3E} = {459EC422-031A-21EF-7444-24D20FB1CD3E}
		{4C6EF4C4-F8D1-63C7-6838-B632D8F64814} = {4C6EF4C4-F8D1-63C7-6838-B632D8F64814}
		{86C86610-14CD-262D-9E2D-CB3FEAC929FE} = {86C86610-14CD-262D-9E2D-CB3FEAC929FE}
	EndProjectSection
EndProject
Project("{8BC9CEB8-8B4A-11D0-8D11-00A0C91BC942}") = "generate_bytecode_builtins_list", "generate_bytecode_builtins_list.vcxproj", "{B5E189BC-9F62-A547-AF4A-814F4B0FF6B1}"
	ProjectSection(ProjectDependencies) = postProject
		{D5D8B57C-F501-A7F9-7615-6CAFF4B6DE3E} = {D5D8B57C-F501-A7F9-7615-6CAFF4B6DE3E}
	EndProjectSection
EndProject
Project("{8BC9CEB8-8B4A-11D0-8D11-00A0C91BC942}") = "mksnapshot", "mksnapshot.vcxproj", "{B8520DE0-3DDF-692D-C857-3FF78F89721D}"
	ProjectSection(ProjectDependencies) = postProject
		{C60C2A6F-6ABA-A331-BB35-70A69450A7E9} = {C60C2A6F-6ABA-A331-BB35-70A69450A7E9}
		{5ADE480E-93F2-0614-488F-C92632E5D710} = {5ADE480E-93F2-0614-488F-C92632E5D710}
		{F3785348-205D-67B8-31AC-66A003EB2D2E} = {F3785348-205D-67B8-31AC-66A003EB2D2E}
		{23D354AD-F1A4-B317-39B7-970729BD7237} = {23D354AD-F1A4-B317-39B7-970729BD7237}
		{9C84622E-2A78-C072-A9A7-501A06AC8A57} = {9C84622E-2A78-C072-A9A7-501A06AC8A57}
		{3492883C-9303-EF68-8E38-795C6858C1DC} = {3492883C-9303-EF68-8E38-795C6858C1DC}
		{B9D8A711-4556-ED43-70E4-6CAC001CC2B2} = {B9D8A711-4556-ED43-70E4-6CAC001CC2B2}
		{B5E189BC-9F62-A547-AF4A-814F4B0FF6B1} = {B5E189BC-9F62-A547-AF4A-814F4B0FF6B1}
		{9196683C-0724-8817-63FD-5B25DF4AB6D4} = {9196683C-0724-8817-63FD-5B25DF4AB6D4}
		{BA65E50E-1B77-B3AC-5131-CDC45CB1D59D} = {BA65E50E-1B77-B3AC-5131-CDC45CB1D59D}
		{01532224-1530-3F94-1DFE-13FB45AE560D} = {01532224-1530-3F94-1DFE-13FB45AE560D}
		{A432294E-76C8-063D-C997-931991761670} = {A432294E-76C8-063D-C997-931991761670}
		{E1BDD45E-397D-936C-2C6D-65E69B682C98} = {E1BDD45E-397D-936C-2C6D-65E69B682C98}
		{2D126C93-8182-A162-0828-7C075E288C18} = {2D126C93-8182-A162-0828-7C075E288C18}
		{A555DC50-EECC-4F83-DB0D-D50E99E781A0} = {A555DC50-EECC-4F83-DB0D-D50E99E781A0}
		{DD24A623-A4D7-3531-68B7-7AC91E518242} = {DD24A623-A4D7-3531-68B7-7AC91E518242}
		{576022AB-240E-1F49-3CE1-4CEE0A1AC91B} = {576022AB-240E-1F49-3CE1-4CEE0A1AC91B}
		{BBB21150-F7DD-A5D7-ED15-9D15C7390CA5} = {BBB21150-F7DD-A5D7-ED15-9D15C7390CA5}
		{900613F6-89C2-C031-7519-493DB4DF39EB} = {900613F6-89C2-C031-7519-493DB4DF39EB}
		{D3B9CAC0-9DA4-3099-82C4-6118B3A6EF61} = {D3B9CAC0-9DA4-3099-82C4-6118B3A6EF61}
		{84EA0A60-5FF1-9923-4063-C255F6C9FDCD} = {84EA0A60-5FF1-9923-4063-C255F6C9FDCD}
		{459EC422-031A-21EF-7444-24D20FB1CD3E} = {459EC422-031A-21EF-7444-24D20FB1CD3E}
		{4C6EF4C4-F8D1-63C7-6838-B632D8F64814} = {4C6EF4C4-F8D1-63C7-6838-B632D8F64814}
		{86C86610-14CD-262D-9E2D-CB3FEAC929FE} = {86C86610-14CD-262D-9E2D-CB3FEAC929FE}
		{77D7110E-D3FC-5E99-CF1E-6F865A850238} = {77D7110E-D3FC-5E99-CF1E-6F865A850238}
		{EDC1E8E5-B1DC-894E-AA60-F3701E5ACB89} = {EDC1E8E5-B1DC-894E-AA60-F3701E5ACB89}
		{5D15A888-D1D8-503A-C3CA-018CAFFDA643} = {5D15A888-D1D8-503A-C3CA-018CAFFDA643}
		{DB3247B4-9FAF-51A8-AD97-A5C96A11FF0F} = {DB3247B4-9FAF-51A8-AD97-A5C96A11FF0F}
		{7072953E-16A9-527F-3444-93470DDEE284} = {7072953E-16A9-527F-3444-93470DDEE284}
		{ECF9C503-BA58-3F75-4FD4-A4AFDE62EB38} = {ECF9C503-BA58-3F75-4FD4-A4AFDE62EB38}
		{075FC18C-6DE1-DB94-6F30-15C3DA9DB024} = {075FC18C-6DE1-DB94-6F30-15C3DA9DB024}
		{43241E6A-1BB2-9742-9362-D53D8FA10411} = {43241E6A-1BB2-9742-9362-D53D8FA10411}
	EndProjectSection
EndProject
Project("{8BC9CEB8-8B4A-11D0-8D11-00A0C91BC942}") = "postmortem-metadata", "postmortem-metadata.vcxproj", "{C8F27755-BD6D-7B39-D142-8131FD0AC981}"
	ProjectSection(ProjectDependencies) = postProject
		{9196683C-0724-8817-63FD-5B25DF4AB6D4} = {9196683C-0724-8817-63FD-5B25DF4AB6D4}
	EndProjectSection
EndProject
Project("{8BC9CEB8-8B4A-11D0-8D11-00A0C91BC942}") = "run_gen-regexp-special-case", "run_gen-regexp-special-case.vcxproj", "{7072953E-16A9-527F-3444-93470DDEE284}"
	ProjectSection(ProjectDependencies) = postProject
		{71CE35BB-3D58-C511-41D1-FABFE934CD2D} = {71CE35BB-3D58-C511-41D1-FABFE934CD2D}
	EndProjectSection
EndProject
Project("{8BC9CEB8-8B4A-11D0-8D11-00A0C91BC942}") = "run_torque", "run_torque.vcxproj", "{9196683C-0724-8817-63FD-5B25DF4AB6D4}"
	ProjectSection(ProjectDependencies) = postProject
		{0C273E53-AC00-FE0A-1AC7-CD87D5D1343D} = {0C273E53-AC00-FE0A-1AC7-CD87D5D1343D}
	EndProjectSection
EndProject
Project("{8BC9CEB8-8B4A-11D0-8D11-00A0C91BC942}") = "torque-language-server", "torque-language-server.vcxproj", "{CC60D8F4-2301-D913-6475-E2B2770A7BB5}"
	ProjectSection(ProjectDependencies) = postProject
		{840183FD-46B0-0F0A-49F6-74B9F873AF12} = {840183FD-46B0-0F0A-49F6-74B9F873AF12}
		{DA248BCB-237F-B794-7B53-D9B2A688E5E2} = {DA248BCB-237F-B794-7B53-D9B2A688E5E2}
		{E1BDD45E-397D-936C-2C6D-65E69B682C98} = {E1BDD45E-397D-936C-2C6D-65E69B682C98}
		{2D126C93-8182-A162-0828-7C075E288C18} = {2D126C93-8182-A162-0828-7C075E288C18}
		{A555DC50-EECC-4F83-DB0D-D50E99E781A0} = {A555DC50-EECC-4F83-DB0D-D50E99E781A0}
		{DD24A623-A4D7-3531-68B7-7AC91E518242} = {DD24A623-A4D7-3531-68B7-7AC91E518242}
		{576022AB-240E-1F49-3CE1-4CEE0A1AC91B} = {576022AB-240E-1F49-3CE1-4CEE0A1AC91B}
		{23D354AD-F1A4-B317-39B7-970729BD7237} = {23D354AD-F1A4-B317-39B7-970729BD7237}
	EndProjectSection
EndProject
Project("{8BC9CEB8-8B4A-11D0-8D11-00A0C91BC942}") = "torque", "torque.vcxproj", "{0C273E53-AC00-FE0A-1AC7-CD87D5D1343D}"
	ProjectSection(ProjectDependencies) = postProject
		{840183FD-46B0-0F0A-49F6-74B9F873AF12} = {840183FD-46B0-0F0A-49F6-74B9F873AF12}
		{E1BDD45E-397D-936C-2C6D-65E69B682C98} = {E1BDD45E-397D-936C-2C6D-65E69B682C98}
		{2D126C93-8182-A162-0828-7C075E288C18} = {2D126C93-8182-A162-0828-7C075E288C18}
		{A555DC50-EECC-4F83-DB0D-D50E99E781A0} = {A555DC50-EECC-4F83-DB0D-D50E99E781A0}
		{DD24A623-A4D7-3531-68B7-7AC91E518242} = {DD24A623-A4D7-3531-68B7-7AC91E518242}
		{576022AB-240E-1F49-3CE1-4CEE0A1AC91B} = {576022AB-240E-1F49-3CE1-4CEE0A1AC91B}
		{23D354AD-F1A4-B317-39B7-970729BD7237} = {23D354AD-F1A4-B317-39B7-970729BD7237}
	EndProjectSection
EndProject
Project("{8BC9CEB8-8B4A-11D0-8D11-00A0C91BC942}") = "torque_base", "torque_base.vcxproj", "{840183FD-46B0-0F0A-49F6-74B9F873AF12}"
	ProjectSection(ProjectDependencies) = postProject
		{E1BDD45E-397D-936C-2C6D-65E69B682C98} = {E1BDD45E-397D-936C-2C6D-65E69B682C98}
	EndProjectSection
EndProject
Project("{8BC9CEB8-8B4A-11D0-8D11-00A0C91BC942}") = "torque_generated_definitions", "torque_generated_definitions.vcxproj", "{B9D8A711-4556-ED43-70E4-6CAC001CC2B2}"
	ProjectSection(ProjectDependencies) = postProject
		{B5E189BC-9F62-A547-AF4A-814F4B0FF6B1} = {B5E189BC-9F62-A547-AF4A-814F4B0FF6B1}
		{9196683C-0724-8817-63FD-5B25DF4AB6D4} = {9196683C-0724-8817-63FD-5B25DF4AB6D4}
		{BA65E50E-1B77-B3AC-5131-CDC45CB1D59D} = {BA65E50E-1B77-B3AC-5131-CDC45CB1D59D}
		{23D354AD-F1A4-B317-39B7-970729BD7237} = {23D354AD-F1A4-B317-39B7-970729BD7237}
		{3492883C-9303-EF68-8E38-795C6858C1DC} = {3492883C-9303-EF68-8E38-795C6858C1DC}
	EndProjectSection
EndProject
Project("{8BC9CEB8-8B4A-11D0-8D11-00A0C91BC942}") = "torque_generated_initializers", "torque_generated_initializers.vcxproj", "{43241E6A-1BB2-9742-9362-D53D8FA10411}"
	ProjectSection(ProjectDependencies) = postProject
		{B5E189BC-9F62-A547-AF4A-814F4B0FF6B1} = {B5E189BC-9F62-A547-AF4A-814F4B0FF6B1}
		{9196683C-0724-8817-63FD-5B25DF4AB6D4} = {9196683C-0724-8817-63FD-5B25DF4AB6D4}
		{C60C2A6F-6ABA-A331-BB35-70A69450A7E9} = {C60C2A6F-6ABA-A331-BB35-70A69450A7E9}
		{01532224-1530-3F94-1DFE-13FB45AE560D} = {01532224-1530-3F94-1DFE-13FB45AE560D}
		{3492883C-9303-EF68-8E38-795C6858C1DC} = {3492883C-9303-EF68-8E38-795C6858C1DC}
	EndProjectSection
EndProject
Project("{8BC9CEB8-8B4A-11D0-8D11-00A0C91BC942}") = "torque_ls_base", "torque_ls_base.vcxproj", "{DA248BCB-237F-B794-7B53-D9B2A688E5E2}"
EndProject
Project("{8BC9CEB8-8B4A-11D0-8D11-00A0C91BC942}") = "torque_runtime_support", "torque_runtime_support.vcxproj", "{01532224-1530-3F94-1DFE-13FB45AE560D}"
EndProject
Project("{8BC9CEB8-8B4A-11D0-8D11-00A0C91BC942}") = "v8", "v8.vcxproj", "{8123F0CC-1D01-C5A9-349C-216D18CBE16A}"
EndProject
Project("{8BC9CEB8-8B4A-11D0-8D11-00A0C91BC942}") = "v8_base", "v8_base.vcxproj", "{B8D95B7C-35A6-624E-9ABD-45A99DA77AAD}"
	ProjectSection(ProjectDependencies) = postProject
		{C60C2A6F-6ABA-A331-BB35-70A69450A7E9} = {C60C2A6F-6ABA-A331-BB35-70A69450A7E9}
		{ECF9C503-BA58-3F75-4FD4-A4AFDE62EB38} = {ECF9C503-BA58-3F75-4FD4-A4AFDE62EB38}
	EndProjectSection
EndProject
Project("{8BC9CEB8-8B4A-11D0-8D11-00A0C91BC942}") = "v8_base_without_compiler", "v8_base_without_compiler.vcxproj", "{C60C2A6F-6ABA-A331-BB35-70A69450A7E9}"
	ProjectSection(ProjectDependencies) = postProject
		{B9D8A711-4556-ED43-70E4-6CAC001CC2B2} = {B9D8A711-4556-ED43-70E4-6CAC001CC2B2}
		{77D7110E-D3FC-5E99-CF1E-6F865A850238} = {77D7110E-D3FC-5E99-CF1E-6F865A850238}
		{EDC1E8E5-B1DC-894E-AA60-F3701E5ACB89} = {EDC1E8E5-B1DC-894E-AA60-F3701E5ACB89}
		{2D126C93-8182-A162-0828-7C075E288C18} = {2D126C93-8182-A162-0828-7C075E288C18}
		{E1BDD45E-397D-936C-2C6D-65E69B682C98} = {E1BDD45E-397D-936C-2C6D-65E69B682C98}
		{576022AB-240E-1F49-3CE1-4CEE0A1AC91B} = {576022AB-240E-1F49-3CE1-4CEE0A1AC91B}
		{5D15A888-D1D8-503A-C3CA-018CAFFDA643} = {5D15A888-D1D8-503A-C3CA-018CAFFDA643}
		{B5E189BC-9F62-A547-AF4A-814F4B0FF6B1} = {B5E189BC-9F62-A547-AF4A-814F4B0FF6B1}
		{9196683C-0724-8817-63FD-5B25DF4AB6D4} = {9196683C-0724-8817-63FD-5B25DF4AB6D4}
		{BA65E50E-1B77-B3AC-5131-CDC45CB1D59D} = {BA65E50E-1B77-B3AC-5131-CDC45CB1D59D}
		{3492883C-9303-EF68-8E38-795C6858C1DC} = {3492883C-9303-EF68-8E38-795C6858C1DC}
		{7072953E-16A9-527F-3444-93470DDEE284} = {7072953E-16A9-527F-3444-93470DDEE284}
	EndProjectSection
EndProject
Project("{8BC9CEB8-8B4A-11D0-8D11-00A0C91BC942}") = "v8_bigint", "v8_bigint.vcxproj", "{77D7110E-D3FC-5E99-CF1E-6F865A850238}"
EndProject
Project("{8BC9CEB8-8B4A-11D0-8D11-00A0C91BC942}") = "v8_compiler", "v8_compiler.vcxproj", "{ECF9C503-BA58-3F75-4FD4-A4AFDE62EB38}"
	ProjectSection(ProjectDependencies) = postProject
		{B5E189BC-9F62-A547-AF4A-814F4B0FF6B1} = {B5E189BC-9F62-A547-AF4A-814F4B0FF6B1}
		{9196683C-0724-8817-63FD-5B25DF4AB6D4} = {9196683C-0724-8817-63FD-5B25DF4AB6D4}
		{BA65E50E-1B77-B3AC-5131-CDC45CB1D59D} = {BA65E50E-1B77-B3AC-5131-CDC45CB1D59D}
		{3492883C-9303-EF68-8E38-795C6858C1DC} = {3492883C-9303-EF68-8E38-795C6858C1DC}
		{E1BDD45E-397D-936C-2C6D-65E69B682C98} = {E1BDD45E-397D-936C-2C6D-65E69B682C98}
	EndProjectSection
EndProject
Project("{8BC9CEB8-8B4A-11D0-8D11-00A0C91BC942}") = "v8_compiler_for_mksnapshot", "v8_compiler_for_mksnapshot.vcxproj", "{5ADE480E-93F2-0614-488F-C92632E5D710}"
	ProjectSection(ProjectDependencies) = postProject
		{B5E189BC-9F62-A547-AF4A-814F4B0FF6B1} = {B5E189BC-9F62-A547-AF4A-814F4B0FF6B1}
		{9196683C-0724-8817-63FD-5B25DF4AB6D4} = {9196683C-0724-8817-63FD-5B25DF4AB6D4}
		{3492883C-9303-EF68-8E38-795C6858C1DC} = {3492883C-9303-EF68-8E38-795C6858C1DC}
		{ECF9C503-BA58-3F75-4FD4-A4AFDE62EB38} = {ECF9C503-BA58-3F75-4FD4-A4AFDE62EB38}
	EndProjectSection
EndProject
Project("{8BC9CEB8-8B4A-11D0-8D11-00A0C91BC942}") = "v8_compiler_opt", "v8_compiler_opt.vcxproj", "{08BCD814-7951-1544-F474-6542C152CC31}"
	ProjectSection(ProjectDependencies) = postProject
		{B5E189BC-9F62-A547-AF4A-814F4B0FF6B1} = {B5E189BC-9F62-A547-AF4A-814F4B0FF6B1}
		{9196683C-0724-8817-63FD-5B25DF4AB6D4} = {9196683C-0724-8817-63FD-5B25DF4AB6D4}
		{3492883C-9303-EF68-8E38-795C6858C1DC} = {3492883C-9303-EF68-8E38-795C6858C1DC}
		{BA65E50E-1B77-B3AC-5131-CDC45CB1D59D} = {BA65E50E-1B77-B3AC-5131-CDC45CB1D59D}
		{E1BDD45E-397D-936C-2C6D-65E69B682C98} = {E1BDD45E-397D-936C-2C6D-65E69B682C98}
	EndProjectSection
EndProject
Project("{8BC9CEB8-8B4A-11D0-8D11-00A0C91BC942}") = "v8_config_headers", "v8_config_headers.vcxproj", "{A555DC50-EECC-4F83-DB0D-D50E99E781A0}"
EndProject
Project("{8BC9CEB8-8B4A-11D0-8D11-00A0C91BC942}") = "v8_cppgc_shared", "v8_cppgc_shared.vcxproj", "{EDC1E8E5-B1DC-894E-AA60-F3701E5ACB89}"
EndProject
Project("{8BC9CEB8-8B4A-11D0-8D11-00A0C91BC942}") = "v8_flags", "v8_flags.vcxproj", "{A432294E-76C8-063D-C997-931991761670}"
	ProjectSection(ProjectDependencies) = postProject
		{E1BDD45E-397D-936C-2C6D-65E69B682C98} = {E1BDD45E-397D-936C-2C6D-65E69B682C98}
	EndProjectSection
EndProject
Project("{8BC9CEB8-8B4A-11D0-8D11-00A0C91BC942}") = "v8_headers", "v8_headers.vcxproj", "{2D126C93-8182-A162-0828-7C075E288C18}"
	ProjectSection(ProjectDependencies) = postProject
		{A555DC50-EECC-4F83-DB0D-D50E99E781A0} = {A555DC50-EECC-4F83-DB0D-D50E99E781A0}
		{DD24A623-A4D7-3531-68B7-7AC91E518242} = {DD24A623-A4D7-3531-68B7-7AC91E518242}
		{576022AB-240E-1F49-3CE1-4CEE0A1AC91B} = {576022AB-240E-1F49-3CE1-4CEE0A1AC91B}
	EndProjectSection
EndProject
Project("{8BC9CEB8-8B4A-11D0-8D11-00A0C91BC942}") = "v8_init", "v8_init.vcxproj", "{F3785348-205D-67B8-31AC-66A003EB2D2E}"
	ProjectSection(ProjectDependencies) = postProject
		{B5E189BC-9F62-A547-AF4A-814F4B0FF6B1} = {B5E189BC-9F62-A547-AF4A-814F4B0FF6B1}
		{9196683C-0724-8817-63FD-5B25DF4AB6D4} = {9196683C-0724-8817-63FD-5B25DF4AB6D4}
		{3492883C-9303-EF68-8E38-795C6858C1DC} = {3492883C-9303-EF68-8E38-795C6858C1DC}
	EndProjectSection
EndProject
Project("{8BC9CEB8-8B4A-11D0-8D11-00A0C91BC942}") = "v8_initializers", "v8_initializers.vcxproj", "{075FC18C-6DE1-DB94-6F30-15C3DA9DB024}"
	ProjectSection(ProjectDependencies) = postProject
		{43241E6A-1BB2-9742-9362-D53D8FA10411} = {43241E6A-1BB2-9742-9362-D53D8FA10411}
		{E1BDD45E-397D-936C-2C6D-65E69B682C98} = {E1BDD45E-397D-936C-2C6D-65E69B682C98}
		{4C6EF4C4-F8D1-63C7-6838-B632D8F64814} = {4C6EF4C4-F8D1-63C7-6838-B632D8F64814}
	EndProjectSection
EndProject
Project("{8BC9CEB8-8B4A-11D0-8D11-00A0C91BC942}") = "v8_internal_headers", "v8_internal_headers.vcxproj", "{BA65E50E-1B77-B3AC-5131-CDC45CB1D59D}"
	ProjectSection(ProjectDependencies) = postProject
		{01532224-1530-3F94-1DFE-13FB45AE560D} = {01532224-1530-3F94-1DFE-13FB45AE560D}
		{A432294E-76C8-063D-C997-931991761670} = {A432294E-76C8-063D-C997-931991761670}
		{2D126C93-8182-A162-0828-7C075E288C18} = {2D126C93-8182-A162-0828-7C075E288C18}
		{3492883C-9303-EF68-8E38-795C6858C1DC} = {3492883C-9303-EF68-8E38-795C6858C1DC}
		{E1BDD45E-397D-936C-2C6D-65E69B682C98} = {E1BDD45E-397D-936C-2C6D-65E69B682C98}
		{DD24A623-A4D7-3531-68B7-7AC91E518242} = {DD24A623-A4D7-3531-68B7-7AC91E518242}
		{B5E189BC-9F62-A547-AF4A-814F4B0FF6B1} = {B5E189BC-9F62-A547-AF4A-814F4B0FF6B1}
		{9196683C-0724-8817-63FD-5B25DF4AB6D4} = {9196683C-0724-8817-63FD-5B25DF4AB6D4}
		{23D354AD-F1A4-B317-39B7-970729BD7237} = {23D354AD-F1A4-B317-39B7-970729BD7237}
	EndProjectSection
EndProject
Project("{8BC9CEB8-8B4A-11D0-8D11-00A0C91BC942}") = "v8_libbase", "v8_libbase.vcxproj", "{23D354AD-F1A4-B317-39B7-970729BD7237}"
	ProjectSection(ProjectDependencies) = postProject
		{2D126C93-8182-A162-0828-7C075E288C18} = {2D126C93-8182-A162-0828-7C075E288C18}
	EndProjectSection
EndProject
Project("{8BC9CEB8-8B4A-11D0-8D11-00A0C91BC942}") = "v8_libplatform", "v8_libplatform.vcxproj", "{9C84622E-2A78-C072-A9A7-501A06AC8A57}"
EndProject
Project("{8BC9CEB8-8B4A-11D0-8D11-00A0C91BC942}") = "v8_libsampler", "v8_libsampler.vcxproj", "{A66C0B12-CE91-C3DF-23FC-9BBA42A9BEED}"
EndProject
Project("{8BC9CEB8-8B4A-11D0-8D11-00A0C91BC942}") = "v8_maybe_icu", "v8_maybe_icu.vcxproj", "{3492883C-9303-EF68-8E38-795C6858C1DC}"
	ProjectSection(ProjectDependencies) = postProject
		{BBB21150-F7DD-A5D7-ED15-9D15C7390CA5} = {BBB21150-F7DD-A5D7-ED15-9D15C7390CA5}
		{4C6EF4C4-F8D1-63C7-6838-B632D8F64814} = {4C6EF4C4-F8D1-63C7-6838-B632D8F64814}
	EndProjectSection
EndProject
Project("{8BC9CEB8-8B4A-11D0-8D11-00A0C91BC942}") = "v8_shared_internal_headers", "v8_shared_internal_headers.vcxproj", "{E1BDD45E-397D-936C-2C6D-65E69B682C98}"
	ProjectSection(ProjectDependencies) = postProject
		{2D126C93-8182-A162-0828-7C075E288C18} = {2D126C93-8182-A162-0828-7C075E288C18}
		{23D354AD-F1A4-B317-39B7-970729BD7237} = {23D354AD-F1A4-B317-39B7-970729BD7237}
	EndProjectSection
EndProject
Project("{8BC9CEB8-8B4A-11D0-8D11-00A0C91BC942}") = "v8_snapshot", "v8_snapshot.vcxproj", "{DD4E334B-844D-1B8F-7129-2965529591A3}"
	ProjectSection(ProjectDependencies) = postProject
		{B5E189BC-9F62-A547-AF4A-814F4B0FF6B1} = {B5E189BC-9F62-A547-AF4A-814F4B0FF6B1}
		{9196683C-0724-8817-63FD-5B25DF4AB6D4} = {9196683C-0724-8817-63FD-5B25DF4AB6D4}
		{B8520DE0-3DDF-692D-C857-3FF78F89721D} = {B8520DE0-3DDF-692D-C857-3FF78F89721D}
		{3492883C-9303-EF68-8E38-795C6858C1DC} = {3492883C-9303-EF68-8E38-795C6858C1DC}
		{5ADE480E-93F2-0614-488F-C92632E5D710} = {5ADE480E-93F2-0614-488F-C92632E5D710}
	EndProjectSection
EndProject
Project("{8BC9CEB8-8B4A-11D0-8D11-00A0C91BC942}") = "v8_version", "v8_version.vcxproj", "{576022AB-240E-1F49-3CE1-4CEE0A1AC91B}"
EndProject
Project("{8BC9CEB8-8B4A-11D0-8D11-00A0C91BC942}") = "v8_zlib", "v8_zlib.vcxproj", "{DB3247B4-9FAF-51A8-AD97-A5C96A11FF0F}"
EndProject
Project("{2150E333-8FDC-42A3-9474-1A3956D46DE8}") = "(icu)", "..\..\icu", "{B5E6450C-38DC-834B-6919-953F956C4755}"
EndProject
Project("{2150E333-8FDC-42A3-9474-1A3956D46DE8}") = "(v8_gypfiles)", "..\..\v8_gypfiles", "{B51E35C3-7C62-E28D-76A1-18185ED4F6D1}"
EndProject
Global
	GlobalSection(SolutionConfigurationPlatforms) = preSolution
		Release|x64 = Release|x64
		Debug|x64 = Debug|x64
	EndGlobalSection
	GlobalSection(ProjectConfigurationPlatforms) = postSolution
		{01532224-1530-3F94-1DFE-13FB45AE560D}.Release|x64.ActiveCfg = Release|x64
		{01532224-1530-3F94-1DFE-13FB45AE560D}.Release|x64.Build.0 = Release|x64
		{01532224-1530-3F94-1DFE-13FB45AE560D}.Debug|x64.ActiveCfg = Debug|x64
		{01532224-1530-3F94-1DFE-13FB45AE560D}.Debug|x64.Build.0 = Debug|x64
		{075FC18C-6DE1-DB94-6F30-15C3DA9DB024}.Release|x64.ActiveCfg = Release|x64
		{075FC18C-6DE1-DB94-6F30-15C3DA9DB024}.Release|x64.Build.0 = Release|x64
		{075FC18C-6DE1-DB94-6F30-15C3DA9DB024}.Debug|x64.ActiveCfg = Debug|x64
		{075FC18C-6DE1-DB94-6F30-15C3DA9DB024}.Debug|x64.Build.0 = Debug|x64
		{08BCD814-7951-1544-F474-6542C152CC31}.Release|x64.ActiveCfg = Release|x64
		{08BCD814-7951-1544-F474-6542C152CC31}.Release|x64.Build.0 = Release|x64
		{08BCD814-7951-1544-F474-6542C152CC31}.Debug|x64.ActiveCfg = Debug|x64
		{08BCD814-7951-1544-F474-6542C152CC31}.Debug|x64.Build.0 = Debug|x64
		{0C273E53-AC00-FE0A-1AC7-CD87D5D1343D}.Release|x64.ActiveCfg = Release|x64
		{0C273E53-AC00-FE0A-1AC7-CD87D5D1343D}.Release|x64.Build.0 = Release|x64
		{0C273E53-AC00-FE0A-1AC7-CD87D5D1343D}.Debug|x64.ActiveCfg = Debug|x64
		{0C273E53-AC00-FE0A-1AC7-CD87D5D1343D}.Debug|x64.Build.0 = Debug|x64
		{23D354AD-F1A4-B317-39B7-970729BD7237}.Release|x64.ActiveCfg = Release|x64
		{23D354AD-F1A4-B317-39B7-970729BD7237}.Release|x64.Build.0 = Release|x64
		{23D354AD-F1A4-B317-39B7-970729BD7237}.Debug|x64.ActiveCfg = Debug|x64
		{23D354AD-F1A4-B317-39B7-970729BD7237}.Debug|x64.Build.0 = Debug|x64
		{2607E373-C1C2-BE23-4F9C-8DEBC75B9CAD}.Release|x64.ActiveCfg = Release|x64
		{2607E373-C1C2-BE23-4F9C-8DEBC75B9CAD}.Release|x64.Build.0 = Release|x64
		{2607E373-C1C2-BE23-4F9C-8DEBC75B9CAD}.Debug|x64.ActiveCfg = Debug|x64
		{2607E373-C1C2-BE23-4F9C-8DEBC75B9CAD}.Debug|x64.Build.0 = Debug|x64
		{2D126C93-8182-A162-0828-7C075E288C18}.Release|x64.ActiveCfg = Release|x64
		{2D126C93-8182-A162-0828-7C075E288C18}.Release|x64.Build.0 = Release|x64
		{2D126C93-8182-A162-0828-7C075E288C18}.Debug|x64.ActiveCfg = Debug|x64
		{2D126C93-8182-A162-0828-7C075E288C18}.Debug|x64.Build.0 = Debug|x64
		{3492883C-9303-EF68-8E38-795C6858C1DC}.Release|x64.ActiveCfg = Release|x64
		{3492883C-9303-EF68-8E38-795C6858C1DC}.Release|x64.Build.0 = Release|x64
		{3492883C-9303-EF68-8E38-795C6858C1DC}.Debug|x64.ActiveCfg = Debug|x64
		{3492883C-9303-EF68-8E38-795C6858C1DC}.Debug|x64.Build.0 = Debug|x64
		{43241E6A-1BB2-9742-9362-D53D8FA10411}.Release|x64.ActiveCfg = Release|x64
		{43241E6A-1BB2-9742-9362-D53D8FA10411}.Release|x64.Build.0 = Release|x64
		{43241E6A-1BB2-9742-9362-D53D8FA10411}.Debug|x64.ActiveCfg = Debug|x64
		{43241E6A-1BB2-9742-9362-D53D8FA10411}.Debug|x64.Build.0 = Debug|x64
		{459EC422-031A-21EF-7444-24D20FB1CD3E}.Release|x64.ActiveCfg = Release|x64
		{459EC422-031A-21EF-7444-24D20FB1CD3E}.Release|x64.Build.0 = Release|x64
		{459EC422-031A-21EF-7444-24D20FB1CD3E}.Debug|x64.ActiveCfg = Debug|x64
		{459EC422-031A-21EF-7444-24D20FB1CD3E}.Debug|x64.Build.0 = Debug|x64
		{4C6EF4C4-F8D1-63C7-6838-B632D8F64814}.Release|x64.ActiveCfg = Release|x64
		{4C6EF4C4-F8D1-63C7-6838-B632D8F64814}.Release|x64.Build.0 = Release|x64
		{4C6EF4C4-F8D1-63C7-6838-B632D8F64814}.Debug|x64.ActiveCfg = Debug|x64
		{4C6EF4C4-F8D1-63C7-6838-B632D8F64814}.Debug|x64.Build.0 = Debug|x64
		{576022AB-240E-1F49-3CE1-4CEE0A1AC91B}.Release|x64.ActiveCfg = Release|x64
		{576022AB-240E-1F49-3CE1-4CEE0A1AC91B}.Release|x64.Build.0 = Release|x64
		{576022AB-240E-1F49-3CE1-4CEE0A1AC91B}.Debug|x64.ActiveCfg = Debug|x64
		{576022AB-240E-1F49-3CE1-4CEE0A1AC91B}.Debug|x64.Build.0 = Debug|x64
		{5ADE480E-93F2-0614-488F-C92632E5D710}.Release|x64.ActiveCfg = Release|x64
		{5ADE480E-93F2-0614-488F-C92632E5D710}.Release|x64.Build.0 = Release|x64
		{5ADE480E-93F2-0614-488F-C92632E5D710}.Debug|x64.ActiveCfg = Debug|x64
		{5ADE480E-93F2-0614-488F-C92632E5D710}.Debug|x64.Build.0 = Debug|x64
		{5D15A888-D1D8-503A-C3CA-018CAFFDA643}.Release|x64.ActiveCfg = Release|x64
		{5D15A888-D1D8-503A-C3CA-018CAFFDA643}.Release|x64.Build.0 = Release|x64
		{5D15A888-D1D8-503A-C3CA-018CAFFDA643}.Debug|x64.ActiveCfg = Debug|x64
		{5D15A888-D1D8-503A-C3CA-018CAFFDA643}.Debug|x64.Build.0 = Debug|x64
		{7072953E-16A9-527F-3444-93470DDEE284}.Release|x64.ActiveCfg = Release|x64
		{7072953E-16A9-527F-3444-93470DDEE284}.Release|x64.Build.0 = Release|x64
		{7072953E-16A9-527F-3444-93470DDEE284}.Debug|x64.ActiveCfg = Debug|x64
		{7072953E-16A9-527F-3444-93470DDEE284}.Debug|x64.Build.0 = Debug|x64
		{71CE35BB-3D58-C511-41D1-FABFE934CD2D}.Release|x64.ActiveCfg = Release|x64
		{71CE35BB-3D58-C511-41D1-FABFE934CD2D}.Release|x64.Build.0 = Release|x64
		{71CE35BB-3D58-C511-41D1-FABFE934CD2D}.Debug|x64.ActiveCfg = Debug|x64
		{71CE35BB-3D58-C511-41D1-FABFE934CD2D}.Debug|x64.Build.0 = Debug|x64
		{77D7110E-D3FC-5E99-CF1E-6F865A850238}.Release|x64.ActiveCfg = Release|x64
		{77D7110E-D3FC-5E99-CF1E-6F865A850238}.Release|x64.Build.0 = Release|x64
		{77D7110E-D3FC-5E99-CF1E-6F865A850238}.Debug|x64.ActiveCfg = Debug|x64
		{77D7110E-D3FC-5E99-CF1E-6F865A850238}.Debug|x64.Build.0 = Debug|x64
		{8123F0CC-1D01-C5A9-349C-216D18CBE16A}.Release|x64.ActiveCfg = Release|x64
		{8123F0CC-1D01-C5A9-349C-216D18CBE16A}.Release|x64.Build.0 = Release|x64
		{8123F0CC-1D01-C5A9-349C-216D18CBE16A}.Debug|x64.ActiveCfg = Debug|x64
		{8123F0CC-1D01-C5A9-349C-216D18CBE16A}.Debug|x64.Build.0 = Debug|x64
		{840183FD-46B0-0F0A-49F6-74B9F873AF12}.Release|x64.ActiveCfg = Release|x64
		{840183FD-46B0-0F0A-49F6-74B9F873AF12}.Release|x64.Build.0 = Release|x64
		{840183FD-46B0-0F0A-49F6-74B9F873AF12}.Debug|x64.ActiveCfg = Debug|x64
		{840183FD-46B0-0F0A-49F6-74B9F873AF12}.Debug|x64.Build.0 = Debug|x64
		{84EA0A60-5FF1-9923-4063-C255F6C9FDCD}.Release|x64.ActiveCfg = Release|x64
		{84EA0A60-5FF1-9923-4063-C255F6C9FDCD}.Release|x64.Build.0 = Release|x64
		{84EA0A60-5FF1-9923-4063-C255F6C9FDCD}.Debug|x64.ActiveCfg = Debug|x64
		{84EA0A60-5FF1-9923-4063-C255F6C9FDCD}.Debug|x64.Build.0 = Debug|x64
		{86C86610-14CD-262D-9E2D-CB3FEAC929FE}.Release|x64.ActiveCfg = Release|x64
		{86C86610-14CD-262D-9E2D-CB3FEAC929FE}.Release|x64.Build.0 = Release|x64
		{86C86610-14CD-262D-9E2D-CB3FEAC929FE}.Debug|x64.ActiveCfg = Debug|x64
		{86C86610-14CD-262D-9E2D-CB3FEAC929FE}.Debug|x64.Build.0 = Debug|x64
		{900613F6-89C2-C031-7519-493DB4DF39EB}.Release|x64.ActiveCfg = Release|x64
		{900613F6-89C2-C031-7519-493DB4DF39EB}.Release|x64.Build.0 = Release|x64
		{900613F6-89C2-C031-7519-493DB4DF39EB}.Debug|x64.ActiveCfg = Debug|x64
		{900613F6-89C2-C031-7519-493DB4DF39EB}.Debug|x64.Build.0 = Debug|x64
		{9196683C-0724-8817-63FD-5B25DF4AB6D4}.Release|x64.ActiveCfg = Release|x64
		{9196683C-0724-8817-63FD-5B25DF4AB6D4}.Release|x64.Build.0 = Release|x64
		{9196683C-0724-8817-63FD-5B25DF4AB6D4}.Debug|x64.ActiveCfg = Debug|x64
		{9196683C-0724-8817-63FD-5B25DF4AB6D4}.Debug|x64.Build.0 = Debug|x64
		{9C84622E-2A78-C072-A9A7-501A06AC8A57}.Release|x64.ActiveCfg = Release|x64
		{9C84622E-2A78-C072-A9A7-501A06AC8A57}.Release|x64.Build.0 = Release|x64
		{9C84622E-2A78-C072-A9A7-501A06AC8A57}.Debug|x64.ActiveCfg = Debug|x64
		{9C84622E-2A78-C072-A9A7-501A06AC8A57}.Debug|x64.Build.0 = Debug|x64
		{A432294E-76C8-063D-C997-931991761670}.Release|x64.ActiveCfg = Release|x64
		{A432294E-76C8-063D-C997-931991761670}.Release|x64.Build.0 = Release|x64
		{A432294E-76C8-063D-C997-931991761670}.Debug|x64.ActiveCfg = Debug|x64
		{A432294E-76C8-063D-C997-931991761670}.Debug|x64.Build.0 = Debug|x64
		{A555DC50-EECC-4F83-DB0D-D50E99E781A0}.Release|x64.ActiveCfg = Release|x64
		{A555DC50-EECC-4F83-DB0D-D50E99E781A0}.Release|x64.Build.0 = Release|x64
		{A555DC50-EECC-4F83-DB0D-D50E99E781A0}.Debug|x64.ActiveCfg = Debug|x64
		{A555DC50-EECC-4F83-DB0D-D50E99E781A0}.Debug|x64.Build.0 = Debug|x64
		{A66C0B12-CE91-C3DF-23FC-9BBA42A9BEED}.Release|x64.ActiveCfg = Release|x64
		{A66C0B12-CE91-C3DF-23FC-9BBA42A9BEED}.Release|x64.Build.0 = Release|x64
		{A66C0B12-CE91-C3DF-23FC-9BBA42A9BEED}.Debug|x64.ActiveCfg = Debug|x64
		{A66C0B12-CE91-C3DF-23FC-9BBA42A9BEED}.Debug|x64.Build.0 = Debug|x64
		{B5E189BC-9F62-A547-AF4A-814F4B0FF6B1}.Release|x64.ActiveCfg = Release|x64
		{B5E189BC-9F62-A547-AF4A-814F4B0FF6B1}.Release|x64.Build.0 = Release|x64
		{B5E189BC-9F62-A547-AF4A-814F4B0FF6B1}.Debug|x64.ActiveCfg = Debug|x64
		{B5E189BC-9F62-A547-AF4A-814F4B0FF6B1}.Debug|x64.Build.0 = Debug|x64
		{B8520DE0-3DDF-692D-C857-3FF78F89721D}.Release|x64.ActiveCfg = Release|x64
		{B8520DE0-3DDF-692D-C857-3FF78F89721D}.Release|x64.Build.0 = Release|x64
		{B8520DE0-3DDF-692D-C857-3FF78F89721D}.Debug|x64.ActiveCfg = Debug|x64
		{B8520DE0-3DDF-692D-C857-3FF78F89721D}.Debug|x64.Build.0 = Debug|x64
		{B8D95B7C-35A6-624E-9ABD-45A99DA77AAD}.Release|x64.ActiveCfg = Release|x64
		{B8D95B7C-35A6-624E-9ABD-45A99DA77AAD}.Release|x64.Build.0 = Release|x64
		{B8D95B7C-35A6-624E-9ABD-45A99DA77AAD}.Debug|x64.ActiveCfg = Debug|x64
		{B8D95B7C-35A6-624E-9ABD-45A99DA77AAD}.Debug|x64.Build.0 = Debug|x64
		{B9D8A711-4556-ED43-70E4-6CAC001CC2B2}.Release|x64.ActiveCfg = Release|x64
		{B9D8A711-4556-ED43-70E4-6CAC001CC2B2}.Release|x64.Build.0 = Release|x64
		{B9D8A711-4556-ED43-70E4-6CAC001CC2B2}.Debug|x64.ActiveCfg = Debug|x64
		{B9D8A711-4556-ED43-70E4-6CAC001CC2B2}.Debug|x64.Build.0 = Debug|x64
		{BA65E50E-1B77-B3AC-5131-CDC45CB1D59D}.Release|x64.ActiveCfg = Release|x64
		{BA65E50E-1B77-B3AC-5131-CDC45CB1D59D}.Release|x64.Build.0 = Release|x64
		{BA65E50E-1B77-B3AC-5131-CDC45CB1D59D}.Debug|x64.ActiveCfg = Debug|x64
		{BA65E50E-1B77-B3AC-5131-CDC45CB1D59D}.Debug|x64.Build.0 = Debug|x64
		{BAE74896-70BF-338B-736B-D943ACD3AB93}.Release|x64.ActiveCfg = Release|x64
		{BAE74896-70BF-338B-736B-D943ACD3AB93}.Release|x64.Build.0 = Release|x64
		{BAE74896-70BF-338B-736B-D943ACD3AB93}.Debug|x64.ActiveCfg = Debug|x64
		{BAE74896-70BF-338B-736B-D943ACD3AB93}.Debug|x64.Build.0 = Debug|x64
		{BBB21150-F7DD-A5D7-ED15-9D15C7390CA5}.Release|x64.ActiveCfg = Release|x64
		{BBB21150-F7DD-A5D7-ED15-9D15C7390CA5}.Release|x64.Build.0 = Release|x64
		{BBB21150-F7DD-A5D7-ED15-9D15C7390CA5}.Debug|x64.ActiveCfg = Debug|x64
		{BBB21150-F7DD-A5D7-ED15-9D15C7390CA5}.Debug|x64.Build.0 = Debug|x64
		{C60C2A6F-6ABA-A331-BB35-70A69450A7E9}.Release|x64.ActiveCfg = Release|x64
		{C60C2A6F-6ABA-A331-BB35-70A69450A7E9}.Release|x64.Build.0 = Release|x64
		{C60C2A6F-6ABA-A331-BB35-70A69450A7E9}.Debug|x64.ActiveCfg = Debug|x64
		{C60C2A6F-6ABA-A331-BB35-70A69450A7E9}.Debug|x64.Build.0 = Debug|x64
		{C8F27755-BD6D-7B39-D142-8131FD0AC981}.Release|x64.ActiveCfg = Release|x64
		{C8F27755-BD6D-7B39-D142-8131FD0AC981}.Release|x64.Build.0 = Release|x64
		{C8F27755-BD6D-7B39-D142-8131FD0AC981}.Debug|x64.ActiveCfg = Debug|x64
		{C8F27755-BD6D-7B39-D142-8131FD0AC981}.Debug|x64.Build.0 = Debug|x64
		{CC60D8F4-2301-D913-6475-E2B2770A7BB5}.Release|x64.ActiveCfg = Release|x64
		{CC60D8F4-2301-D913-6475-E2B2770A7BB5}.Release|x64.Build.0 = Release|x64
		{CC60D8F4-2301-D913-6475-E2B2770A7BB5}.Debug|x64.ActiveCfg = Debug|x64
		{CC60D8F4-2301-D913-6475-E2B2770A7BB5}.Debug|x64.Build.0 = Debug|x64
		{D3B9CAC0-9DA4-3099-82C4-6118B3A6EF61}.Release|x64.ActiveCfg = Release|x64
		{D3B9CAC0-9DA4-3099-82C4-6118B3A6EF61}.Release|x64.Build.0 = Release|x64
		{D3B9CAC0-9DA4-3099-82C4-6118B3A6EF61}.Debug|x64.ActiveCfg = Debug|x64
		{D3B9CAC0-9DA4-3099-82C4-6118B3A6EF61}.Debug|x64.Build.0 = Debug|x64
		{D5D8B57C-F501-A7F9-7615-6CAFF4B6DE3E}.Release|x64.ActiveCfg = Release|x64
		{D5D8B57C-F501-A7F9-7615-6CAFF4B6DE3E}.Release|x64.Build.0 = Release|x64
		{D5D8B57C-F501-A7F9-7615-6CAFF4B6DE3E}.Debug|x64.ActiveCfg = Debug|x64
		{D5D8B57C-F501-A7F9-7615-6CAFF4B6DE3E}.Debug|x64.Build.0 = Debug|x64
		{DA248BCB-237F-B794-7B53-D9B2A688E5E2}.Release|x64.ActiveCfg = Release|x64
		{DA248BCB-237F-B794-7B53-D9B2A688E5E2}.Release|x64.Build.0 = Release|x64
		{DA248BCB-237F-B794-7B53-D9B2A688E5E2}.Debug|x64.ActiveCfg = Debug|x64
		{DA248BCB-237F-B794-7B53-D9B2A688E5E2}.Debug|x64.Build.0 = Debug|x64
		{DB3247B4-9FAF-51A8-AD97-A5C96A11FF0F}.Release|x64.ActiveCfg = Release|x64
		{DB3247B4-9FAF-51A8-AD97-A5C96A11FF0F}.Release|x64.Build.0 = Release|x64
		{DB3247B4-9FAF-51A8-AD97-A5C96A11FF0F}.Debug|x64.ActiveCfg = Debug|x64
		{DB3247B4-9FAF-51A8-AD97-A5C96A11FF0F}.Debug|x64.Build.0 = Debug|x64
		{DD24A623-A4D7-3531-68B7-7AC91E518242}.Release|x64.ActiveCfg = Release|x64
		{DD24A623-A4D7-3531-68B7-7AC91E518242}.Release|x64.Build.0 = Release|x64
		{DD24A623-A4D7-3531-68B7-7AC91E518242}.Debug|x64.ActiveCfg = Debug|x64
		{DD24A623-A4D7-3531-68B7-7AC91E518242}.Debug|x64.Build.0 = Debug|x64
		{DD4E334B-844D-1B8F-7129-2965529591A3}.Release|x64.ActiveCfg = Release|x64
		{DD4E334B-844D-1B8F-7129-2965529591A3}.Release|x64.Build.0 = Release|x64
		{DD4E334B-844D-1B8F-7129-2965529591A3}.Debug|x64.ActiveCfg = Debug|x64
		{DD4E334B-844D-1B8F-7129-2965529591A3}.Debug|x64.Build.0 = Debug|x64
		{E1BDD45E-397D-936C-2C6D-65E69B682C98}.Release|x64.ActiveCfg = Release|x64
		{E1BDD45E-397D-936C-2C6D-65E69B682C98}.Release|x64.Build.0 = Release|x64
		{E1BDD45E-397D-936C-2C6D-65E69B682C98}.Debug|x64.ActiveCfg = Debug|x64
		{E1BDD45E-397D-936C-2C6D-65E69B682C98}.Debug|x64.Build.0 = Debug|x64
		{ECF9C503-BA58-3F75-4FD4-A4AFDE62EB38}.Release|x64.ActiveCfg = Release|x64
		{ECF9C503-BA58-3F75-4FD4-A4AFDE62EB38}.Release|x64.Build.0 = Release|x64
		{ECF9C503-BA58-3F75-4FD4-A4AFDE62EB38}.Debug|x64.ActiveCfg = Debug|x64
		{ECF9C503-BA58-3F75-4FD4-A4AFDE62EB38}.Debug|x64.Build.0 = Debug|x64
		{EDC1E8E5-B1DC-894E-AA60-F3701E5ACB89}.Release|x64.ActiveCfg = Release|x64
		{EDC1E8E5-B1DC-894E-AA60-F3701E5ACB89}.Release|x64.Build.0 = Release|x64
		{EDC1E8E5-B1DC-894E-AA60-F3701E5ACB89}.Debug|x64.ActiveCfg = Debug|x64
		{EDC1E8E5-B1DC-894E-AA60-F3701E5ACB89}.Debug|x64.Build.0 = Debug|x64
		{F3785348-205D-67B8-31AC-66A003EB2D2E}.Release|x64.ActiveCfg = Release|x64
		{F3785348-205D-67B8-31AC-66A003EB2D2E}.Release|x64.Build.0 = Release|x64
		{F3785348-205D-67B8-31AC-66A003EB2D2E}.Debug|x64.ActiveCfg = Debug|x64
		{F3785348-205D-67B8-31AC-66A003EB2D2E}.Debug|x64.Build.0 = Debug|x64
	EndGlobalSection
	GlobalSection(SolutionProperties) = preSolution
		HideSolutionNode = FALSE
	EndGlobalSection
	GlobalSection(NestedProjects) = preSolution
		{BAE74896-70BF-338B-736B-D943ACD3AB93} = {B5E6450C-38DC-834B-6919-953F956C4755}
		{D3B9CAC0-9DA4-3099-82C4-6118B3A6EF61} = {B5E6450C-38DC-834B-6919-953F956C4755}
		{84EA0A60-5FF1-9923-4063-C255F6C9FDCD} = {B5E6450C-38DC-834B-6919-953F956C4755}
		{459EC422-031A-21EF-7444-24D20FB1CD3E} = {B5E6450C-38DC-834B-6919-953F956C4755}
		{86C86610-14CD-262D-9E2D-CB3FEAC929FE} = {B5E6450C-38DC-834B-6919-953F956C4755}
		{BBB21150-F7DD-A5D7-ED15-9D15C7390CA5} = {B5E6450C-38DC-834B-6919-953F956C4755}
		{2607E373-C1C2-BE23-4F9C-8DEBC75B9CAD} = {B5E6450C-38DC-834B-6919-953F956C4755}
		{4C6EF4C4-F8D1-63C7-6838-B632D8F64814} = {B5E6450C-38DC-834B-6919-953F956C4755}
		{900613F6-89C2-C031-7519-493DB4DF39EB} = {B5E6450C-38DC-834B-6919-953F956C4755}
		{D5D8B57C-F501-A7F9-7615-6CAFF4B6DE3E} = {B51E35C3-7C62-E28D-76A1-18185ED4F6D1}
		{5D15A888-D1D8-503A-C3CA-018CAFFDA643} = {B51E35C3-7C62-E28D-76A1-18185ED4F6D1}
		{DD24A623-A4D7-3531-68B7-7AC91E518242} = {B51E35C3-7C62-E28D-76A1-18185ED4F6D1}
		{71CE35BB-3D58-C511-41D1-FABFE934CD2D} = {B51E35C3-7C62-E28D-76A1-18185ED4F6D1}
		{B5E189BC-9F62-A547-AF4A-814F4B0FF6B1} = {B51E35C3-7C62-E28D-76A1-18185ED4F6D1}
		{B8520DE0-3DDF-692D-C857-3FF78F89721D} = {B51E35C3-7C62-E28D-76A1-18185ED4F6D1}
		{C8F27755-BD6D-7B39-D142-8131FD0AC981} = {B51E35C3-7C62-E28D-76A1-18185ED4F6D1}
		{7072953E-16A9-527F-3444-93470DDEE284} = {B51E35C3-7C62-E28D-76A1-18185ED4F6D1}
		{9196683C-0724-8817-63FD-5B25DF4AB6D4} = {B51E35C3-7C62-E28D-76A1-18185ED4F6D1}
		{CC60D8F4-2301-D913-6475-E2B2770A7BB5} = {B51E35C3-7C62-E28D-76A1-18185ED4F6D1}
		{0C273E53-AC00-FE0A-1AC7-CD87D5D1343D} = {B51E35C3-7C62-E28D-76A1-18185ED4F6D1}
		{840183FD-46B0-0F0A-49F6-74B9F873AF12} = {B51E35C3-7C62-E28D-76A1-18185ED4F6D1}
		{B9D8A711-4556-ED43-70E4-6CAC001CC2B2} = {B51E35C3-7C62-E28D-76A1-18185ED4F6D1}
		{43241E6A-1BB2-9742-9362-D53D8FA10411} = {B51E35C3-7C62-E28D-76A1-18185ED4F6D1}
		{DA248BCB-237F-B794-7B53-D9B2A688E5E2} = {B51E35C3-7C62-E28D-76A1-18185ED4F6D1}
		{01532224-1530-3F94-1DFE-13FB45AE560D} = {B51E35C3-7C62-E28D-76A1-18185ED4F6D1}
		{8123F0CC-1D01-C5A9-349C-216D18CBE16A} = {B51E35C3-7C62-E28D-76A1-18185ED4F6D1}
		{B8D95B7C-35A6-624E-9ABD-45A99DA77AAD} = {B51E35C3-7C62-E28D-76A1-18185ED4F6D1}
		{C60C2A6F-6ABA-A331-BB35-70A69450A7E9} = {B51E35C3-7C62-E28D-76A1-18185ED4F6D1}
		{77D7110E-D3FC-5E99-CF1E-6F865A850238} = {B51E35C3-7C62-E28D-76A1-18185ED4F6D1}
		{ECF9C503-BA58-3F75-4FD4-A4AFDE62EB38} = {B51E35C3-7C62-E28D-76A1-18185ED4F6D1}
		{5ADE480E-93F2-0614-488F-C92632E5D710} = {B51E35C3-7C62-E28D-76A1-18185ED4F6D1}
		{08BCD814-7951-1544-F474-6542C152CC31} = {B51E35C3-7C62-E28D-76A1-18185ED4F6D1}
		{A555DC50-EECC-4F83-DB0D-D50E99E781A0} = {B51E35C3-7C62-E28D-76A1-18185ED4F6D1}
		{EDC1E8E5-B1DC-894E-AA60-F3701E5ACB89} = {B51E35C3-7C62-E28D-76A1-18185ED4F6D1}
		{A432294E-76C8-063D-C997-931991761670} = {B51E35C3-7C62-E28D-76A1-18185ED4F6D1}
		{2D126C93-8182-A162-0828-7C075E288C18} = {B51E35C3-7C62-E28D-76A1-18185ED4F6D1}
		{F3785348-205D-67B8-31AC-66A003EB2D2E} = {B51E35C3-7C62-E28D-76A1-18185ED4F6D1}
		{075FC18C-6DE1-DB94-6F30-15C3DA9DB024} = {B51E35C3-7C62-E28D-76A1-18185ED4F6D1}
		{BA65E50E-1B77-B3AC-5131-CDC45CB1D59D} = {B51E35C3-7C62-E28D-76A1-18185ED4F6D1}
		{23D354AD-F1A4-B317-39B7-970729BD7237} = {B51E35C3-7C62-E28D-76A1-18185ED4F6D1}
		{9C84622E-2A78-C072-A9A7-501A06AC8A57} = {B51E35C3-7C62-E28D-76A1-18185ED4F6D1}
		{A66C0B12-CE91-C3DF-23FC-9BBA42A9BEED} = {B51E35C3-7C62-E28D-76A1-18185ED4F6D1}
		{3492883C-9303-EF68-8E38-795C6858C1DC} = {B51E35C3-7C62-E28D-76A1-18185ED4F6D1}
		{E1BDD45E-397D-936C-2C6D-65E69B682C98} = {B51E35C3-7C62-E28D-76A1-18185ED4F6D1}
		{DD4E334B-844D-1B8F-7129-2965529591A3} = {B51E35C3-7C62-E28D-76A1-18185ED4F6D1}
		{576022AB-240E-1F49-3CE1-4CEE0A1AC91B} = {B51E35C3-7C62-E28D-76A1-18185ED4F6D1}
		{DB3247B4-9FAF-51A8-AD97-A5C96A11FF0F} = {B51E35C3-7C62-E28D-76A1-18185ED4F6D1}
	EndGlobalSection
EndGlobal
