Microsoft Visual Studio Solution File, Format Version 12.00
# Visual Studio 2019
Project("{8BC9CEB8-8B4A-11D0-8D11-00A0C91BC942}") = "genccode", "..\icu\genccode.vcxproj", "{93976942-BD73-D9C3-7B6A-49953525F094}"
	ProjectSection(ProjectDependencies) = postProject
		{CDFA3C6B-D0C3-E757-7667-D6E65112F950} = {CDFA3C6B-D0C3-E757-7667-D6E65112F950}
		{A99E6777-466F-F399-3781-14123997A4FD} = {A99E6777-466F-F399-3781-14123997A4FD}
		{603164B8-55EC-12EE-E65F-8814B4DAD643} = {603164B8-55EC-12EE-E65F-8814B4DAD643}
	EndProjectSection
EndProject
Project("{8BC9CEB8-8B4A-11D0-8D11-00A0C91BC942}") = "icu_implementation", "..\icu\icu_implementation.vcxproj", "{A99E6777-466F-F399-3781-14123997A4FD}"
EndProject
Project("{8BC9CEB8-8B4A-11D0-8D11-00A0C91BC942}") = "icu_uconfig", "..\icu\icu_uconfig.vcxproj", "{603164B8-55EC-12EE-E65F-8814B4DAD643}"
EndProject
Project("{8BC9CEB8-8B4A-11D0-8D11-00A0C91BC942}") = "icu_uconfig_target", "..\icu\icu_uconfig_target.vcxproj", "{10EF1BE1-2601-5A76-70D7-221C490C18D6}"
EndProject
Project("{8BC9CEB8-8B4A-11D0-8D11-00A0C91BC942}") = "icudata", "..\icu\icudata.vcxproj", "{715C1B38-1A98-40AB-C132-2843E0596E68}"
	ProjectSection(ProjectDependencies) = postProject
		{93976942-BD73-D9C3-7B6A-49953525F094} = {93976942-BD73-D9C3-7B6A-49953525F094}
	EndProjectSection
EndProject
Project("{8BC9CEB8-8B4A-11D0-8D11-00A0C91BC942}") = "icui18n", "..\icu\icui18n.vcxproj", "{796F7D76-7F22-411D-9E7D-82563A46E511}"
	ProjectSection(ProjectDependencies) = postProject
		{A99E6777-466F-F399-3781-14123997A4FD} = {A99E6777-466F-F399-3781-14123997A4FD}
		{603164B8-55EC-12EE-E65F-8814B4DAD643} = {603164B8-55EC-12EE-E65F-8814B4DAD643}
		{10EF1BE1-2601-5A76-70D7-221C490C18D6} = {10EF1BE1-2601-5A76-70D7-221C490C18D6}
	EndProjectSection
EndProject
Project("{8BC9CEB8-8B4A-11D0-8D11-00A0C91BC942}") = "icutools", "..\icu\icutools.vcxproj", "{CDFA3C6B-D0C3-E757-7667-D6E65112F950}"
	ProjectSection(ProjectDependencies) = postProject
		{A99E6777-466F-F399-3781-14123997A4FD} = {A99E6777-466F-F399-3781-14123997A4FD}
		{603164B8-55EC-12EE-E65F-8814B4DAD643} = {603164B8-55EC-12EE-E65F-8814B4DAD643}
	EndProjectSection
EndProject
Project("{8BC9CEB8-8B4A-11D0-8D11-00A0C91BC942}") = "icuuc", "..\icu\icuuc.vcxproj", "{FFF68FC3-59E9-FB8E-5246-A75528DAE525}"
	ProjectSection(ProjectDependencies) = postProject
		{722C8BD1-7C16-28A7-4311-5F79C37B103C} = {722C8BD1-7C16-28A7-4311-5F79C37B103C}
		{715C1B38-1A98-40AB-C132-2843E0596E68} = {715C1B38-1A98-40AB-C132-2843E0596E68}
	EndProjectSection
EndProject
Project("{8BC9CEB8-8B4A-11D0-8D11-00A0C91BC942}") = "icuucx", "..\icu\icuucx.vcxproj", "{722C8BD1-7C16-28A7-4311-5F79C37B103C}"
	ProjectSection(ProjectDependencies) = postProject
		{A99E6777-466F-F399-3781-14123997A4FD} = {A99E6777-466F-F399-3781-14123997A4FD}
		{603164B8-55EC-12EE-E65F-8814B4DAD643} = {603164B8-55EC-12EE-E65F-8814B4DAD643}
		{10EF1BE1-2601-5A76-70D7-221C490C18D6} = {10EF1BE1-2601-5A76-70D7-221C490C18D6}
	EndProjectSection
EndProject
Project("{8BC9CEB8-8B4A-11D0-8D11-00A0C91BC942}") = "bytecode_builtins_list_generator", "bytecode_builtins_list_generator.vcxproj", "{8F278776-5BAC-650F-E4BF-9EC33C0EFC83}"
	ProjectSection(ProjectDependencies) = postProject
		{9C058BC5-27E4-3BE6-6E07-E1C02138CA62} = {9C058BC5-27E4-3BE6-6E07-E1C02138CA62}
		{A8CA8B21-DD2C-F23D-6B10-E58AE01215F8} = {A8CA8B21-DD2C-F23D-6B10-E58AE01215F8}
		{027C7C76-0A55-1E1C-E085-FA93E0095B95} = {027C7C76-0A55-1E1C-E085-FA93E0095B95}
		{BDD8F268-8128-AB36-BFA7-81C30A1AE72E} = {BDD8F268-8128-AB36-BFA7-81C30A1AE72E}
		{E518ECB0-4B13-769B-1670-16DAC60E9C9F} = {E518ECB0-4B13-769B-1670-16DAC60E9C9F}
	EndProjectSection
EndProject
Project("{8BC9CEB8-8B4A-11D0-8D11-00A0C91BC942}") = "cppgc_base", "cppgc_base.vcxproj", "{FD047269-B137-04C6-890F-AA2DD92597DA}"
EndProject
Project("{8BC9CEB8-8B4A-11D0-8D11-00A0C91BC942}") = "gen-regexp-special-case", "gen-regexp-special-case.vcxproj", "{ADDC2ACE-6D31-1A7F-6BFF-70BA8E1697B9}"
	ProjectSection(ProjectDependencies) = postProject
		{9C058BC5-27E4-3BE6-6E07-E1C02138CA62} = {9C058BC5-27E4-3BE6-6E07-E1C02138CA62}
		{FC2A768C-0394-6EAA-6A1E-D67B94848665} = {FC2A768C-0394-6EAA-6A1E-D67B94848665}
		{A8CA8B21-DD2C-F23D-6B10-E58AE01215F8} = {A8CA8B21-DD2C-F23D-6B10-E58AE01215F8}
		{027C7C76-0A55-1E1C-E085-FA93E0095B95} = {027C7C76-0A55-1E1C-E085-FA93E0095B95}
		{BDD8F268-8128-AB36-BFA7-81C30A1AE72E} = {BDD8F268-8128-AB36-BFA7-81C30A1AE72E}
		{E518ECB0-4B13-769B-1670-16DAC60E9C9F} = {E518ECB0-4B13-769B-1670-16DAC60E9C9F}
		{796F7D76-7F22-411D-9E7D-82563A46E511} = {796F7D76-7F22-411D-9E7D-82563A46E511}
		{722C8BD1-7C16-28A7-4311-5F79C37B103C} = {722C8BD1-7C16-28A7-4311-5F79C37B103C}
		{A99E6777-466F-F399-3781-14123997A4FD} = {A99E6777-466F-F399-3781-14123997A4FD}
		{603164B8-55EC-12EE-E65F-8814B4DAD643} = {603164B8-55EC-12EE-E65F-8814B4DAD643}
		{10EF1BE1-2601-5A76-70D7-221C490C18D6} = {10EF1BE1-2601-5A76-70D7-221C490C18D6}
		{FFF68FC3-59E9-FB8E-5246-A75528DAE525} = {FFF68FC3-59E9-FB8E-5246-A75528DAE525}
		{715C1B38-1A98-40AB-C132-2843E0596E68} = {715C1B38-1A98-40AB-C132-2843E0596E68}
	EndProjectSection
EndProject
Project("{8BC9CEB8-8B4A-11D0-8D11-00A0C91BC942}") = "generate_bytecode_builtins_list", "generate_bytecode_builtins_list.vcxproj", "{FAC7C141-7BA3-B649-7EE7-83B8E222F4B3}"
	ProjectSection(ProjectDependencies) = postProject
		{8F278776-5BAC-650F-E4BF-9EC33C0EFC83} = {8F278776-5BAC-650F-E4BF-9EC33C0EFC83}
	EndProjectSection
EndProject
Project("{8BC9CEB8-8B4A-11D0-8D11-00A0C91BC942}") = "mksnapshot", "mksnapshot.vcxproj", "{B2AC2E70-4BE7-EA77-1E87-898F6BB14574}"
	ProjectSection(ProjectDependencies) = postProject
		{7947F430-0C56-B9BE-8D24-D1940F8FC69F} = {7947F430-0C56-B9BE-8D24-D1940F8FC69F}
		{52C0E6F4-A0DB-67FE-6889-AEDC85E883FE} = {52C0E6F4-A0DB-67FE-6889-AEDC85E883FE}
		{B96325AA-8829-A4AA-CDCB-4EAC8C59E199} = {B96325AA-8829-A4AA-CDCB-4EAC8C59E199}
		{9C058BC5-27E4-3BE6-6E07-E1C02138CA62} = {9C058BC5-27E4-3BE6-6E07-E1C02138CA62}
		{2FB200A7-6BFF-DD4A-8C80-D56126AFC03E} = {2FB200A7-6BFF-DD4A-8C80-D56126AFC03E}
		{FC2A768C-0394-6EAA-6A1E-D67B94848665} = {FC2A768C-0394-6EAA-6A1E-D67B94848665}
		{9A2D9106-DC0A-C577-1FBA-888426F6BE75} = {9A2D9106-DC0A-C577-1FBA-888426F6BE75}
		{FAC7C141-7BA3-B649-7EE7-83B8E222F4B3} = {FAC7C141-7BA3-B649-7EE7-83B8E222F4B3}
		{059190D0-DC6B-A76C-941E-E9E61A4A896C} = {059190D0-DC6B-A76C-941E-E9E61A4A896C}
		{4598AED0-AA49-26B9-1482-447AAC86F7C2} = {4598AED0-AA49-26B9-1482-447AAC86F7C2}
		{9067F23A-59F1-2DE5-BD66-B4DE7EAAE8D4} = {9067F23A-59F1-2DE5-BD66-B4DE7EAAE8D4}
		{A76790FB-99F5-3CE7-177B-1FE9C9444E75} = {A76790FB-99F5-3CE7-177B-1FE9C9444E75}
		{3B32EBB2-6F53-4635-08DC-36AE14B479B9} = {3B32EBB2-6F53-4635-08DC-36AE14B479B9}
		{A8CA8B21-DD2C-F23D-6B10-E58AE01215F8} = {A8CA8B21-DD2C-F23D-6B10-E58AE01215F8}
		{027C7C76-0A55-1E1C-E085-FA93E0095B95} = {027C7C76-0A55-1E1C-E085-FA93E0095B95}
		{BDD8F268-8128-AB36-BFA7-81C30A1AE72E} = {BDD8F268-8128-AB36-BFA7-81C30A1AE72E}
		{E518ECB0-4B13-769B-1670-16DAC60E9C9F} = {E518ECB0-4B13-769B-1670-16DAC60E9C9F}
		{796F7D76-7F22-411D-9E7D-82563A46E511} = {796F7D76-7F22-411D-9E7D-82563A46E511}
		{722C8BD1-7C16-28A7-4311-5F79C37B103C} = {722C8BD1-7C16-28A7-4311-5F79C37B103C}
		{A99E6777-466F-F399-3781-14123997A4FD} = {A99E6777-466F-F399-3781-14123997A4FD}
		{603164B8-55EC-12EE-E65F-8814B4DAD643} = {603164B8-55EC-12EE-E65F-8814B4DAD643}
		{10EF1BE1-2601-5A76-70D7-221C490C18D6} = {10EF1BE1-2601-5A76-70D7-221C490C18D6}
		{FFF68FC3-59E9-FB8E-5246-A75528DAE525} = {FFF68FC3-59E9-FB8E-5246-A75528DAE525}
		{715C1B38-1A98-40AB-C132-2843E0596E68} = {715C1B38-1A98-40AB-C132-2843E0596E68}
		{495C1ABA-D5C4-AC7A-F446-D8E916E0A0D2} = {495C1ABA-D5C4-AC7A-F446-D8E916E0A0D2}
		{011EB094-AC48-FDF8-C547-DC9AAAB18FAF} = {011EB094-AC48-FDF8-C547-DC9AAAB18FAF}
		{FD047269-B137-04C6-890F-AA2DD92597DA} = {FD047269-B137-04C6-890F-AA2DD92597DA}
		{F5000741-46F0-523F-7146-103F0B44EF04} = {F5000741-46F0-523F-7146-103F0B44EF04}
		{A99DFAA2-9336-073A-248D-A56D649161E5} = {A99DFAA2-9336-073A-248D-A56D649161E5}
		{7173954B-AEF5-7918-DB60-33CDA87904F6} = {7173954B-AEF5-7918-DB60-33CDA87904F6}
		{0120FE8A-7B0D-548B-33FC-01D9B0791B9A} = {0120FE8A-7B0D-548B-33FC-01D9B0791B9A}
		{559183F8-11F4-C1B2-4716-CEAD5679308E} = {559183F8-11F4-C1B2-4716-CEAD5679308E}
	EndProjectSection
EndProject
Project("{8BC9CEB8-8B4A-11D0-8D11-00A0C91BC942}") = "postmortem-metadata", "postmortem-metadata.vcxproj", "{88773B08-F8B5-97FA-18FD-54CD39457B72}"
	ProjectSection(ProjectDependencies) = postProject
		{059190D0-DC6B-A76C-941E-E9E61A4A896C} = {059190D0-DC6B-A76C-941E-E9E61A4A896C}
	EndProjectSection
EndProject
Project("{8BC9CEB8-8B4A-11D0-8D11-00A0C91BC942}") = "run_gen-regexp-special-case", "run_gen-regexp-special-case.vcxproj", "{A99DFAA2-9336-073A-248D-A56D649161E5}"
	ProjectSection(ProjectDependencies) = postProject
		{ADDC2ACE-6D31-1A7F-6BFF-70BA8E1697B9} = {ADDC2ACE-6D31-1A7F-6BFF-70BA8E1697B9}
	EndProjectSection
EndProject
Project("{8BC9CEB8-8B4A-11D0-8D11-00A0C91BC942}") = "run_torque", "run_torque.vcxproj", "{059190D0-DC6B-A76C-941E-E9E61A4A896C}"
	ProjectSection(ProjectDependencies) = postProject
		{02208491-2D31-BB21-188B-590BA23DFD7E} = {02208491-2D31-BB21-188B-590BA23DFD7E}
	EndProjectSection
EndProject
Project("{8BC9CEB8-8B4A-11D0-8D11-00A0C91BC942}") = "torque-language-server", "torque-language-server.vcxproj", "{F69E3FF1-81AD-A303-0870-C242F0AF6446}"
	ProjectSection(ProjectDependencies) = postProject
		{1D403C97-C88D-F33F-EC1D-A7929CC323AB} = {1D403C97-C88D-F33F-EC1D-A7929CC323AB}
		{4E9B861F-0D4C-B608-F970-5AF7848EAB43} = {4E9B861F-0D4C-B608-F970-5AF7848EAB43}
		{3B32EBB2-6F53-4635-08DC-36AE14B479B9} = {3B32EBB2-6F53-4635-08DC-36AE14B479B9}
		{A8CA8B21-DD2C-F23D-6B10-E58AE01215F8} = {A8CA8B21-DD2C-F23D-6B10-E58AE01215F8}
		{027C7C76-0A55-1E1C-E085-FA93E0095B95} = {027C7C76-0A55-1E1C-E085-FA93E0095B95}
		{BDD8F268-8128-AB36-BFA7-81C30A1AE72E} = {BDD8F268-8128-AB36-BFA7-81C30A1AE72E}
		{E518ECB0-4B13-769B-1670-16DAC60E9C9F} = {E518ECB0-4B13-769B-1670-16DAC60E9C9F}
		{9C058BC5-27E4-3BE6-6E07-E1C02138CA62} = {9C058BC5-27E4-3BE6-6E07-E1C02138CA62}
	EndProjectSection
EndProject
Project("{8BC9CEB8-8B4A-11D0-8D11-00A0C91BC942}") = "torque", "torque.vcxproj", "{02208491-2D31-BB21-188B-590BA23DFD7E}"
	ProjectSection(ProjectDependencies) = postProject
		{1D403C97-C88D-F33F-EC1D-A7929CC323AB} = {1D403C97-C88D-F33F-EC1D-A7929CC323AB}
		{3B32EBB2-6F53-4635-08DC-36AE14B479B9} = {3B32EBB2-6F53-4635-08DC-36AE14B479B9}
		{A8CA8B21-DD2C-F23D-6B10-E58AE01215F8} = {A8CA8B21-DD2C-F23D-6B10-E58AE01215F8}
		{027C7C76-0A55-1E1C-E085-FA93E0095B95} = {027C7C76-0A55-1E1C-E085-FA93E0095B95}
		{BDD8F268-8128-AB36-BFA7-81C30A1AE72E} = {BDD8F268-8128-AB36-BFA7-81C30A1AE72E}
		{E518ECB0-4B13-769B-1670-16DAC60E9C9F} = {E518ECB0-4B13-769B-1670-16DAC60E9C9F}
		{9C058BC5-27E4-3BE6-6E07-E1C02138CA62} = {9C058BC5-27E4-3BE6-6E07-E1C02138CA62}
	EndProjectSection
EndProject
Project("{8BC9CEB8-8B4A-11D0-8D11-00A0C91BC942}") = "torque_base", "torque_base.vcxproj", "{1D403C97-C88D-F33F-EC1D-A7929CC323AB}"
	ProjectSection(ProjectDependencies) = postProject
		{3B32EBB2-6F53-4635-08DC-36AE14B479B9} = {3B32EBB2-6F53-4635-08DC-36AE14B479B9}
	EndProjectSection
EndProject
Project("{8BC9CEB8-8B4A-11D0-8D11-00A0C91BC942}") = "torque_generated_definitions", "torque_generated_definitions.vcxproj", "{9A2D9106-DC0A-C577-1FBA-888426F6BE75}"
	ProjectSection(ProjectDependencies) = postProject
		{FAC7C141-7BA3-B649-7EE7-83B8E222F4B3} = {FAC7C141-7BA3-B649-7EE7-83B8E222F4B3}
		{059190D0-DC6B-A76C-941E-E9E61A4A896C} = {059190D0-DC6B-A76C-941E-E9E61A4A896C}
		{4598AED0-AA49-26B9-1482-447AAC86F7C2} = {4598AED0-AA49-26B9-1482-447AAC86F7C2}
		{9C058BC5-27E4-3BE6-6E07-E1C02138CA62} = {9C058BC5-27E4-3BE6-6E07-E1C02138CA62}
		{FC2A768C-0394-6EAA-6A1E-D67B94848665} = {FC2A768C-0394-6EAA-6A1E-D67B94848665}
	EndProjectSection
EndProject
Project("{8BC9CEB8-8B4A-11D0-8D11-00A0C91BC942}") = "torque_generated_initializers", "torque_generated_initializers.vcxproj", "{559183F8-11F4-C1B2-4716-CEAD5679308E}"
	ProjectSection(ProjectDependencies) = postProject
		{FAC7C141-7BA3-B649-7EE7-83B8E222F4B3} = {FAC7C141-7BA3-B649-7EE7-83B8E222F4B3}
		{059190D0-DC6B-A76C-941E-E9E61A4A896C} = {059190D0-DC6B-A76C-941E-E9E61A4A896C}
		{7947F430-0C56-B9BE-8D24-D1940F8FC69F} = {7947F430-0C56-B9BE-8D24-D1940F8FC69F}
		{9067F23A-59F1-2DE5-BD66-B4DE7EAAE8D4} = {9067F23A-59F1-2DE5-BD66-B4DE7EAAE8D4}
		{FC2A768C-0394-6EAA-6A1E-D67B94848665} = {FC2A768C-0394-6EAA-6A1E-D67B94848665}
	EndProjectSection
EndProject
Project("{8BC9CEB8-8B4A-11D0-8D11-00A0C91BC942}") = "torque_ls_base", "torque_ls_base.vcxproj", "{4E9B861F-0D4C-B608-F970-5AF7848EAB43}"
EndProject
Project("{8BC9CEB8-8B4A-11D0-8D11-00A0C91BC942}") = "torque_runtime_support", "torque_runtime_support.vcxproj", "{9067F23A-59F1-2DE5-BD66-B4DE7EAAE8D4}"
EndProject
Project("{8BC9CEB8-8B4A-11D0-8D11-00A0C91BC942}") = "v8", "v8.vcxproj", "{076F0BFA-32D3-41F4-E5DE-EA221EC7987E}"
EndProject
Project("{8BC9CEB8-8B4A-11D0-8D11-00A0C91BC942}") = "v8_base", "v8_base.vcxproj", "{6E656020-28BA-D30B-0D98-5821BB2F61F6}"
	ProjectSection(ProjectDependencies) = postProject
		{7947F430-0C56-B9BE-8D24-D1940F8FC69F} = {7947F430-0C56-B9BE-8D24-D1940F8FC69F}
		{7173954B-AEF5-7918-DB60-33CDA87904F6} = {7173954B-AEF5-7918-DB60-33CDA87904F6}
	EndProjectSection
EndProject
Project("{8BC9CEB8-8B4A-11D0-8D11-00A0C91BC942}") = "v8_base_without_compiler", "v8_base_without_compiler.vcxproj", "{7947F430-0C56-B9BE-8D24-D1940F8FC69F}"
	ProjectSection(ProjectDependencies) = postProject
		{9A2D9106-DC0A-C577-1FBA-888426F6BE75} = {9A2D9106-DC0A-C577-1FBA-888426F6BE75}
		{495C1ABA-D5C4-AC7A-F446-D8E916E0A0D2} = {495C1ABA-D5C4-AC7A-F446-D8E916E0A0D2}
		{A8CA8B21-DD2C-F23D-6B10-E58AE01215F8} = {A8CA8B21-DD2C-F23D-6B10-E58AE01215F8}
		{011EB094-AC48-FDF8-C547-DC9AAAB18FAF} = {011EB094-AC48-FDF8-C547-DC9AAAB18FAF}
		{3B32EBB2-6F53-4635-08DC-36AE14B479B9} = {3B32EBB2-6F53-4635-08DC-36AE14B479B9}
		{E518ECB0-4B13-769B-1670-16DAC60E9C9F} = {E518ECB0-4B13-769B-1670-16DAC60E9C9F}
		{FD047269-B137-04C6-890F-AA2DD92597DA} = {FD047269-B137-04C6-890F-AA2DD92597DA}
		{FAC7C141-7BA3-B649-7EE7-83B8E222F4B3} = {FAC7C141-7BA3-B649-7EE7-83B8E222F4B3}
		{059190D0-DC6B-A76C-941E-E9E61A4A896C} = {059190D0-DC6B-A76C-941E-E9E61A4A896C}
		{4598AED0-AA49-26B9-1482-447AAC86F7C2} = {4598AED0-AA49-26B9-1482-447AAC86F7C2}
		{FC2A768C-0394-6EAA-6A1E-D67B94848665} = {FC2A768C-0394-6EAA-6A1E-D67B94848665}
		{A99DFAA2-9336-073A-248D-A56D649161E5} = {A99DFAA2-9336-073A-248D-A56D649161E5}
	EndProjectSection
EndProject
Project("{8BC9CEB8-8B4A-11D0-8D11-00A0C91BC942}") = "v8_bigint", "v8_bigint.vcxproj", "{495C1ABA-D5C4-AC7A-F446-D8E916E0A0D2}"
EndProject
Project("{8BC9CEB8-8B4A-11D0-8D11-00A0C91BC942}") = "v8_compiler", "v8_compiler.vcxproj", "{7173954B-AEF5-7918-DB60-33CDA87904F6}"
	ProjectSection(ProjectDependencies) = postProject
		{FAC7C141-7BA3-B649-7EE7-83B8E222F4B3} = {FAC7C141-7BA3-B649-7EE7-83B8E222F4B3}
		{059190D0-DC6B-A76C-941E-E9E61A4A896C} = {059190D0-DC6B-A76C-941E-E9E61A4A896C}
		{4598AED0-AA49-26B9-1482-447AAC86F7C2} = {4598AED0-AA49-26B9-1482-447AAC86F7C2}
		{FC2A768C-0394-6EAA-6A1E-D67B94848665} = {FC2A768C-0394-6EAA-6A1E-D67B94848665}
		{3B32EBB2-6F53-4635-08DC-36AE14B479B9} = {3B32EBB2-6F53-4635-08DC-36AE14B479B9}
	EndProjectSection
EndProject
Project("{8BC9CEB8-8B4A-11D0-8D11-00A0C91BC942}") = "v8_compiler_for_mksnapshot", "v8_compiler_for_mksnapshot.vcxproj", "{52C0E6F4-A0DB-67FE-6889-AEDC85E883FE}"
	ProjectSection(ProjectDependencies) = postProject
		{FAC7C141-7BA3-B649-7EE7-83B8E222F4B3} = {FAC7C141-7BA3-B649-7EE7-83B8E222F4B3}
		{059190D0-DC6B-A76C-941E-E9E61A4A896C} = {059190D0-DC6B-A76C-941E-E9E61A4A896C}
		{FC2A768C-0394-6EAA-6A1E-D67B94848665} = {FC2A768C-0394-6EAA-6A1E-D67B94848665}
		{7173954B-AEF5-7918-DB60-33CDA87904F6} = {7173954B-AEF5-7918-DB60-33CDA87904F6}
	EndProjectSection
EndProject
Project("{8BC9CEB8-8B4A-11D0-8D11-00A0C91BC942}") = "v8_compiler_opt", "v8_compiler_opt.vcxproj", "{15696B86-FB71-C73D-6CE6-80347B195A65}"
	ProjectSection(ProjectDependencies) = postProject
		{FAC7C141-7BA3-B649-7EE7-83B8E222F4B3} = {FAC7C141-7BA3-B649-7EE7-83B8E222F4B3}
		{059190D0-DC6B-A76C-941E-E9E61A4A896C} = {059190D0-DC6B-A76C-941E-E9E61A4A896C}
		{FC2A768C-0394-6EAA-6A1E-D67B94848665} = {FC2A768C-0394-6EAA-6A1E-D67B94848665}
		{4598AED0-AA49-26B9-1482-447AAC86F7C2} = {4598AED0-AA49-26B9-1482-447AAC86F7C2}
		{3B32EBB2-6F53-4635-08DC-36AE14B479B9} = {3B32EBB2-6F53-4635-08DC-36AE14B479B9}
	EndProjectSection
EndProject
Project("{8BC9CEB8-8B4A-11D0-8D11-00A0C91BC942}") = "v8_config_headers", "v8_config_headers.vcxproj", "{027C7C76-0A55-1E1C-E085-FA93E0095B95}"
EndProject
Project("{8BC9CEB8-8B4A-11D0-8D11-00A0C91BC942}") = "v8_flags", "v8_flags.vcxproj", "{A76790FB-99F5-3CE7-177B-1FE9C9444E75}"
	ProjectSection(ProjectDependencies) = postProject
		{3B32EBB2-6F53-4635-08DC-36AE14B479B9} = {3B32EBB2-6F53-4635-08DC-36AE14B479B9}
	EndProjectSection
EndProject
Project("{8BC9CEB8-8B4A-11D0-8D11-00A0C91BC942}") = "v8_headers", "v8_headers.vcxproj", "{A8CA8B21-DD2C-F23D-6B10-E58AE01215F8}"
	ProjectSection(ProjectDependencies) = postProject
		{027C7C76-0A55-1E1C-E085-FA93E0095B95} = {027C7C76-0A55-1E1C-E085-FA93E0095B95}
		{BDD8F268-8128-AB36-BFA7-81C30A1AE72E} = {BDD8F268-8128-AB36-BFA7-81C30A1AE72E}
		{E518ECB0-4B13-769B-1670-16DAC60E9C9F} = {E518ECB0-4B13-769B-1670-16DAC60E9C9F}
	EndProjectSection
EndProject
Project("{8BC9CEB8-8B4A-11D0-8D11-00A0C91BC942}") = "v8_heap_base", "v8_heap_base.vcxproj", "{011EB094-AC48-FDF8-C547-DC9AAAB18FAF}"
EndProject
Project("{8BC9CEB8-8B4A-11D0-8D11-00A0C91BC942}") = "v8_heap_base_headers", "v8_heap_base_headers.vcxproj", "{BDD8F268-8128-AB36-BFA7-81C30A1AE72E}"
EndProject
Project("{8BC9CEB8-8B4A-11D0-8D11-00A0C91BC942}") = "v8_init", "v8_init.vcxproj", "{B96325AA-8829-A4AA-CDCB-4EAC8C59E199}"
	ProjectSection(ProjectDependencies) = postProject
		{FAC7C141-7BA3-B649-7EE7-83B8E222F4B3} = {FAC7C141-7BA3-B649-7EE7-83B8E222F4B3}
		{059190D0-DC6B-A76C-941E-E9E61A4A896C} = {059190D0-DC6B-A76C-941E-E9E61A4A896C}
		{FC2A768C-0394-6EAA-6A1E-D67B94848665} = {FC2A768C-0394-6EAA-6A1E-D67B94848665}
	EndProjectSection
EndProject
Project("{8BC9CEB8-8B4A-11D0-8D11-00A0C91BC942}") = "v8_initializers", "v8_initializers.vcxproj", "{0120FE8A-7B0D-548B-33FC-01D9B0791B9A}"
	ProjectSection(ProjectDependencies) = postProject
		{559183F8-11F4-C1B2-4716-CEAD5679308E} = {559183F8-11F4-C1B2-4716-CEAD5679308E}
		{3B32EBB2-6F53-4635-08DC-36AE14B479B9} = {3B32EBB2-6F53-4635-08DC-36AE14B479B9}
		{FFF68FC3-59E9-FB8E-5246-A75528DAE525} = {FFF68FC3-59E9-FB8E-5246-A75528DAE525}
	EndProjectSection
EndProject
Project("{8BC9CEB8-8B4A-11D0-8D11-00A0C91BC942}") = "v8_internal_headers", "v8_internal_headers.vcxproj", "{4598AED0-AA49-26B9-1482-447AAC86F7C2}"
	ProjectSection(ProjectDependencies) = postProject
		{9067F23A-59F1-2DE5-BD66-B4DE7EAAE8D4} = {9067F23A-59F1-2DE5-BD66-B4DE7EAAE8D4}
		{A76790FB-99F5-3CE7-177B-1FE9C9444E75} = {A76790FB-99F5-3CE7-177B-1FE9C9444E75}
		{A8CA8B21-DD2C-F23D-6B10-E58AE01215F8} = {A8CA8B21-DD2C-F23D-6B10-E58AE01215F8}
		{FC2A768C-0394-6EAA-6A1E-D67B94848665} = {FC2A768C-0394-6EAA-6A1E-D67B94848665}
		{3B32EBB2-6F53-4635-08DC-36AE14B479B9} = {3B32EBB2-6F53-4635-08DC-36AE14B479B9}
		{BDD8F268-8128-AB36-BFA7-81C30A1AE72E} = {BDD8F268-8128-AB36-BFA7-81C30A1AE72E}
		{FAC7C141-7BA3-B649-7EE7-83B8E222F4B3} = {FAC7C141-7BA3-B649-7EE7-83B8E222F4B3}
		{059190D0-DC6B-A76C-941E-E9E61A4A896C} = {059190D0-DC6B-A76C-941E-E9E61A4A896C}
		{9C058BC5-27E4-3BE6-6E07-E1C02138CA62} = {9C058BC5-27E4-3BE6-6E07-E1C02138CA62}
	EndProjectSection
EndProject
Project("{8BC9CEB8-8B4A-11D0-8D11-00A0C91BC942}") = "v8_libbase", "v8_libbase.vcxproj", "{9C058BC5-27E4-3BE6-6E07-E1C02138CA62}"
	ProjectSection(ProjectDependencies) = postProject
		{A8CA8B21-DD2C-F23D-6B10-E58AE01215F8} = {A8CA8B21-DD2C-F23D-6B10-E58AE01215F8}
	EndProjectSection
EndProject
Project("{8BC9CEB8-8B4A-11D0-8D11-00A0C91BC942}") = "v8_libplatform", "v8_libplatform.vcxproj", "{2FB200A7-6BFF-DD4A-8C80-D56126AFC03E}"
EndProject
Project("{8BC9CEB8-8B4A-11D0-8D11-00A0C91BC942}") = "v8_libsampler", "v8_libsampler.vcxproj", "{A0FD872A-A1D3-2D6A-EA5E-B38FBD68BA57}"
EndProject
Project("{8BC9CEB8-8B4A-11D0-8D11-00A0C91BC942}") = "v8_maybe_icu", "v8_maybe_icu.vcxproj", "{FC2A768C-0394-6EAA-6A1E-D67B94848665}"
	ProjectSection(ProjectDependencies) = postProject
		{796F7D76-7F22-411D-9E7D-82563A46E511} = {796F7D76-7F22-411D-9E7D-82563A46E511}
		{FFF68FC3-59E9-FB8E-5246-A75528DAE525} = {FFF68FC3-59E9-FB8E-5246-A75528DAE525}
	EndProjectSection
EndProject
Project("{8BC9CEB8-8B4A-11D0-8D11-00A0C91BC942}") = "v8_shared_internal_headers", "v8_shared_internal_headers.vcxproj", "{3B32EBB2-6F53-4635-08DC-36AE14B479B9}"
	ProjectSection(ProjectDependencies) = postProject
		{A8CA8B21-DD2C-F23D-6B10-E58AE01215F8} = {A8CA8B21-DD2C-F23D-6B10-E58AE01215F8}
		{9C058BC5-27E4-3BE6-6E07-E1C02138CA62} = {9C058BC5-27E4-3BE6-6E07-E1C02138CA62}
	EndProjectSection
EndProject
Project("{8BC9CEB8-8B4A-11D0-8D11-00A0C91BC942}") = "v8_snapshot", "v8_snapshot.vcxproj", "{9C23FAC0-59B0-20E3-8075-1713887C0CC5}"
	ProjectSection(ProjectDependencies) = postProject
		{FAC7C141-7BA3-B649-7EE7-83B8E222F4B3} = {FAC7C141-7BA3-B649-7EE7-83B8E222F4B3}
		{059190D0-DC6B-A76C-941E-E9E61A4A896C} = {059190D0-DC6B-A76C-941E-E9E61A4A896C}
		{B2AC2E70-4BE7-EA77-1E87-898F6BB14574} = {B2AC2E70-4BE7-EA77-1E87-898F6BB14574}
		{FC2A768C-0394-6EAA-6A1E-D67B94848665} = {FC2A768C-0394-6EAA-6A1E-D67B94848665}
		{52C0E6F4-A0DB-67FE-6889-AEDC85E883FE} = {52C0E6F4-A0DB-67FE-6889-AEDC85E883FE}
	EndProjectSection
EndProject
Project("{8BC9CEB8-8B4A-11D0-8D11-00A0C91BC942}") = "v8_version", "v8_version.vcxproj", "{E518ECB0-4B13-769B-1670-16DAC60E9C9F}"
EndProject
Project("{8BC9CEB8-8B4A-11D0-8D11-00A0C91BC942}") = "v8_zlib", "v8_zlib.vcxproj", "{F5000741-46F0-523F-7146-103F0B44EF04}"
EndProject
Project("{2150E333-8FDC-42A3-9474-1A3956D46DE8}") = "(icu)", "..\..\icu", "{B5E6450C-38DC-834B-6919-953F956C4755}"
EndProject
Project("{2150E333-8FDC-42A3-9474-1A3956D46DE8}") = "(v8_gypfiles)", "..\..\v8_gypfiles", "{B51E35C3-7C62-E28D-76A1-18185ED4F6D1}"
EndProject
Global
	GlobalSection(SolutionConfigurationPlatforms) = preSolution
		Debug|x64 = Debug|x64
		Release|x64 = Release|x64
	EndGlobalSection
	GlobalSection(ProjectConfigurationPlatforms) = postSolution
		{011EB094-AC48-FDF8-C547-DC9AAAB18FAF}.Debug|x64.ActiveCfg = Debug|x64
		{011EB094-AC48-FDF8-C547-DC9AAAB18FAF}.Debug|x64.Build.0 = Debug|x64
		{011EB094-AC48-FDF8-C547-DC9AAAB18FAF}.Release|x64.ActiveCfg = Release|x64
		{011EB094-AC48-FDF8-C547-DC9AAAB18FAF}.Release|x64.Build.0 = Release|x64
		{0120FE8A-7B0D-548B-33FC-01D9B0791B9A}.Debug|x64.ActiveCfg = Debug|x64
		{0120FE8A-7B0D-548B-33FC-01D9B0791B9A}.Debug|x64.Build.0 = Debug|x64
		{0120FE8A-7B0D-548B-33FC-01D9B0791B9A}.Release|x64.ActiveCfg = Release|x64
		{0120FE8A-7B0D-548B-33FC-01D9B0791B9A}.Release|x64.Build.0 = Release|x64
		{02208491-2D31-BB21-188B-590BA23DFD7E}.Debug|x64.ActiveCfg = Debug|x64
		{02208491-2D31-BB21-188B-590BA23DFD7E}.Debug|x64.Build.0 = Debug|x64
		{02208491-2D31-BB21-188B-590BA23DFD7E}.Release|x64.ActiveCfg = Release|x64
		{02208491-2D31-BB21-188B-590BA23DFD7E}.Release|x64.Build.0 = Release|x64
		{027C7C76-0A55-1E1C-E085-FA93E0095B95}.Debug|x64.ActiveCfg = Debug|x64
		{027C7C76-0A55-1E1C-E085-FA93E0095B95}.Debug|x64.Build.0 = Debug|x64
		{027C7C76-0A55-1E1C-E085-FA93E0095B95}.Release|x64.ActiveCfg = Release|x64
		{027C7C76-0A55-1E1C-E085-FA93E0095B95}.Release|x64.Build.0 = Release|x64
		{059190D0-DC6B-A76C-941E-E9E61A4A896C}.Debug|x64.ActiveCfg = Debug|x64
		{059190D0-DC6B-A76C-941E-E9E61A4A896C}.Debug|x64.Build.0 = Debug|x64
		{059190D0-DC6B-A76C-941E-E9E61A4A896C}.Release|x64.ActiveCfg = Release|x64
		{059190D0-DC6B-A76C-941E-E9E61A4A896C}.Release|x64.Build.0 = Release|x64
		{076F0BFA-32D3-41F4-E5DE-EA221EC7987E}.Debug|x64.ActiveCfg = Debug|x64
		{076F0BFA-32D3-41F4-E5DE-EA221EC7987E}.Debug|x64.Build.0 = Debug|x64
		{076F0BFA-32D3-41F4-E5DE-EA221EC7987E}.Release|x64.ActiveCfg = Release|x64
		{076F0BFA-32D3-41F4-E5DE-EA221EC7987E}.Release|x64.Build.0 = Release|x64
		{10EF1BE1-2601-5A76-70D7-221C490C18D6}.Debug|x64.ActiveCfg = Debug|x64
		{10EF1BE1-2601-5A76-70D7-221C490C18D6}.Debug|x64.Build.0 = Debug|x64
		{10EF1BE1-2601-5A76-70D7-221C490C18D6}.Release|x64.ActiveCfg = Release|x64
		{10EF1BE1-2601-5A76-70D7-221C490C18D6}.Release|x64.Build.0 = Release|x64
		{15696B86-FB71-C73D-6CE6-80347B195A65}.Debug|x64.ActiveCfg = Debug|x64
		{15696B86-FB71-C73D-6CE6-80347B195A65}.Debug|x64.Build.0 = Debug|x64
		{15696B86-FB71-C73D-6CE6-80347B195A65}.Release|x64.ActiveCfg = Release|x64
		{15696B86-FB71-C73D-6CE6-80347B195A65}.Release|x64.Build.0 = Release|x64
		{1D403C97-C88D-F33F-EC1D-A7929CC323AB}.Debug|x64.ActiveCfg = Debug|x64
		{1D403C97-C88D-F33F-EC1D-A7929CC323AB}.Debug|x64.Build.0 = Debug|x64
		{1D403C97-C88D-F33F-EC1D-A7929CC323AB}.Release|x64.ActiveCfg = Release|x64
		{1D403C97-C88D-F33F-EC1D-A7929CC323AB}.Release|x64.Build.0 = Release|x64
		{2FB200A7-6BFF-DD4A-8C80-D56126AFC03E}.Debug|x64.ActiveCfg = Debug|x64
		{2FB200A7-6BFF-DD4A-8C80-D56126AFC03E}.Debug|x64.Build.0 = Debug|x64
		{2FB200A7-6BFF-DD4A-8C80-D56126AFC03E}.Release|x64.ActiveCfg = Release|x64
		{2FB200A7-6BFF-DD4A-8C80-D56126AFC03E}.Release|x64.Build.0 = Release|x64
		{3B32EBB2-6F53-4635-08DC-36AE14B479B9}.Debug|x64.ActiveCfg = Debug|x64
		{3B32EBB2-6F53-4635-08DC-36AE14B479B9}.Debug|x64.Build.0 = Debug|x64
		{3B32EBB2-6F53-4635-08DC-36AE14B479B9}.Release|x64.ActiveCfg = Release|x64
		{3B32EBB2-6F53-4635-08DC-36AE14B479B9}.Release|x64.Build.0 = Release|x64
		{4598AED0-AA49-26B9-1482-447AAC86F7C2}.Debug|x64.ActiveCfg = Debug|x64
		{4598AED0-AA49-26B9-1482-447AAC86F7C2}.Debug|x64.Build.0 = Debug|x64
		{4598AED0-AA49-26B9-1482-447AAC86F7C2}.Release|x64.ActiveCfg = Release|x64
		{4598AED0-AA49-26B9-1482-447AAC86F7C2}.Release|x64.Build.0 = Release|x64
		{495C1ABA-D5C4-AC7A-F446-D8E916E0A0D2}.Debug|x64.ActiveCfg = Debug|x64
		{495C1ABA-D5C4-AC7A-F446-D8E916E0A0D2}.Debug|x64.Build.0 = Debug|x64
		{495C1ABA-D5C4-AC7A-F446-D8E916E0A0D2}.Release|x64.ActiveCfg = Release|x64
		{495C1ABA-D5C4-AC7A-F446-D8E916E0A0D2}.Release|x64.Build.0 = Release|x64
		{4E9B861F-0D4C-B608-F970-5AF7848EAB43}.Debug|x64.ActiveCfg = Debug|x64
		{4E9B861F-0D4C-B608-F970-5AF7848EAB43}.Debug|x64.Build.0 = Debug|x64
		{4E9B861F-0D4C-B608-F970-5AF7848EAB43}.Release|x64.ActiveCfg = Release|x64
		{4E9B861F-0D4C-B608-F970-5AF7848EAB43}.Release|x64.Build.0 = Release|x64
		{52C0E6F4-A0DB-67FE-6889-AEDC85E883FE}.Debug|x64.ActiveCfg = Debug|x64
		{52C0E6F4-A0DB-67FE-6889-AEDC85E883FE}.Debug|x64.Build.0 = Debug|x64
		{52C0E6F4-A0DB-67FE-6889-AEDC85E883FE}.Release|x64.ActiveCfg = Release|x64
		{52C0E6F4-A0DB-67FE-6889-AEDC85E883FE}.Release|x64.Build.0 = Release|x64
		{559183F8-11F4-C1B2-4716-CEAD5679308E}.Debug|x64.ActiveCfg = Debug|x64
		{559183F8-11F4-C1B2-4716-CEAD5679308E}.Debug|x64.Build.0 = Debug|x64
		{559183F8-11F4-C1B2-4716-CEAD5679308E}.Release|x64.ActiveCfg = Release|x64
		{559183F8-11F4-C1B2-4716-CEAD5679308E}.Release|x64.Build.0 = Release|x64
		{603164B8-55EC-12EE-E65F-8814B4DAD643}.Debug|x64.ActiveCfg = Debug|x64
		{603164B8-55EC-12EE-E65F-8814B4DAD643}.Debug|x64.Build.0 = Debug|x64
		{603164B8-55EC-12EE-E65F-8814B4DAD643}.Release|x64.ActiveCfg = Release|x64
		{603164B8-55EC-12EE-E65F-8814B4DAD643}.Release|x64.Build.0 = Release|x64
		{6E656020-28BA-D30B-0D98-5821BB2F61F6}.Debug|x64.ActiveCfg = Debug|x64
		{6E656020-28BA-D30B-0D98-5821BB2F61F6}.Debug|x64.Build.0 = Debug|x64
		{6E656020-28BA-D30B-0D98-5821BB2F61F6}.Release|x64.ActiveCfg = Release|x64
		{6E656020-28BA-D30B-0D98-5821BB2F61F6}.Release|x64.Build.0 = Release|x64
		{715C1B38-1A98-40AB-C132-2843E0596E68}.Debug|x64.ActiveCfg = Debug|x64
		{715C1B38-1A98-40AB-C132-2843E0596E68}.Debug|x64.Build.0 = Debug|x64
		{715C1B38-1A98-40AB-C132-2843E0596E68}.Release|x64.ActiveCfg = Release|x64
		{715C1B38-1A98-40AB-C132-2843E0596E68}.Release|x64.Build.0 = Release|x64
		{7173954B-AEF5-7918-DB60-33CDA87904F6}.Debug|x64.ActiveCfg = Debug|x64
		{7173954B-AEF5-7918-DB60-33CDA87904F6}.Debug|x64.Build.0 = Debug|x64
		{7173954B-AEF5-7918-DB60-33CDA87904F6}.Release|x64.ActiveCfg = Release|x64
		{7173954B-AEF5-7918-DB60-33CDA87904F6}.Release|x64.Build.0 = Release|x64
		{722C8BD1-7C16-28A7-4311-5F79C37B103C}.Debug|x64.ActiveCfg = Debug|x64
		{722C8BD1-7C16-28A7-4311-5F79C37B103C}.Debug|x64.Build.0 = Debug|x64
		{722C8BD1-7C16-28A7-4311-5F79C37B103C}.Release|x64.ActiveCfg = Release|x64
		{722C8BD1-7C16-28A7-4311-5F79C37B103C}.Release|x64.Build.0 = Release|x64
		{7947F430-0C56-B9BE-8D24-D1940F8FC69F}.Debug|x64.ActiveCfg = Debug|x64
		{7947F430-0C56-B9BE-8D24-D1940F8FC69F}.Debug|x64.Build.0 = Debug|x64
		{7947F430-0C56-B9BE-8D24-D1940F8FC69F}.Release|x64.ActiveCfg = Release|x64
		{7947F430-0C56-B9BE-8D24-D1940F8FC69F}.Release|x64.Build.0 = Release|x64
		{796F7D76-7F22-411D-9E7D-82563A46E511}.Debug|x64.ActiveCfg = Debug|x64
		{796F7D76-7F22-411D-9E7D-82563A46E511}.Debug|x64.Build.0 = Debug|x64
		{796F7D76-7F22-411D-9E7D-82563A46E511}.Release|x64.ActiveCfg = Release|x64
		{796F7D76-7F22-411D-9E7D-82563A46E511}.Release|x64.Build.0 = Release|x64
		{88773B08-F8B5-97FA-18FD-54CD39457B72}.Debug|x64.ActiveCfg = Debug|x64
		{88773B08-F8B5-97FA-18FD-54CD39457B72}.Debug|x64.Build.0 = Debug|x64
		{88773B08-F8B5-97FA-18FD-54CD39457B72}.Release|x64.ActiveCfg = Release|x64
		{88773B08-F8B5-97FA-18FD-54CD39457B72}.Release|x64.Build.0 = Release|x64
		{8F278776-5BAC-650F-E4BF-9EC33C0EFC83}.Debug|x64.ActiveCfg = Debug|x64
		{8F278776-5BAC-650F-E4BF-9EC33C0EFC83}.Debug|x64.Build.0 = Debug|x64
		{8F278776-5BAC-650F-E4BF-9EC33C0EFC83}.Release|x64.ActiveCfg = Release|x64
		{8F278776-5BAC-650F-E4BF-9EC33C0EFC83}.Release|x64.Build.0 = Release|x64
		{9067F23A-59F1-2DE5-BD66-B4DE7EAAE8D4}.Debug|x64.ActiveCfg = Debug|x64
		{9067F23A-59F1-2DE5-BD66-B4DE7EAAE8D4}.Debug|x64.Build.0 = Debug|x64
		{9067F23A-59F1-2DE5-BD66-B4DE7EAAE8D4}.Release|x64.ActiveCfg = Release|x64
		{9067F23A-59F1-2DE5-BD66-B4DE7EAAE8D4}.Release|x64.Build.0 = Release|x64
		{93976942-BD73-D9C3-7B6A-49953525F094}.Debug|x64.ActiveCfg = Debug|x64
		{93976942-BD73-D9C3-7B6A-49953525F094}.Debug|x64.Build.0 = Debug|x64
		{93976942-BD73-D9C3-7B6A-49953525F094}.Release|x64.ActiveCfg = Release|x64
		{93976942-BD73-D9C3-7B6A-49953525F094}.Release|x64.Build.0 = Release|x64
		{9A2D9106-DC0A-C577-1FBA-888426F6BE75}.Debug|x64.ActiveCfg = Debug|x64
		{9A2D9106-DC0A-C577-1FBA-888426F6BE75}.Debug|x64.Build.0 = Debug|x64
		{9A2D9106-DC0A-C577-1FBA-888426F6BE75}.Release|x64.ActiveCfg = Release|x64
		{9A2D9106-DC0A-C577-1FBA-888426F6BE75}.Release|x64.Build.0 = Release|x64
		{9C058BC5-27E4-3BE6-6E07-E1C02138CA62}.Debug|x64.ActiveCfg = Debug|x64
		{9C058BC5-27E4-3BE6-6E07-E1C02138CA62}.Debug|x64.Build.0 = Debug|x64
		{9C058BC5-27E4-3BE6-6E07-E1C02138CA62}.Release|x64.ActiveCfg = Release|x64
		{9C058BC5-27E4-3BE6-6E07-E1C02138CA62}.Release|x64.Build.0 = Release|x64
		{9C23FAC0-59B0-20E3-8075-1713887C0CC5}.Debug|x64.ActiveCfg = Debug|x64
		{9C23FAC0-59B0-20E3-8075-1713887C0CC5}.Debug|x64.Build.0 = Debug|x64
		{9C23FAC0-59B0-20E3-8075-1713887C0CC5}.Release|x64.ActiveCfg = Release|x64
		{9C23FAC0-59B0-20E3-8075-1713887C0CC5}.Release|x64.Build.0 = Release|x64
		{A0FD872A-A1D3-2D6A-EA5E-B38FBD68BA57}.Debug|x64.ActiveCfg = Debug|x64
		{A0FD872A-A1D3-2D6A-EA5E-B38FBD68BA57}.Debug|x64.Build.0 = Debug|x64
		{A0FD872A-A1D3-2D6A-EA5E-B38FBD68BA57}.Release|x64.ActiveCfg = Release|x64
		{A0FD872A-A1D3-2D6A-EA5E-B38FBD68BA57}.Release|x64.Build.0 = Release|x64
		{A76790FB-99F5-3CE7-177B-1FE9C9444E75}.Debug|x64.ActiveCfg = Debug|x64
		{A76790FB-99F5-3CE7-177B-1FE9C9444E75}.Debug|x64.Build.0 = Debug|x64
		{A76790FB-99F5-3CE7-177B-1FE9C9444E75}.Release|x64.ActiveCfg = Release|x64
		{A76790FB-99F5-3CE7-177B-1FE9C9444E75}.Release|x64.Build.0 = Release|x64
		{A8CA8B21-DD2C-F23D-6B10-E58AE01215F8}.Debug|x64.ActiveCfg = Debug|x64
		{A8CA8B21-DD2C-F23D-6B10-E58AE01215F8}.Debug|x64.Build.0 = Debug|x64
		{A8CA8B21-DD2C-F23D-6B10-E58AE01215F8}.Release|x64.ActiveCfg = Release|x64
		{A8CA8B21-DD2C-F23D-6B10-E58AE01215F8}.Release|x64.Build.0 = Release|x64
		{A99DFAA2-9336-073A-248D-A56D649161E5}.Debug|x64.ActiveCfg = Debug|x64
		{A99DFAA2-9336-073A-248D-A56D649161E5}.Debug|x64.Build.0 = Debug|x64
		{A99DFAA2-9336-073A-248D-A56D649161E5}.Release|x64.ActiveCfg = Release|x64
		{A99DFAA2-9336-073A-248D-A56D649161E5}.Release|x64.Build.0 = Release|x64
		{A99E6777-466F-F399-3781-14123997A4FD}.Debug|x64.ActiveCfg = Debug|x64
		{A99E6777-466F-F399-3781-14123997A4FD}.Debug|x64.Build.0 = Debug|x64
		{A99E6777-466F-F399-3781-14123997A4FD}.Release|x64.ActiveCfg = Release|x64
		{A99E6777-466F-F399-3781-14123997A4FD}.Release|x64.Build.0 = Release|x64
		{ADDC2ACE-6D31-1A7F-6BFF-70BA8E1697B9}.Debug|x64.ActiveCfg = Debug|x64
		{ADDC2ACE-6D31-1A7F-6BFF-70BA8E1697B9}.Debug|x64.Build.0 = Debug|x64
		{ADDC2ACE-6D31-1A7F-6BFF-70BA8E1697B9}.Release|x64.ActiveCfg = Release|x64
		{ADDC2ACE-6D31-1A7F-6BFF-70BA8E1697B9}.Release|x64.Build.0 = Release|x64
		{B2AC2E70-4BE7-EA77-1E87-898F6BB14574}.Debug|x64.ActiveCfg = Debug|x64
		{B2AC2E70-4BE7-EA77-1E87-898F6BB14574}.Debug|x64.Build.0 = Debug|x64
		{B2AC2E70-4BE7-EA77-1E87-898F6BB14574}.Release|x64.ActiveCfg = Release|x64
		{B2AC2E70-4BE7-EA77-1E87-898F6BB14574}.Release|x64.Build.0 = Release|x64
		{B96325AA-8829-A4AA-CDCB-4EAC8C59E199}.Debug|x64.ActiveCfg = Debug|x64
		{B96325AA-8829-A4AA-CDCB-4EAC8C59E199}.Debug|x64.Build.0 = Debug|x64
		{B96325AA-8829-A4AA-CDCB-4EAC8C59E199}.Release|x64.ActiveCfg = Release|x64
		{B96325AA-8829-A4AA-CDCB-4EAC8C59E199}.Release|x64.Build.0 = Release|x64
		{BDD8F268-8128-AB36-BFA7-81C30A1AE72E}.Debug|x64.ActiveCfg = Debug|x64
		{BDD8F268-8128-AB36-BFA7-81C30A1AE72E}.Debug|x64.Build.0 = Debug|x64
		{BDD8F268-8128-AB36-BFA7-81C30A1AE72E}.Release|x64.ActiveCfg = Release|x64
		{BDD8F268-8128-AB36-BFA7-81C30A1AE72E}.Release|x64.Build.0 = Release|x64
		{CDFA3C6B-D0C3-E757-7667-D6E65112F950}.Debug|x64.ActiveCfg = Debug|x64
		{CDFA3C6B-D0C3-E757-7667-D6E65112F950}.Debug|x64.Build.0 = Debug|x64
		{CDFA3C6B-D0C3-E757-7667-D6E65112F950}.Release|x64.ActiveCfg = Release|x64
		{CDFA3C6B-D0C3-E757-7667-D6E65112F950}.Release|x64.Build.0 = Release|x64
		{E518ECB0-4B13-769B-1670-16DAC60E9C9F}.Debug|x64.ActiveCfg = Debug|x64
		{E518ECB0-4B13-769B-1670-16DAC60E9C9F}.Debug|x64.Build.0 = Debug|x64
		{E518ECB0-4B13-769B-1670-16DAC60E9C9F}.Release|x64.ActiveCfg = Release|x64
		{E518ECB0-4B13-769B-1670-16DAC60E9C9F}.Release|x64.Build.0 = Release|x64
		{F5000741-46F0-523F-7146-103F0B44EF04}.Debug|x64.ActiveCfg = Debug|x64
		{F5000741-46F0-523F-7146-103F0B44EF04}.Debug|x64.Build.0 = Debug|x64
		{F5000741-46F0-523F-7146-103F0B44EF04}.Release|x64.ActiveCfg = Release|x64
		{F5000741-46F0-523F-7146-103F0B44EF04}.Release|x64.Build.0 = Release|x64
		{F69E3FF1-81AD-A303-0870-C242F0AF6446}.Debug|x64.ActiveCfg = Debug|x64
		{F69E3FF1-81AD-A303-0870-C242F0AF6446}.Debug|x64.Build.0 = Debug|x64
		{F69E3FF1-81AD-A303-0870-C242F0AF6446}.Release|x64.ActiveCfg = Release|x64
		{F69E3FF1-81AD-A303-0870-C242F0AF6446}.Release|x64.Build.0 = Release|x64
		{FAC7C141-7BA3-B649-7EE7-83B8E222F4B3}.Debug|x64.ActiveCfg = Debug|x64
		{FAC7C141-7BA3-B649-7EE7-83B8E222F4B3}.Debug|x64.Build.0 = Debug|x64
		{FAC7C141-7BA3-B649-7EE7-83B8E222F4B3}.Release|x64.ActiveCfg = Release|x64
		{FAC7C141-7BA3-B649-7EE7-83B8E222F4B3}.Release|x64.Build.0 = Release|x64
		{FC2A768C-0394-6EAA-6A1E-D67B94848665}.Debug|x64.ActiveCfg = Debug|x64
		{FC2A768C-0394-6EAA-6A1E-D67B94848665}.Debug|x64.Build.0 = Debug|x64
		{FC2A768C-0394-6EAA-6A1E-D67B94848665}.Release|x64.ActiveCfg = Release|x64
		{FC2A768C-0394-6EAA-6A1E-D67B94848665}.Release|x64.Build.0 = Release|x64
		{FD047269-B137-04C6-890F-AA2DD92597DA}.Debug|x64.ActiveCfg = Debug|x64
		{FD047269-B137-04C6-890F-AA2DD92597DA}.Debug|x64.Build.0 = Debug|x64
		{FD047269-B137-04C6-890F-AA2DD92597DA}.Release|x64.ActiveCfg = Release|x64
		{FD047269-B137-04C6-890F-AA2DD92597DA}.Release|x64.Build.0 = Release|x64
		{FFF68FC3-59E9-FB8E-5246-A75528DAE525}.Debug|x64.ActiveCfg = Debug|x64
		{FFF68FC3-59E9-FB8E-5246-A75528DAE525}.Debug|x64.Build.0 = Debug|x64
		{FFF68FC3-59E9-FB8E-5246-A75528DAE525}.Release|x64.ActiveCfg = Release|x64
		{FFF68FC3-59E9-FB8E-5246-A75528DAE525}.Release|x64.Build.0 = Release|x64
	EndGlobalSection
	GlobalSection(SolutionProperties) = preSolution
		HideSolutionNode = FALSE
	EndGlobalSection
	GlobalSection(NestedProjects) = preSolution
		{93976942-BD73-D9C3-7B6A-49953525F094} = {B5E6450C-38DC-834B-6919-953F956C4755}
		{A99E6777-466F-F399-3781-14123997A4FD} = {B5E6450C-38DC-834B-6919-953F956C4755}
		{603164B8-55EC-12EE-E65F-8814B4DAD643} = {B5E6450C-38DC-834B-6919-953F956C4755}
		{10EF1BE1-2601-5A76-70D7-221C490C18D6} = {B5E6450C-38DC-834B-6919-953F956C4755}
		{715C1B38-1A98-40AB-C132-2843E0596E68} = {B5E6450C-38DC-834B-6919-953F956C4755}
		{796F7D76-7F22-411D-9E7D-82563A46E511} = {B5E6450C-38DC-834B-6919-953F956C4755}
		{CDFA3C6B-D0C3-E757-7667-D6E65112F950} = {B5E6450C-38DC-834B-6919-953F956C4755}
		{FFF68FC3-59E9-FB8E-5246-A75528DAE525} = {B5E6450C-38DC-834B-6919-953F956C4755}
		{722C8BD1-7C16-28A7-4311-5F79C37B103C} = {B5E6450C-38DC-834B-6919-953F956C4755}
		{8F278776-5BAC-650F-E4BF-9EC33C0EFC83} = {B51E35C3-7C62-E28D-76A1-18185ED4F6D1}
		{FD047269-B137-04C6-890F-AA2DD92597DA} = {B51E35C3-7C62-E28D-76A1-18185ED4F6D1}
		{ADDC2ACE-6D31-1A7F-6BFF-70BA8E1697B9} = {B51E35C3-7C62-E28D-76A1-18185ED4F6D1}
		{FAC7C141-7BA3-B649-7EE7-83B8E222F4B3} = {B51E35C3-7C62-E28D-76A1-18185ED4F6D1}
		{B2AC2E70-4BE7-EA77-1E87-898F6BB14574} = {B51E35C3-7C62-E28D-76A1-18185ED4F6D1}
		{88773B08-F8B5-97FA-18FD-54CD39457B72} = {B51E35C3-7C62-E28D-76A1-18185ED4F6D1}
		{A99DFAA2-9336-073A-248D-A56D649161E5} = {B51E35C3-7C62-E28D-76A1-18185ED4F6D1}
		{059190D0-DC6B-A76C-941E-E9E61A4A896C} = {B51E35C3-7C62-E28D-76A1-18185ED4F6D1}
		{F69E3FF1-81AD-A303-0870-C242F0AF6446} = {B51E35C3-7C62-E28D-76A1-18185ED4F6D1}
		{02208491-2D31-BB21-188B-590BA23DFD7E} = {B51E35C3-7C62-E28D-76A1-18185ED4F6D1}
		{1D403C97-C88D-F33F-EC1D-A7929CC323AB} = {B51E35C3-7C62-E28D-76A1-18185ED4F6D1}
		{9A2D9106-DC0A-C577-1FBA-888426F6BE75} = {B51E35C3-7C62-E28D-76A1-18185ED4F6D1}
		{559183F8-11F4-C1B2-4716-CEAD5679308E} = {B51E35C3-7C62-E28D-76A1-18185ED4F6D1}
		{4E9B861F-0D4C-B608-F970-5AF7848EAB43} = {B51E35C3-7C62-E28D-76A1-18185ED4F6D1}
		{9067F23A-59F1-2DE5-BD66-B4DE7EAAE8D4} = {B51E35C3-7C62-E28D-76A1-18185ED4F6D1}
		{076F0BFA-32D3-41F4-E5DE-EA221EC7987E} = {B51E35C3-7C62-E28D-76A1-18185ED4F6D1}
		{6E656020-28BA-D30B-0D98-5821BB2F61F6} = {B51E35C3-7C62-E28D-76A1-18185ED4F6D1}
		{7947F430-0C56-B9BE-8D24-D1940F8FC69F} = {B51E35C3-7C62-E28D-76A1-18185ED4F6D1}
		{495C1ABA-D5C4-AC7A-F446-D8E916E0A0D2} = {B51E35C3-7C62-E28D-76A1-18185ED4F6D1}
		{7173954B-AEF5-7918-DB60-33CDA87904F6} = {B51E35C3-7C62-E28D-76A1-18185ED4F6D1}
		{52C0E6F4-A0DB-67FE-6889-AEDC85E883FE} = {B51E35C3-7C62-E28D-76A1-18185ED4F6D1}
		{15696B86-FB71-C73D-6CE6-80347B195A65} = {B51E35C3-7C62-E28D-76A1-18185ED4F6D1}
		{027C7C76-0A55-1E1C-E085-FA93E0095B95} = {B51E35C3-7C62-E28D-76A1-18185ED4F6D1}
		{A76790FB-99F5-3CE7-177B-1FE9C9444E75} = {B51E35C3-7C62-E28D-76A1-18185ED4F6D1}
		{A8CA8B21-DD2C-F23D-6B10-E58AE01215F8} = {B51E35C3-7C62-E28D-76A1-18185ED4F6D1}
		{011EB094-AC48-FDF8-C547-DC9AAAB18FAF} = {B51E35C3-7C62-E28D-76A1-18185ED4F6D1}
		{BDD8F268-8128-AB36-BFA7-81C30A1AE72E} = {B51E35C3-7C62-E28D-76A1-18185ED4F6D1}
		{B96325AA-8829-A4AA-CDCB-4EAC8C59E199} = {B51E35C3-7C62-E28D-76A1-18185ED4F6D1}
		{0120FE8A-7B0D-548B-33FC-01D9B0791B9A} = {B51E35C3-7C62-E28D-76A1-18185ED4F6D1}
		{4598AED0-AA49-26B9-1482-447AAC86F7C2} = {B51E35C3-7C62-E28D-76A1-18185ED4F6D1}
		{9C058BC5-27E4-3BE6-6E07-E1C02138CA62} = {B51E35C3-7C62-E28D-76A1-18185ED4F6D1}
		{2FB200A7-6BFF-DD4A-8C80-D56126AFC03E} = {B51E35C3-7C62-E28D-76A1-18185ED4F6D1}
		{A0FD872A-A1D3-2D6A-EA5E-B38FBD68BA57} = {B51E35C3-7C62-E28D-76A1-18185ED4F6D1}
		{FC2A768C-0394-6EAA-6A1E-D67B94848665} = {B51E35C3-7C62-E28D-76A1-18185ED4F6D1}
		{3B32EBB2-6F53-4635-08DC-36AE14B479B9} = {B51E35C3-7C62-E28D-76A1-18185ED4F6D1}
		{9C23FAC0-59B0-20E3-8075-1713887C0CC5} = {B51E35C3-7C62-E28D-76A1-18185ED4F6D1}
		{E518ECB0-4B13-769B-1670-16DAC60E9C9F} = {B51E35C3-7C62-E28D-76A1-18185ED4F6D1}
		{F5000741-46F0-523F-7146-103F0B44EF04} = {B51E35C3-7C62-E28D-76A1-18185ED4F6D1}
	EndGlobalSection
EndGlobal
